{
  "version": 4,
  "terraform_version": "0.12.28",
  "serial": 12,
  "lineage": "10f57c82-1774-6089-62ea-a62dd944329e",
  "outputs": {},
  "resources": [
    {
      "mode": "data",
      "type": "aws_ami",
      "name": "aws_linux_2_latest",
      "provider": "provider.aws",
      "instances": [
        {
          "schema_version": 0,
          "attributes": {
            "architecture": "x86_64",
            "arn": "arn:aws:ec2:ap-southeast-1::image/ami-0adbe59da7d24a349",
            "block_device_mappings": [
              {
                "device_name": "/dev/xvda",
                "ebs": {
                  "delete_on_termination": "true",
                  "encrypted": "false",
                  "iops": "0",
                  "snapshot_id": "snap-027794b4c238cea76",
                  "volume_size": "8",
                  "volume_type": "gp2"
                },
                "no_device": "",
                "virtual_name": ""
              }
            ],
            "creation_date": "2020-06-23T06:09:27.000Z",
            "description": "Amazon Linux 2 AMI 2.0.20200617.0 x86_64 HVM gp2",
            "executable_users": null,
            "filter": [
              {
                "name": "name",
                "values": [
                  "amzn2-ami-hvm-*"
                ]
              }
            ],
            "hypervisor": "xen",
            "id": "ami-0adbe59da7d24a349",
            "image_id": "ami-0adbe59da7d24a349",
            "image_location": "amazon/amzn2-ami-hvm-2.0.20200617.0-x86_64-gp2",
            "image_owner_alias": "amazon",
            "image_type": "machine",
            "kernel_id": null,
            "most_recent": true,
            "name": "amzn2-ami-hvm-2.0.20200617.0-x86_64-gp2",
            "name_regex": null,
            "owner_id": "137112412989",
            "owners": [
              "amazon"
            ],
            "platform": null,
            "product_codes": [],
            "public": true,
            "ramdisk_id": null,
            "root_device_name": "/dev/xvda",
            "root_device_type": "ebs",
            "root_snapshot_id": "snap-027794b4c238cea76",
            "sriov_net_support": "simple",
            "state": "available",
            "state_reason": {
              "code": "UNSET",
              "message": "UNSET"
            },
            "tags": {},
            "virtualization_type": "hvm"
          }
        }
      ]
    },
    {
      "mode": "data",
      "type": "aws_ami_ids",
      "name": "aws_linux_2_latest_ids",
      "provider": "provider.aws",
      "instances": [
        {
          "schema_version": 0,
          "attributes": {
            "executable_users": null,
            "filter": null,
            "id": "3395604195",
            "ids": [
              "ami-0b78cd36025ccb08b",
              "ami-0b7572bbfeb291ce6",
              "ami-0bd1daf5da8a9a903",
              "ami-09e1beca07dd0e734",
              "ami-069e43be400d1e61f",
              "ami-0df1695f2eb2e017b",
              "ami-06af04fa4767f0ced",
              "ami-0a0ffbd619ff3033a",
              "ami-0600fa8d3e169e668",
              "ami-0cfddec3a99a9942e",
              "ami-0100776b895918dbb",
              "ami-03f36bc1a40fb383c",
              "ami-06bec8e5060be96ef",
              "ami-0714dba6b2dd0b6c9",
              "ami-042f0f97050e9b990",
              "ami-0d9dacead6e617656",
              "ami-04552187b06f32a9b",
              "ami-0ffb6808859b05ee4",
              "ami-0e3c4998a7f87aaed",
              "ami-098885d98db4cbf50",
              "ami-0b9b73283ccf1c878",
              "ami-0cfa7f73b5a75048f",
              "ami-0a732285a1c6e22c9",
              "ami-0f6d67c3681ffcd99",
              "ami-03576727ffc43ffb8",
              "ami-029bb70f8f05cc1e4",
              "ami-02d0827cc44f0a4e0",
              "ami-06b128ab05d5b501c",
              "ami-0c034f538e0f889c5",
              "ami-0d42c4e660c5c4135",
              "ami-029f6271399154e18",
              "ami-03ad839051deb0f64",
              "ami-0c898528d9047bfc3",
              "ami-01aa30b20c0bfdcb9",
              "ami-0b38adcaafc046795",
              "ami-04016676a40f212ae",
              "ami-0bd30b9198205f8c8",
              "ami-0d63359a182eb20e8",
              "ami-083afc967d7af62f9",
              "ami-0baeab0beacf4cad8",
              "ami-07bb4a6f3e44ebee0",
              "ami-0c5c8408d0405d3c7",
              "ami-0f2e2a8b941ca3f07",
              "ami-0d4182b15f366b2fb",
              "ami-06b788d3182497e2c",
              "ami-09bbaf2349c270a11",
              "ami-02607ac14126a4036",
              "ami-0f3c9d8c1afbc1c77",
              "ami-0b14871c517d08252",
              "ami-0fdb5d69325cae998",
              "ami-0f277a42e2967e90c",
              "ami-0fd7605c9d7509e06",
              "ami-01896b4d23f2afec9",
              "ami-0d98906df2eae1fe7",
              "ami-04e8374ff55cf2e53",
              "ami-058a96ae3ff7a8033",
              "ami-0cb2308a067aadb15",
              "ami-06071a396cf961abc",
              "ami-013f18de010a51085",
              "ami-005d9cf4b066740da",
              "ami-0f244086070ab8f41",
              "ami-055725cc55c4db4ac",
              "ami-0be8ad075f5b281da",
              "ami-0ff2ca68067aa1af5",
              "ami-07c48cbe48d05c13c",
              "ami-040c450cc65f09319",
              "ami-049dbdb74676ac5d3",
              "ami-09aaa6fa93c4cb520",
              "ami-0a59e75303a5a0251",
              "ami-032486033faee7b68",
              "ami-0acd6976e59c38d8f",
              "ami-0dada1c92971e2dac",
              "ami-06f2ab026b8dd11aa",
              "ami-03ff4c71c70679329",
              "ami-092b3ae904bebf233",
              "ami-06e0e2b72ce6bf967",
              "ami-03f7d7437bc69bf6a",
              "ami-01370675f155ab4be",
              "ami-01ec8e396194fe8d4",
              "ami-01ba4c272836528a7",
              "ami-0539991e327380745",
              "ami-02fc3439d1cb5e6dd",
              "ami-0c54a50ec4c143914",
              "ami-0d5fcc1a59bcf9c1b",
              "ami-0a84fc59aa1cdd2b1",
              "ami-0eb388d4cad51ec84",
              "ami-0ddb8e1dc2033e420",
              "ami-07950ed184dbed72b",
              "ami-009889a8ddc4261a7",
              "ami-0c6fccd7acffb08f5",
              "ami-02831778d45f46ac3",
              "ami-03d8ee22f93bae7b7",
              "ami-07f3b7573eb0e2622",
              "ami-0e97cea9f662b7cf7",
              "ami-0864886f0707f38d8",
              "ami-02e0970c4e7ad2280",
              "ami-0bde13bec35b17252",
              "ami-0f0dc1c0b82731c19",
              "ami-0b7dc148cfe6b4a86",
              "ami-0db36e6c0d827b4c2",
              "ami-04490e7867263ff26",
              "ami-08cbe3c0e084bc8b8",
              "ami-029d5687434226a57",
              "ami-0476b263748a4a3c9",
              "ami-0b55e0855ea354d39",
              "ami-0622021ef3ebb00f6",
              "ami-0db22a702bfe8a592",
              "ami-06ba1471f707d7b00",
              "ami-022f9ee3a7ac16b9c",
              "ami-0b3d6ec2757438c20",
              "ami-0db823228835fa2a0",
              "ami-0bb251a39d884d7c0",
              "ami-0fead6314bd292a2f",
              "ami-0f55d248ca07dd2ee",
              "ami-040ddf1701770d39a",
              "ami-014111368e9cce084",
              "ami-04280cd72ad1f8325",
              "ami-006cfa4cf04e70c71",
              "ami-0b7e58db0bd208444",
              "ami-0a84c9ada435c5d60",
              "ami-06b58e29922590e9b",
              "ami-0d190aa3e214a252b",
              "ami-076d5aacf87b68e15",
              "ami-010005af2437637a8",
              "ami-01896cacbacf8d73d",
              "ami-00b875936a4ae6aeb",
              "ami-0bbc67b407399d940",
              "ami-0655a666cc78ce6c1",
              "ami-085677d4682e47b5e",
              "ami-07b7254d6427c877a",
              "ami-016d15343f59f113a",
              "ami-03f895002f12fb453",
              "ami-0e301a30428dd594d",
              "ami-0e5ef2c622c5007c3",
              "ami-0ff4a2553ea60ed11",
              "ami-0632e7eed6d53846e",
              "ami-0b1f724d049cb271a",
              "ami-09619ecf018f95875",
              "ami-0d5ab9c53451f1fa6",
              "ami-00dc35c4f3617f1cb",
              "ami-0772da5cab82b3ef6",
              "ami-0c7e23c278f13f67d",
              "ami-062bdf76b3cb05c5e",
              "ami-09d02f2dca7949812",
              "ami-047ad0e9a2287b381",
              "ami-0a9fc310530706ce3",
              "ami-0b136dece8ecae1b6",
              "ami-00929eba36bf0a3b0",
              "ami-09597fbbb287441e7",
              "ami-00f736c39dbc12ad1",
              "ami-06cd58809f7dfa374",
              "ami-0eb91180b266a07ee",
              "ami-050443422db506bb0",
              "ami-08426ac6ebc0f500b",
              "ami-0c0e1f701d76824c2",
              "ami-09b8c906a4722963f",
              "ami-0d72d3ac0d093fc45",
              "ami-09e9cc2281539b9a7",
              "ami-0b1dcbfb9efd43b75",
              "ami-012aa372e9ee0f553",
              "ami-042a7c7af9c6fc501",
              "ami-025034336b08b3421",
              "ami-0a1e91801d594641a",
              "ami-08bb0eb306f767dbf",
              "ami-0f672feb3f501aedf",
              "ami-06efbe39a68b969f7",
              "ami-03d2f374ab359422a",
              "ami-0d835d003f13c49e7",
              "ami-03bafcffd73e92882",
              "ami-0ca1b9b02e063ef68",
              "ami-066bfb533b5b11496",
              "ami-02dd7c286c991c7ac",
              "ami-0e4c93774ba45aea5",
              "ami-0e2a8e96515394a97",
              "ami-0eaa616c0fd9f4a06",
              "ami-09ebc2b839724e1ff",
              "ami-0dc0e720ff2a23164",
              "ami-056bd3581199139d0",
              "ami-04ad4f8adb6cd9ae2",
              "ami-07c93c8da78f0ea3a",
              "ami-02261ff617a298eee",
              "ami-0bf855671263b835a",
              "ami-0f468f19607762cf5",
              "ami-06d33213594515f6b",
              "ami-02dc25add8e2db56d",
              "ami-0babf228f1a114866",
              "ami-0dc5bd348c0550ecd",
              "ami-06f9f322d63338456",
              "ami-004481478ddd2fa29",
              "ami-0fc9051c4cc5ded07",
              "ami-0f13f1373f0267502",
              "ami-034143842c8aa2f7d",
              "ami-00c5274efde3eb1d0",
              "ami-0e2c274187ccea277",
              "ami-0afe658ad3fac6380",
              "ami-02fc877f4b5b2df9d",
              "ami-02beef747b40ba04a",
              "ami-01481e127753ca841",
              "ami-0a0f70c361425bc2c",
              "ami-00604de4124ccdd63",
              "ami-0dd38fba97a33bb40",
              "ami-03244bf5c0181ee51",
              "ami-0946e3db463cf21ae",
              "ami-03a4a2c47add90dec",
              "ami-08b4387df9cbd72e8",
              "ami-09b3b5d4af57320f5",
              "ami-05c5be986df689479",
              "ami-03e905993b8462beb",
              "ami-01f8642d6f141d32f",
              "ami-06175bb5baec0a81c",
              "ami-044aebd4b9c78c666",
              "ami-00f6518f3b2d087c2",
              "ami-0baf7779236b9b91e",
              "ami-079a34dc01c979427",
              "ami-03169da4e68d8401c",
              "ami-0fceb5d9a2fa35ea3",
              "ami-0f8cdad7ff433a73d",
              "ami-0b36eb6aa5df7db18",
              "ami-0d5ded5b5f2a5dd6b",
              "ami-0ea0811eab3dcfe1a",
              "ami-039855b789a6a0df4",
              "ami-068b6bbddf4287ade",
              "ami-012ab6f340d6e568f",
              "ami-08d29b8e86502ab46",
              "ami-0a4c0602a1b10816d",
              "ami-0cc5845679e858cf5",
              "ami-093dec3cef908ec2f",
              "ami-031195cdaa298360d",
              "ami-063af2f84ea7dea2a",
              "ami-003ad59a0b2b3c98f",
              "ami-0a7aca34533d447c1",
              "ami-07974ef286a5c6f85",
              "ami-0476ceaf80eecc76e",
              "ami-0823d30ad63263361",
              "ami-02543470a666c7f43",
              "ami-0f2353e1ea0cf9162",
              "ami-052b5150b56f9de64",
              "ami-06d19f2db5676c040",
              "ami-0934a198f8a7d9b04",
              "ami-01be367205e7c77c5",
              "ami-07dd4e18dc769045b",
              "ami-0ee4a644cf0309fd3",
              "ami-09dcef6da53017ea2",
              "ami-06c91a6ab627f6f99",
              "ami-0341e8acee66cb7f0",
              "ami-0cbb7518a89b3ec1f",
              "ami-0f625ee38f63e9b37",
              "ami-0524ffc6eb52aad22",
              "ami-0351ea190f537d809",
              "ami-06f440de13b716279",
              "ami-01ebaf5b576f1f110",
              "ami-0f3b5e6e157a81c65",
              "ami-0ba7b27c8486ea11c",
              "ami-001bad2271e1f11e9",
              "ami-093ad187508c6e975",
              "ami-0e20678841ff0b31a",
              "ami-099930e5ceb2afa90",
              "ami-064c8c18a4854936b",
              "ami-02e454a529a4f484d",
              "ami-01a6976c6a559e3ea",
              "ami-0cded79570668e52a",
              "ami-0454359708e239c51",
              "ami-0fe6fc8b7a12dacea",
              "ami-0b6d2dc1c9ada1a70",
              "ami-007867b6a883abe33",
              "ami-0170dbe05549e702d",
              "ami-098ca4c1a4217df8b",
              "ami-039692a76e47e82cc",
              "ami-0e110ba79e5e33898",
              "ami-0f011050c57a74d7e",
              "ami-097f49444240d2bb3",
              "ami-051a9d0706e60191a",
              "ami-001885d5d439234f4",
              "ami-0eead268449ccefc1",
              "ami-009d2f66596610a89",
              "ami-071c96355f2e4bbec",
              "ami-0d4224f9463f46fdf",
              "ami-06ba865f097a8d872",
              "ami-0ecb5b95d27059e39",
              "ami-0c2d61869ba1f8014",
              "ami-05b1c152b51401e7d",
              "ami-0e576e30695be25c6",
              "ami-0e5eb7c556b802d59",
              "ami-0543fbe518ba0059d",
              "ami-07b2893c1207fa417",
              "ami-073c5bdbf9a8454d5",
              "ami-0b99aa365bff56981",
              "ami-0d536714e5639f906",
              "ami-0fc3859b7d6fa4ea0",
              "ami-05a643d700b83ed8d",
              "ami-0eaba934ce85d0e9d",
              "ami-080b602a1ce422fa2",
              "ami-00c27aaac0c4de0e2",
              "ami-0d3fd55b56267fdaf",
              "ami-059a799a3e9021d16",
              "ami-05e39782841bb289d",
              "ami-096bb303c51f7b3f4",
              "ami-09919a5734d50ea24",
              "ami-0a9834413a8a46bcc",
              "ami-03be08d63c82593df",
              "ami-0d5c00b7f08c993d8",
              "ami-0d5c1c746a985e3c0",
              "ami-039ba40630c381d54",
              "ami-0c1b6ee527ae5d961",
              "ami-09b9145f9562a662c",
              "ami-0d496adaa88ef91bb",
              "ami-090156f89833a4542",
              "ami-0327a370e68cc9414",
              "ami-0bc0c919029d27e93",
              "ami-0e08eba9fddf1f091",
              "ami-0a27676465f983d70",
              "ami-0cbecf5928db1b936",
              "ami-037a9a059b12045df",
              "ami-0ed691ae391155b27",
              "ami-0e22df6d35662b766",
              "ami-058e62ef8d9c1cbea",
              "ami-01863f48e5f9f6998",
              "ami-0e0fc1f6566505ad1",
              "ami-05a56217246784e93",
              "ami-0782523716490d2fb",
              "ami-0b8ccac386a090541",
              "ami-000d8d4e21eea706e",
              "ami-052838f21502e209c",
              "ami-02aadcc2f8928590f",
              "ami-043904636c049cc0f",
              "ami-0c81c4d615e0854c1",
              "ami-0ca78f438801dfccd",
              "ami-043f59f05a2aa89f1",
              "ami-0d9aa814d245c2412",
              "ami-03bda5d2bd21d2c59",
              "ami-055b6b5a884f31525",
              "ami-03015282bd7a26c37",
              "ami-0e9aff3233ffe5cf8",
              "ami-0ef5e226234b52c26",
              "ami-0d530508f6aac3f0c",
              "ami-0b2051606c2587696",
              "ami-022cdb059b26440f4",
              "ami-07a12d330c21ed142",
              "ami-0c725241c890ac650",
              "ami-0825a1cd27dc71a2c",
              "ami-09cac54b79eecdb5b",
              "ami-0187f7045f178a02f",
              "ami-0dc1f90eb80883149",
              "ami-0160df4e78897a249",
              "ami-00a1717de4aea3738",
              "ami-0b2c45265a2f51754",
              "ami-03a669b85b99f68cf",
              "ami-05a325961d7f69b40",
              "ami-0a7a387aaab347ec1",
              "ami-0c056c07f5cb56d05",
              "ami-0f75c36befc25146c",
              "ami-08089621fcdfb3e1a",
              "ami-065edd4097616d42c",
              "ami-075eec3b6bb8db71f",
              "ami-07c6672899e4807c3",
              "ami-0512517c7bad8d084",
              "ami-08fe5886162f516db",
              "ami-0fd3ff4f83511c10a",
              "ami-02f7fbd069c34bb81",
              "ami-0e4633b7d2a25766d",
              "ami-0f1c0433e1820d83f",
              "ami-0ce0fa8f2a69cf947",
              "ami-0dc8778352b680978",
              "ami-0adbe59da7d24a349",
              "ami-0faa38adb74a94e33",
              "ami-050f7d2f30ef67cfa",
              "ami-070d2555b754c9833",
              "ami-0f643b6cbdb647d5b",
              "ami-0562e27aac95dcf60",
              "ami-0ed527c905f7de2ad",
              "ami-086534099f89388b4",
              "ami-0fa7305308c4cde49",
              "ami-0e712b4563c8d6ae1",
              "ami-01d4300c31ecb3c65",
              "ami-07d3384d3f3d3a97b",
              "ami-09d9dde4663bc2e54",
              "ami-0680d67283805233f",
              "ami-02960240f960227c7",
              "ami-04f9f9d2a6e826af7",
              "ami-03fbf53feb5429412",
              "ami-0bf575a4f946a5a47",
              "ami-06cbd72ac33b436e9",
              "ami-06323177525e90687",
              "ami-0cf86b55e5d249f3f",
              "ami-0820544550e187a5b",
              "ami-0a16b6b8af80914d8",
              "ami-00d58f4a15006e8b4",
              "ami-06367c3babf316794",
              "ami-07d1cc7394729683e",
              "ami-0d7afd588f4e66367",
              "ami-0da649d31a61c1ab7",
              "ami-0cc501e2c145aed14",
              "ami-0138b6172993c7406",
              "ami-038d86cb52053d96b",
              "ami-095aece36e599a78c",
              "ami-0eeef7dd6d3ec9159",
              "ami-0b1445e7453fa075d",
              "ami-08886ff84bc53955f",
              "ami-04edd2ab78af70c41",
              "ami-0e56d924975847e06",
              "ami-06dd9708c4147c511",
              "ami-0eca92b64847fff2a",
              "ami-00f07df9ea00b58f3",
              "ami-0a71882fde3f383e7",
              "ami-0652809344abb3e45",
              "ami-004ffc37322fca9d8",
              "ami-01f95122ce183bf81",
              "ami-04b4cafc28d1fcca1",
              "ami-03d389a3c164853af",
              "ami-0e847946e079fdd25",
              "ami-0daf5cbab4ba753c1",
              "ami-0a77d241f74ef2e28",
              "ami-0b23d540c47ce8960",
              "ami-0930b766e363ce8ea",
              "ami-04be0e9991d8759e1",
              "ami-06bc2d2c64f45e2bc",
              "ami-0a3a7efc47e6ba060",
              "ami-08bc63a70da730835",
              "ami-0736010459592f4b7",
              "ami-0d6c336fc1df6d884",
              "ami-04dd98865e0070c78",
              "ami-0b2c13125317003e4",
              "ami-0d795ea163c2d3f49",
              "ami-07ece2840e9c79773",
              "ami-0b90c103fcf9e8c28",
              "ami-02928aa841b31d665",
              "ami-06b7889b6d5a3116e",
              "ami-0fb42054cd76f9f53",
              "ami-036b074ebaf8a7a15",
              "ami-0c0801486ca809514",
              "ami-0518ff9866eadc68b",
              "ami-04510c7e3030b09ff",
              "ami-0ed3f063181744686",
              "ami-0462735f8b8535a42",
              "ami-0c805c27c1f65cb61",
              "ami-00bd42d0ded786c0a",
              "ami-0ff67f171012bf23a",
              "ami-01c272c9d95438039",
              "ami-01ac6b254f821c689",
              "ami-0d4c14c79f6e310a5",
              "ami-05875a56ead7d3425",
              "ami-0cc1236e3867389b2",
              "ami-003d0cd1dcf1487bb",
              "ami-01edc8e3bbf10588a",
              "ami-05b2e5ba7d0334696",
              "ami-0603bf98a96e6f026",
              "ami-0d363d78d64aee71e",
              "ami-05037b168f7b988a3",
              "ami-080eae284a01ac34f",
              "ami-05c8184077dca21be",
              "ami-088eec2b620d9eff1",
              "ami-09c06d49fb8fb7b07",
              "ami-05933fe6f8e9750de",
              "ami-03887190991aebf81",
              "ami-01ca523bf5a9fdb57",
              "ami-03d1b2bde974e5305",
              "ami-068631f4676c9f3de",
              "ami-0e481d35433971c4a",
              "ami-0fbaa849a87e37f5a",
              "ami-09f911c435d45fe19",
              "ami-0de19347d105af798",
              "ami-0771b8a32f7edc583",
              "ami-0c4444c06453e58ee",
              "ami-05090b86686af20f7",
              "ami-0487874ffa1361b7a",
              "ami-00ed99db2477d0c11",
              "ami-07381a59cead6fa94",
              "ami-0a594d41066489311",
              "ami-04270bcaec168dc07",
              "ami-080eed8f4e29713e1",
              "ami-02e522f881292ae75",
              "ami-0f621f9bcfe526c7d",
              "ami-0283435f07b299715",
              "ami-0cb885e10af866ad4",
              "ami-045955ebae84360ed",
              "ami-0bd58e8e80559a983",
              "ami-08d023294c1f1ed94",
              "ami-046c70d7a7690ea24",
              "ami-0f3a74fafff4612a3",
              "ami-077a2fe083d307101",
              "ami-0dee250a895a18cee",
              "ami-021a2b765633d9064",
              "ami-0a16d699b3315a6d1",
              "ami-0cf5b47b69a1c3c67",
              "ami-0aab9f94d59ad30df",
              "ami-0a5d2c71d9d55bdd8",
              "ami-0d029c2107142ee1c",
              "ami-0761b320771aedade",
              "ami-05992b6f1448c7842",
              "ami-0eb6309af58b22909",
              "ami-0c11aa209f806006b",
              "ami-09c194999bd51b863",
              "ami-06144b113db9e9f94",
              "ami-014c758b037ae61ec",
              "ami-0b3e0c7bd93bb0006",
              "ami-02ea96c0f25419c5c",
              "ami-069462d58f1722d60",
              "ami-04d18fbee272addd5",
              "ami-0838f7266bc56f595",
              "ami-074ac8e9513570f99",
              "ami-00648125c0effedd5",
              "ami-06c0a0d50e1b20d41",
              "ami-0b0e95a528231c4f2",
              "ami-072c98731de592565",
              "ami-0debff1b69a592f64",
              "ami-0a4d9ec0e078cb11b",
              "ami-0c272fa700f76824f",
              "ami-0a21c424af45d8392",
              "ami-011b789af1574100c",
              "ami-08566e9237d71a3c2",
              "ami-079ffdb7bd676a9b3",
              "ami-0c0d4a1411731b008",
              "ami-0d0a7bdd332e629ac",
              "ami-0dc8215b22f97f807",
              "ami-03e2acf03d8285fd0",
              "ami-016b952f857d7ccb6",
              "ami-06e69d593c03dfa0a",
              "ami-0d0102483f8c85058",
              "ami-0c79fc7493c806d65",
              "ami-0b1779b30c7499306",
              "ami-0c8dd3e84484de040",
              "ami-0051ebc61127276b8",
              "ami-039bfeba25446ec55",
              "ami-08e47c4c85c2a8601",
              "ami-07a8043630ffc6393",
              "ami-0b6f838a2986229dc",
              "ami-021c2c2b6a90e6745",
              "ami-08ecf295d7649f320",
              "ami-0d09f9b17c18faa15",
              "ami-0b4f3dad15a181dc2",
              "ami-0e7c9d4b45f110ada",
              "ami-05a9183a985a9504a",
              "ami-0efbd050e33a4db82",
              "ami-0b42732e3cb8f21c7",
              "ami-0bf766d8da5fd8df1",
              "ami-079838a2d7e656bab",
              "ami-0fd0b35bfbef9413c",
              "ami-0411ed23e64484fa4",
              "ami-0e7de0b8e3b390989",
              "ami-0f10b2b3c11966485",
              "ami-0fbf13a0577c1dbaf",
              "ami-0dbe6137a166ec6d5",
              "ami-0e4c3b588e2a5b236",
              "ami-036cf298698e16de9",
              "ami-04f6044d6e9fe7cd2",
              "ami-0455747778cd4191d",
              "ami-02b8e0259115d18a9",
              "ami-03c6056a946f43640",
              "ami-08a0abe6bce14f2ad",
              "ami-00e068046716a2fe2",
              "ami-0b3fc2ba5fc8307f3",
              "ami-074c894ff8a704c81",
              "ami-0b38afa580d7a3ee7",
              "ami-0c785cafdbeecdc08",
              "ami-01503fc71da876b9b",
              "ami-055cb7c74e825628c",
              "ami-0cadf9393cd9f2b7d",
              "ami-0c6cda596f96263e4",
              "ami-0c3621fa8482f9c23",
              "ami-0e3049a197966497a",
              "ami-09e611d198484ebda",
              "ami-043eb208fff525a3f",
              "ami-0cc501d5ad7d2c943",
              "ami-0226faefe97d8127e",
              "ami-0ac0293e50e770f20",
              "ami-0b6d33b879c9fe46d",
              "ami-0da11470842821795",
              "ami-0e5d49b813b602172",
              "ami-0686a0435f53db220",
              "ami-012a98c88b830b987",
              "ami-04ff7f2c13cbc8281",
              "ami-03754b6b259e312a1",
              "ami-08cfbd38a0fed04bc",
              "ami-0c57647e2e84c31d3",
              "ami-026d3b2cfb74a59a2",
              "ami-0637b408d2c16c0a9",
              "ami-0cd91110f8518a43e",
              "ami-0a8dce35f8270938f",
              "ami-0f9e7e0e2ccf357e7",
              "ami-05935e597cf709675",
              "ami-0d128b18f5b78efa9",
              "ami-06bd603c9b096bb26",
              "ami-0caaaf6c6a1e8eac7",
              "ami-09305f0e1e485b506",
              "ami-04b7f869b9b430523",
              "ami-0a0689ebf8e3f07da",
              "ami-0c6948631a5d9f2a9",
              "ami-081e3e7a1aee7a559",
              "ami-0beadab413b6f7ad2",
              "ami-08e79d0c6cf29d3f4",
              "ami-0d5aa25631a8db79d",
              "ami-0654b55321b3c9ace",
              "ami-0492751f9032b6aed",
              "ami-0fbc651511a81e98d",
              "ami-067d5a61df109f31e",
              "ami-0265513937fb0188e",
              "ami-085b6c4863168bedd",
              "ami-0177facfa4b25df0e",
              "ami-0b4bbbe886ed3d2ca",
              "ami-0de8019c75401ebff",
              "ami-01f24158dd992eefc",
              "ami-0b424f9585507ccd5",
              "ami-04af2a3d2c42dc5c6",
              "ami-0f82bd8e9636754e9",
              "ami-00b44e803d9fbaca4",
              "ami-07d2b5b33a5aa9d32",
              "ami-06e1dc86d2bef35b9",
              "ami-00d0f43547971700c",
              "ami-09948370300bc9c40",
              "ami-0f28f45b5486adcf2",
              "ami-044781f822012dc1a",
              "ami-0bcac96186c7df516",
              "ami-01d287aeb464c9311",
              "ami-05902bd960da83ca0",
              "ami-063e23095147bf23a",
              "ami-091f9d5201321abb2",
              "ami-0e8d8b1492b83702c",
              "ami-05bec9428514ab904",
              "ami-064bf2f36b2274640",
              "ami-0120fde23c9859814",
              "ami-0d76e267a2ba0b41e",
              "ami-0cb8aea35b8dbb4b1",
              "ami-04f6d6e8470ad87cb",
              "ami-06f0430f857202aa6",
              "ami-09d61aeade6ace942",
              "ami-03019b969b60302d4",
              "ami-0c56fe351c73dece0",
              "ami-0b37e3caeae5c14c7",
              "ami-0f4bec092aedb2b43",
              "ami-0bb1c3a1e6b980cd5",
              "ami-07f9b52ed514a129a",
              "ami-025ad90652220f4c1",
              "ami-0d546fed84a193f4e",
              "ami-0f338cdb79d2542a7",
              "ami-0bd7fe2b1e8e14a44",
              "ami-0a10685d906ad709c",
              "ami-08b2d298b7da4c95a",
              "ami-012ff395b5c203224",
              "ami-0e3d7b55fd346c020",
              "ami-016cb9e43d65422bf",
              "ami-0a9d4b20525860b8e",
              "ami-089c267b80559b116",
              "ami-04808c4bf30d9dede",
              "ami-0ef4e733511800d90",
              "ami-05e4029db4997afb9",
              "ami-02bc926225b663cd0",
              "ami-0695d99d71f8e3cec",
              "ami-0721c8db7901e7ba1",
              "ami-030604d30c4d47c95",
              "ami-09341e195d3f78afe",
              "ami-0a86170f710b17890",
              "ami-05206c594f4a8c8ac",
              "ami-0b7f0e6fcc6e8a3c4",
              "ami-081b399064242d122",
              "ami-005cdefe88ab74443",
              "ami-03170b4f5c5d470ac",
              "ami-0f88a09d7123b84d8",
              "ami-0deb267a5f81346e3",
              "ami-050de86b7055c7bf7",
              "ami-07cee4399001f9b7b",
              "ami-08ea1c4a455aae2de",
              "ami-0632e180935e8d3b2",
              "ami-065599ee6171859bd",
              "ami-08f6c0e552a434d22",
              "ami-03b70d8afe2e00761",
              "ami-0767e224f3160a7de",
              "ami-0d335e7b6ac40017c",
              "ami-0ef5b432749e74e3e",
              "ami-02d5ea8e406836cec",
              "ami-0fe55ef9348fb55a2",
              "ami-0d615bad57aa3d28c",
              "ami-0032b50dbe6baef58",
              "ami-07002d15ca0691b3f",
              "ami-08cc6d9f6d67fa080",
              "ami-0ad09292f86ef988d",
              "ami-0709160c962c0444d",
              "ami-09f4b528fcf915dd8",
              "ami-08138cf951ffba741",
              "ami-022f3bb6346f04b37",
              "ami-02f91ce608b19586d",
              "ami-0c789b4b6cf81a018",
              "ami-0550800f0b7725f8c",
              "ami-0a4aea7c6acd90648",
              "ami-00080dc5e15680c78",
              "ami-017d32210c42c57fa",
              "ami-02fadd5465963075d",
              "ami-0629a856665c93219",
              "ami-0ccab9e780e97853f",
              "ami-0de7a83bdfd6f0e96",
              "ami-0ee075fc36b6ea185",
              "ami-09d615d423180a776",
              "ami-0de2d8178c042185c",
              "ami-08994b514aaa9ca4d",
              "ami-0cde4321ba5e08df1",
              "ami-0468e1e91343b58bd",
              "ami-0e3f38972e7a00a57",
              "ami-03e582071a56136dc",
              "ami-040c0ff5d2ff38ab5",
              "ami-058f1efae896e7af4",
              "ami-0059d9e27247b82ba",
              "ami-00100469ca2a34fa3",
              "ami-0e7849f4ff3b9bebf",
              "ami-0c76fe584a60081f6",
              "ami-0bc437e454088b529",
              "ami-0b3ee072ef97aaed3",
              "ami-025b9f6832a540e8b",
              "ami-029bb00348e344273",
              "ami-01a3f38e0d963bdb4",
              "ami-09c22f92ef60c8dcd",
              "ami-0fda4874479718b25",
              "ami-097818dfec436ff05",
              "ami-003987c2966eb9999",
              "ami-032b829300cc14be5",
              "ami-017c8ae9cb893ee00",
              "ami-0318f4d9f06ac9e27",
              "ami-0934e37285022d1f3",
              "ami-0d750512b0cf1fca6",
              "ami-06aac7d9b8d425ced",
              "ami-08b31e84d7028e94d",
              "ami-05a14d840be30821c",
              "ami-07b7bc509faaac838",
              "ami-054ad1ee53813009b",
              "ami-0d293d41bdd19da24",
              "ami-0530ea18f5665f636",
              "ami-06c9b8a93396a5c5d",
              "ami-0befcff20d3569505",
              "ami-06d448246b571c030",
              "ami-014459e021f386a3d",
              "ami-099e22010ae3a8ce5",
              "ami-04e6b5bfee52d73a2",
              "ami-00879219fb11ac153",
              "ami-0d99da0afe1539b88",
              "ami-0afeae4543435bb1b",
              "ami-0ab08e8513f09f412",
              "ami-00cff752abe8ecc2f",
              "ami-0a6f761f3dfd48f1d",
              "ami-0faef2359f99b9744",
              "ami-0efde32470ee9e66f",
              "ami-076b2ac6f4983dec4",
              "ami-0cc3505a4936911e4",
              "ami-0502cd0bc403ca00a",
              "ami-09c4e383059706b9b",
              "ami-007f0c66f6cb8458a",
              "ami-0e8224c8ec001ac82",
              "ami-06774381f30baf28a",
              "ami-08f4db4177f8c263e",
              "ami-0bb25ccdcbed174d5",
              "ami-0ea41927d522b16a3",
              "ami-09a4db50fc9972c78",
              "ami-0f99e17070552498b",
              "ami-0a5c7a768dd76a49a",
              "ami-077dd7a105b6f10cc",
              "ami-0155de133d02fedfe",
              "ami-0542650e74211b9de",
              "ami-0725707aacf0627b6",
              "ami-08de09d9f30ab2958",
              "ami-0e1476854a3ac9124",
              "ami-0eb6b4fc0772e7234",
              "ami-0615132a0f36d24f4",
              "ami-00dbe0538e62d62e1",
              "ami-0ee438368fefad6b6",
              "ami-090be93c1d4b458c8",
              "ami-0cbef8fddfcae8747",
              "ami-0ee992581c676bced",
              "ami-047831103a8882a5d",
              "ami-0afd746b08026a5d1",
              "ami-0ba9b415fd5825393",
              "ami-0b16b715d9a65faab",
              "ami-04f2719aea9710d47",
              "ami-084ff3f032b1a4f4c",
              "ami-041ee3cb71033f88e",
              "ami-0da569cf32601873e",
              "ami-0c7d0b7d8abb6d1fa",
              "ami-0b057d2784878cbb2",
              "ami-079c5884d85c237ec",
              "ami-01ce5774f8878ffd2",
              "ami-0fe1ff5007e7820fd",
              "ami-076cfdacec9add084",
              "ami-07200b7f25e199e4a",
              "ami-0bbe104578b1c0bcf",
              "ami-0c2e15a45853785c4",
              "ami-06dc97e28c7abefe8",
              "ami-041f6ebdc4dc68d8d",
              "ami-02f9b8a2a8630854e",
              "ami-0c4b044c2f927fd86",
              "ami-017d5aae5de93782b",
              "ami-0ac7219c6e4174657",
              "ami-0c6ed84d47b25b379",
              "ami-02c05f0f5d156acb1",
              "ami-07702686af210c34b",
              "ami-07be25137f9a869dc",
              "ami-0c3f8418f86a227b9",
              "ami-0a31147af97f10e99",
              "ami-0f53cc364d41a1a9e",
              "ami-0fc8161fb58244165",
              "ami-02f0343fa37e8c2be",
              "ami-0cee80de6bcf1f7c3",
              "ami-01b25d1a4ae300ab6",
              "ami-0939206b0d2131c3c",
              "ami-073fabae291aab92a",
              "ami-00c261a6d1d5ebbc2",
              "ami-02d36936907e8901d",
              "ami-0b1fe7975b81535ea",
              "ami-0ae6d322080a82f19",
              "ami-02096cd709ef1de8b",
              "ami-09d06b7cea4f19b42",
              "ami-0cd7d4af2d7b02613",
              "ami-0d1264b1b48ee8f70",
              "ami-04c0fa9be84e2d972",
              "ami-0566ddffde2df21f3",
              "ami-01e5aeee4c9950780",
              "ami-0d90edfd7be41b7bf",
              "ami-0841470e12723b31a",
              "ami-08c6322290c811e0b",
              "ami-0179858dee9286c03",
              "ami-0108242aa60bf469b",
              "ami-0154620c7a5fba2cb",
              "ami-02b233bc52814e522",
              "ami-0b21d0a166b7b7ede",
              "ami-06c8e6b36a0f473ef",
              "ami-0f6aa36d4dbf7de1f",
              "ami-01939c75bea9c3ba3",
              "ami-0a12a640d3da692c4",
              "ami-02a8100022f301440",
              "ami-0efad20ba29adecb1",
              "ami-06317e125a5a2d97a",
              "ami-0041754f6faa85889",
              "ami-06def0d4f6abb3c59",
              "ami-0ac85aa13ad57e950",
              "ami-0fbcc82b4cfe1b008",
              "ami-045f536339d261990",
              "ami-08bd61c18c3d9c91e",
              "ami-07ed441dc909ac402",
              "ami-034b99f6977e400a4",
              "ami-0469f7dab70924b74",
              "ami-031258565de351186",
              "ami-0b7b0b2cf2ed66e02",
              "ami-0280f7fd11da2384e",
              "ami-09e669d2b965758de",
              "ami-059da9abcd685faba",
              "ami-02cc6f366f75078f9",
              "ami-0bd1284d811f7b5ca",
              "ami-00be6a6bd2267ab14",
              "ami-09451f5237fb36926",
              "ami-0df9a3cc840c9ed40",
              "ami-04ed22c2d1f3ddc85",
              "ami-0cd180ea8224bbd2e",
              "ami-0b1cb563751bbb16c",
              "ami-02f101c043c66e300",
              "ami-001caa684e22a03c7",
              "ami-00d0d6baf0bb5e12e",
              "ami-0ffb6ee7eb835c607",
              "ami-0f15e028b78493136",
              "ami-0084b538f3c7c9c67",
              "ami-0ddc00cfb17b51963",
              "ami-04b2e8bccdd9ac8aa",
              "ami-044a6a968c7915172",
              "ami-064fd3627926fb79d",
              "ami-0c7c22661ac1a48e5",
              "ami-0032ce49aa5bf65aa",
              "ami-0c06cdf7186200314",
              "ami-05a4d77d533c0d8a1",
              "ami-0b99d15f73668a2c8",
              "ami-014082bec22d73b1e",
              "ami-0ced9a03015c30e0d",
              "ami-0fe7262f6662b9498",
              "ami-0b1cb247565eb7f1b",
              "ami-0bd82d9a78e093c42",
              "ami-0c5f6f5aa5a062c5d",
              "ami-0ce660f605e18d9a7",
              "ami-0211fc60c7e65d2f0",
              "ami-0d37b0c939fa5e055",
              "ami-017411af4df67555d",
              "ami-0c810fca648660075",
              "ami-0691f9885e2f06f85",
              "ami-072b25d2a4c794b02",
              "ami-0cdeb392fe64772eb",
              "ami-007272b9208e72a46",
              "ami-0c11ad76b9cad9507",
              "ami-033c241fb3c246f82",
              "ami-076c525e8934b2d8c",
              "ami-0fb2dc27e4673963f",
              "ami-0d325ad3433976877",
              "ami-06296ce39f4c0481a",
              "ami-0c9e451b8d9043f20",
              "ami-08aad1af50f5b7b58",
              "ami-035572d449310e0a6",
              "ami-02469b0ec08b876be",
              "ami-0b84159e1bc16c8c1",
              "ami-069ce0856f799d350",
              "ami-024f66ad244341640",
              "ami-05a039400fc315686",
              "ami-0676a564b54ad7ff3",
              "ami-031aa60a13feb802b",
              "ami-0b453d65b6a4e9b61",
              "ami-04dec9c7c351f4d7a",
              "ami-04661d73d89554b54",
              "ami-0f56d5b8a8b5561c7",
              "ami-0b7d6e7879658d850",
              "ami-00df6d0585dcdec07",
              "ami-010d2767a6f438f76",
              "ami-0b905423cb5426190",
              "ami-036073a4ec2f5b824",
              "ami-01099d5a9fcbe37ef",
              "ami-0b167761a39e501c6",
              "ami-0de2622bfcc10455a",
              "ami-0502e01e8e03f9ddd",
              "ami-0b34e42700a38c10b",
              "ami-0f9201ab088da75ae",
              "ami-01d3276769fcbb3bb",
              "ami-0a0359b338dc08275",
              "ami-055338d3a639292ae",
              "ami-0cdc9dd4b11a1d403",
              "ami-0cb2b980a5606f4c7",
              "ami-0c9be38028c474d31",
              "ami-0daea741714200831",
              "ami-0170e60ccd24be06e",
              "ami-0421ceb15401a3863",
              "ami-0cbdac80ad433fc95",
              "ami-01a417295bc67424f",
              "ami-01317af3e450e8da4",
              "ami-05e2ed2e847aef69d",
              "ami-02f10a61caf4900e4",
              "ami-05bfbdfa569c964a4",
              "ami-0b777cefcc1fbea64",
              "ami-007202381d842e2f2",
              "ami-08393bd08ac3cee0b",
              "ami-038fc83737d7c05e8",
              "ami-0a50081320aee77f0",
              "ami-0d1ffc72017e3857a",
              "ami-078d1a39ad082b249",
              "ami-055bc1a5ab20c5826",
              "ami-0efbd94c6f9d567bc",
              "ami-043756385ce4cab6b",
              "ami-00774fd54cdbda958",
              "ami-0ec644f8ad382f4a4",
              "ami-0a59df01089d6bc9b",
              "ami-0ffa3ea911c757836",
              "ami-033c7dceaef50eea2",
              "ami-01e2ceab6ca94f33d",
              "ami-06139f025f3e3774e",
              "ami-0f8f6902040dfa2be",
              "ami-06839481930d68a43",
              "ami-0e355b5adc17e18b7",
              "ami-020a37daef006f6ca",
              "ami-0d45d227db6f7dcee",
              "ami-0e458f54fd81232a6",
              "ami-04ba28476b8cc928d",
              "ami-08eecb36871ee7116",
              "ami-04b5615e99f06f4fc",
              "ami-0a3e867df16ebccb8",
              "ami-00b1fe7c8088e5792",
              "ami-0d8a1595447f9bb46",
              "ami-02f824df2bdf63926",
              "ami-02dd597c9aaaff286",
              "ami-04d00308ca8d91e0d",
              "ami-050b40a7ff3c6d5a7",
              "ami-0ba5f6d4d33ccb0ce",
              "ami-096e268323eae90b5",
              "ami-08b1f53ce1f7674e8",
              "ami-054623e7eb6015fbc",
              "ami-0588344bc88efea54",
              "ami-0070ef084491a82b0",
              "ami-07024a95703e6aa10",
              "ami-08b11b4c4f8c9fe94",
              "ami-0b53e5d3360cfbddf",
              "ami-075818d9160e98c3e",
              "ami-0ccb3a8e2fd233b86",
              "ami-0e0fbd79095e77456",
              "ami-0c7c3be143b7b6e07",
              "ami-055c8d0448e4924e2",
              "ami-05ed11c025760e7af",
              "ami-08cec3fb8ead6d2a0",
              "ami-0d39a97637690b8d9",
              "ami-0eb1af46068315e33",
              "ami-048edc56eab1ce096",
              "ami-0493bd5db00b16bf1",
              "ami-051133deb0e9f8203",
              "ami-04696361d9af18cfa",
              "ami-0b113de5458723877",
              "ami-0e0e935d0209fced7",
              "ami-0f02f622997bb2f62",
              "ami-05991b7bb93b49a93",
              "ami-002861d47811dfe03",
              "ami-00e5f315dfab2bac8",
              "ami-089fdb31337c50b10",
              "ami-01664ef52a13d6da6",
              "ami-03f5c794c3948d08b",
              "ami-0488842adddadf06a",
              "ami-0d6b9ca73fb0b757a",
              "ami-00c5d82dd09d6184e",
              "ami-05bee3b8807d1bea3",
              "ami-0ef65d885fe3ae583",
              "ami-03204087d6ce29a46",
              "ami-033a9ce6a9c1c756f",
              "ami-01f230401ff410987",
              "ami-04d9ba03c38df08b5",
              "ami-0d0c244ad46219038",
              "ami-088f28a547921cc4a",
              "ami-069fad55139bcb636",
              "ami-0233b3e636baa0997",
              "ami-0b4b26c91f5914966",
              "ami-0d32de2029a9f56fd",
              "ami-0c34f543bfdbfdb04",
              "ami-0d337db6d6f482acc",
              "ami-093fffbd1480f8c72",
              "ami-09d6e83055064b988",
              "ami-0cc1abe8bf4520709",
              "ami-04cd79a56c247864a",
              "ami-01cf03faedd60bdea",
              "ami-0389f6e85234117b0",
              "ami-082739fb4896c0007",
              "ami-09b55a73a07e835ea",
              "ami-0066533d998c86479",
              "ami-0fac40e3977ad309b",
              "ami-0f6d9377570e5e5e4",
              "ami-0e60271c45271e4c5",
              "ami-0082033413ae08d90",
              "ami-0ed893507aae9a547",
              "ami-0f6332f567db77059",
              "ami-086fd0b8043248f8c",
              "ami-0451477c18d871a35",
              "ami-07a00f49ff8eaea19",
              "ami-0a8588fafc475589d",
              "ami-0da299c1d1c4a25e5",
              "ami-0e486f8f1019bb0cc",
              "ami-0ef32de70b7f04b17",
              "ami-0a26afc232dbfb1c2",
              "ami-040e2a26b9f60aba2",
              "ami-037579d176927588e",
              "ami-0c03f928b4ad9d2ec",
              "ami-0014c3dcc361c07d2",
              "ami-04ed4eff9389d71ae",
              "ami-0560354d64a564289",
              "ami-03a6a9f775c6d3c01",
              "ami-0faa6d8021036f497",
              "ami-06031280328476ccb",
              "ami-09808429d3eb4239e",
              "ami-0b6a78bbe82e37ba4",
              "ami-06d4a2ba82cb0be03",
              "ami-0be002bebf62724c1",
              "ami-0e18d1181d797ebb5",
              "ami-05abab81051cb051a",
              "ami-027dfb0c2d90f4bda",
              "ami-0600485ecff31d35b",
              "ami-05a3bb4f087dcb44f",
              "ami-04776070cd168cad6",
              "ami-010f00df9d99bc86e",
              "ami-06d75bb3b9769ff3c",
              "ami-0221b08c4247ef9eb",
              "ami-0cc4c93a47638e069",
              "ami-05eec5c62526d3d42",
              "ami-0fcbe815a8b09b94c",
              "ami-0046262af137ef339",
              "ami-0997de71281223d21",
              "ami-002abe0dd5b52ab41",
              "ami-09d011d3060bc4c95",
              "ami-04a0ae650573d60b1",
              "ami-0744a95092ab3ca55",
              "ami-0758beec5b4b98486",
              "ami-05e6e5f4e4a30e989",
              "ami-0e7aa1a0f5bf0c7a4",
              "ami-0a97c69fa7c078a6d",
              "ami-0e5f247d85f54dc0c",
              "ami-066ed83d0c8cecda6",
              "ami-09fe4c3ef60941f55",
              "ami-03bbfbb05402ac679",
              "ami-0b7f7c934cfe30c63",
              "ami-08a75da02b5665737",
              "ami-09586e49bdb3121db",
              "ami-07f39d374a9634a7b",
              "ami-0d26ec8b87474ca72",
              "ami-0be37a32e7bfc7504",
              "ami-0bf747afc00819d84",
              "ami-00eb78b8b5c6ec80a",
              "ami-0f0e389a1afcd8fa4",
              "ami-09b9194124a5c3663",
              "ami-0e7ac23883ac9bb3b",
              "ami-01508e552c7957946",
              "ami-05ad7f0af2c5ccb97",
              "ami-0b3f86865fe88457a",
              "ami-0fc23c6b108e9596a",
              "ami-0cf88592d3f58b445",
              "ami-0dca4f15292dccd51",
              "ami-04295b38208855066",
              "ami-0d3899137fedb2b1a",
              "ami-069ba919e52d12ded",
              "ami-01a0d9b95c534d1a9",
              "ami-0038aeee856f17ce9",
              "ami-087699316b2aa983a",
              "ami-0853a9e6af3a5208f",
              "ami-07935d0db58551b71",
              "ami-0747e52208f71b0e9",
              "ami-04db00e96a6993ab4",
              "ami-06dc8eb5058f818bd",
              "ami-0ecb272ffaccff0e1",
              "ami-08bf5a3d5a4c713ea",
              "ami-0c7b80c76107e6a3b",
              "ami-01bc5bc1ede6b8358",
              "ami-055c0c3cb22200c12",
              "ami-0a18ba2af7c96282c",
              "ami-09ffb25916f16f2c4",
              "ami-0493c6e88fb72a33d",
              "ami-0a46cae45aa6d4526",
              "ami-0cd9c0bcf032d8533",
              "ami-0857ce4f0559a959c",
              "ami-09cb4e43a98cfe40d",
              "ami-0bdf17063a0b55c07",
              "ami-05b17619b5d1d2617",
              "ami-0afe55466eae75d44",
              "ami-0f386285981024e16",
              "ami-06c0b14fbbabc5e1c",
              "ami-0da18ab40ef1f357d",
              "ami-00eb549f384555ce6",
              "ami-0e2f3faa39c36ea1e",
              "ami-0dc1d0d32fbf37476",
              "ami-00b353e47d7a4d664",
              "ami-09a79790637bdd5c8",
              "ami-032928af7d7ca5f47",
              "ami-03512f4da9565226b",
              "ami-0c6013c7290ee3aa6",
              "ami-0e184abdf4547c9b0",
              "ami-0c420f64eb46ee85f",
              "ami-06515895fc7f3b2e2",
              "ami-0283fd067ec716638",
              "ami-046bb764888d72a97",
              "ami-0c012d987329dfa50",
              "ami-0716faa862ef739e7",
              "ami-017ad325838b2a912",
              "ami-0b23c648a90e10535",
              "ami-06ce70e05836526a3",
              "ami-0181227da728f96e1",
              "ami-062fcb8c6ad9856f2",
              "ami-0c6efd2cfc560c5e5",
              "ami-0ab7a515667543b33",
              "ami-0fd3e3d7875748187",
              "ami-0f2a550af0f0d4c1a",
              "ami-0495c0ddc0a94a551",
              "ami-0a1829dfcd2ad7cb5",
              "ami-0bee7823cb7d0bb2a",
              "ami-07ecfba235773b8f2",
              "ami-06f6fc7fd9eaf9dab",
              "ami-0f26bc4c972a31cfe",
              "ami-0a7965b0d8407fd37",
              "ami-02f4740eaa4cd2d64",
              "ami-0d2224d4787112af8",
              "ami-081e951e7e5dba756",
              "ami-0ae63c105eb05553d",
              "ami-021e7aef1ab57ad21",
              "ami-05eee3ea280c01fca",
              "ami-00885b536fcc07b78",
              "ami-00bbd26d9193bfcda",
              "ami-0e1db9df9dc3f3297",
              "ami-0b5bf50f5c93d87cd",
              "ami-025ceae65b70b7b8d",
              "ami-0608e4218e93bb282",
              "ami-04fa293443328c9ea",
              "ami-07bd30d89a1c111ee",
              "ami-0bdc1ff34173d5beb",
              "ami-0d9b747af3302da98",
              "ami-028b2222c7024cb08",
              "ami-0d99207b7ee99e716",
              "ami-036a5bbf73688ab5f",
              "ami-0de06443285757663",
              "ami-00bc969fa3b3eed67",
              "ami-05f9b28c90db4d6e2",
              "ami-018abc18e8d6b348c",
              "ami-033ade255e7e8588b",
              "ami-0b311dcf3644d6cc9",
              "ami-05300f4127fcbb9c2",
              "ami-0a1eabccbc3245fe3",
              "ami-08c57ad53f62580d4",
              "ami-062dfe75d834b91b9",
              "ami-0f9d3ca0d067b9274",
              "ami-0f10b7d3fd7dbbe63",
              "ami-00afa31b25d17ae5b",
              "ami-076de36aaf3e69990",
              "ami-01f080c6e9dbcb7a0",
              "ami-05a6799fe6da4ceb6",
              "ami-059787a836b1d3c1e",
              "ami-02ab5139a1eb330fb",
              "ami-05fbd882af4ac3532",
              "ami-067c93df9c3b09ab6",
              "ami-0e14ff207c0bd2e5d",
              "ami-06c4392caffec2e9f",
              "ami-039280ee1e354d8dd",
              "ami-0f90b8810371a18ce",
              "ami-0abc281548cebcbf4",
              "ami-083adbf1f4dfc9557",
              "ami-05210a24830a490f5",
              "ami-0c9bc3b6d09d234be",
              "ami-0b951d81edb239245",
              "ami-0c6ee25cf010b587c",
              "ami-0aa2cedeb83c4aa38",
              "ami-05e784c943c98d3bc",
              "ami-08fbae5b7cfe8d383",
              "ami-0701b09c56f915161",
              "ami-044954145adaedde1",
              "ami-06efa08518dfe6038",
              "ami-04b8a90c07ce788f5",
              "ami-09e23efa27dd4e373",
              "ami-056d6c3da4b106c8c",
              "ami-0e8e961e54747f2f5",
              "ami-00bcf858bc92a1044",
              "ami-0df57f981f3ee6490",
              "ami-019bab97c05d70b71",
              "ami-083677ba36890d551",
              "ami-0fe86028d7f143392",
              "ami-0da8fa3e46f9ec39d",
              "ami-00110b406173ef115",
              "ami-0240eed15cbc9e889",
              "ami-0175a543b8fa9c5ee",
              "ami-0823249cd924461fc",
              "ami-0439673a8f4787a32",
              "ami-0fc3fab05812c3aec",
              "ami-0e9781f477c1b7733",
              "ami-02be94b04e2f9ce04",
              "ami-0063af3154caa51cb",
              "ami-0b2b162faf8c59a63",
              "ami-076e8f78901f644ee",
              "ami-01139c3f9fdd7d757",
              "ami-0c33fd0b0d0dae293",
              "ami-089751c9e05a4dc70",
              "ami-08deb9cb3f8dab206",
              "ami-0d148933a0baf932c",
              "ami-0e2004befc1c16aef",
              "ami-052ddd163b0863647",
              "ami-0c8c71a43aabf9334",
              "ami-05de261406825e6f1",
              "ami-045d70ac8768e72f5",
              "ami-07e72935c60188f7d",
              "ami-04f22ac203333d550",
              "ami-0e808ebbc44578e15",
              "ami-0bc10d039e43d6e66",
              "ami-0054b1517a9a51187",
              "ami-0e0393f6e9e00e3c9",
              "ami-0f0968f9548e59b58",
              "ami-00f3c8558bfd752f0",
              "ami-053ac2bdf04df5ae3",
              "ami-03be461d79537792f",
              "ami-024c9c895624f4163",
              "ami-0ec79c6d03dd1186d",
              "ami-02fe6ced4d3a5497c",
              "ami-076f803508f151bb4",
              "ami-09f99f71d7eb30d91",
              "ami-0f7b769cf265b651b",
              "ami-0c6efc91c1b0eee4e",
              "ami-0b8c987c79c17b3b0",
              "ami-0b9908d35b59b25a4",
              "ami-0869caa73f897a75b",
              "ami-0f3169e70c883e427",
              "ami-0bf1bb9146154fe55",
              "ami-087b7bdf82d0c5c3b",
              "ami-06fe520b819d6e37f",
              "ami-04fba98539509744c",
              "ami-045441c566d3ce7ce",
              "ami-0fc3227da5dee3c63",
              "ami-00529b3822a419911",
              "ami-05b530b6611e9a9b9",
              "ami-0d94656a339adbc99",
              "ami-073a12ac4c3005368",
              "ami-0a06154137933a6a9",
              "ami-02b273130470a3eb8",
              "ami-03ec0a148d5a4fc73",
              "ami-08b651ba5d1c88694",
              "ami-0358fda2e24f4ad91",
              "ami-0f69f1524e729ac72",
              "ami-087ddc8a3134908d5",
              "ami-05332c2a69f9bd839",
              "ami-0fdb514b22fa2aed1",
              "ami-0aa83bea6bc52d1a1",
              "ami-099f46c1c0fdfe3dc",
              "ami-0fbc4f81e48e4c19c",
              "ami-08304b7dee56eb60e",
              "ami-08a5fde7a6390cb52",
              "ami-0d8ad1ac6f899efe2",
              "ami-079b7de2183e37f8c",
              "ami-012f0c7cee78932b1",
              "ami-08abec38a7df1f6b1",
              "ami-04998334929e56816",
              "ami-03e64d30944416ccd",
              "ami-0c83b49a9fa7e47ef",
              "ami-0e99b15b3eca129a3",
              "ami-0a513a9381faa2adb",
              "ami-00f96e2fb583747e7",
              "ami-0ec633bfdf5a0b8fb",
              "ami-0112023eaf0c7fa45",
              "ami-0aa98b816d5ff98f6",
              "ami-028b732c030aa358b",
              "ami-0f3cc823d2645cbd6",
              "ami-0f80d6fcf67cc7e75",
              "ami-0e500c0c9f3c0bd85",
              "ami-0c0a825aeee320981",
              "ami-0a8ba73762c3bfc48",
              "ami-011589f9e6615d1c6",
              "ami-0304d1f20903be76e",
              "ami-06d79db0deced43dc",
              "ami-0af89933b3b74242d",
              "ami-0b3db43383550e999",
              "ami-0c19b2ae2cdad690d",
              "ami-0db4388783375e6a8",
              "ami-0d04fe72caa4757ea",
              "ami-0ffafabea6bc1dac7",
              "ami-03a8eb3921b2b1722",
              "ami-00c015ed5c8cb74fc",
              "ami-09c98981fcbc45c81",
              "ami-0579acd6e043edf91",
              "ami-0462b226cea759d5c",
              "ami-0535792494a4d53ee",
              "ami-0ae4e3a7a17406804",
              "ami-06907dbae9f27fe50",
              "ami-0d19573121065eb3b",
              "ami-044cea90832d94723",
              "ami-069ed75c34d711dc6",
              "ami-05db13d48433de32a",
              "ami-0badab56b832698ec",
              "ami-0cbc26c5fc592d06d",
              "ami-01d14fe06693f9561",
              "ami-088c01ecdc4acd539",
              "ami-0e23d2e92136ae58a",
              "ami-0b734bfffe8d61a4e",
              "ami-0fd330549c1beed80",
              "ami-0ef840c8cd1e8b12d",
              "ami-0c16eecd85f152e71",
              "ami-02be35d18a8b7ff98",
              "ami-0c98f49caed724af0",
              "ami-0d504293230389a51",
              "ami-09479bab8563e34f8",
              "ami-04cf87d701aefe435",
              "ami-0820a09d79aaeafe1",
              "ami-050f2a942baffe3e2",
              "ami-0c2184167c733c281",
              "ami-0e57c7530897fa1e2",
              "ami-0aac03b809a36f101",
              "ami-00c808f7e38fbe888",
              "ami-0f95a43aab3e38def",
              "ami-05bf2a1ca0e34dfd5",
              "ami-043e3b2111455162d",
              "ami-06dae6c01c3bab26e",
              "ami-09788b1343b924282",
              "ami-03ade3fed5f5e512d",
              "ami-04151a4864bc066f7",
              "ami-02c75b7370050cc1e",
              "ami-07970d436a595bf12",
              "ami-096e1fedaafaa21eb",
              "ami-07f309897408d2158",
              "ami-03b81bc4974ad5360",
              "ami-05bb828e90b157ad4",
              "ami-0723138b6c40decf8",
              "ami-061e86d00556fe87a",
              "ami-075dc7d8da85fc529",
              "ami-0ab26a1e22b74b9ac",
              "ami-017eaeff6dcb6e6e3",
              "ami-086888c0d3b49ffe2",
              "ami-05138dc492311885c",
              "ami-00ec3fd27fd9b310d",
              "ami-044ffac2adac33fd4",
              "ami-025901f84117cecfb",
              "ami-0e31cf94be84b39c1",
              "ami-03598231144673b11",
              "ami-048ab22d71be2ee81",
              "ami-0b47f40575e3b79b9",
              "ami-0d9a9229f1d9e275e",
              "ami-05c161ebbf032ccb6",
              "ami-0504ba4a00ded7def",
              "ami-0d3535ba84b29af07",
              "ami-07855ad08cb75b6e7",
              "ami-0a44ba0929a7a0b35",
              "ami-02da995b77f022226",
              "ami-0520d422ab6ceaefc",
              "ami-0aaeec5ed9e007be2",
              "ami-09402f8fd14322881",
              "ami-061b97f0476094381",
              "ami-0db1ad535bf9a4583",
              "ami-026a38cd26336e8d9",
              "ami-0fe1cc8bb56568802",
              "ami-01ce3f8291be6d750",
              "ami-0ce07f27bb5f2ae04",
              "ami-08fd3093452d7ed0a",
              "ami-0caa38588a61d7982",
              "ami-0f24742e7678d9340",
              "ami-0d1ca8b2c4faaaa8d",
              "ami-0f957aa042a6f2dc1",
              "ami-082c5657254bfef83",
              "ami-0848552bd4e26bec0",
              "ami-09c90b30392cc082f",
              "ami-03ed38f7972dff7c8",
              "ami-0ea3294b41c451da9",
              "ami-04567042cfcc67381",
              "ami-099e73aa39d21dcba",
              "ami-072e9140ade436e7e",
              "ami-0775c16b6ea3c1751",
              "ami-06faec05b2eb4b8fa",
              "ami-0063af48852cf8658",
              "ami-0ba7bbbc09f3fa4f0",
              "ami-02d22ac68b2e67616",
              "ami-0c5280c683d31a350",
              "ami-0f726ca226943f182",
              "ami-04c626848c5b970c4",
              "ami-0e1e0e9e2f426a3d3",
              "ami-0941724021cbdda7f",
              "ami-0ec225b5e01ccb706",
              "ami-019a86764281f46e3",
              "ami-03896c29482806744",
              "ami-04f8c50891e37c43e",
              "ami-0972a1ed61a8e8b7f",
              "ami-04f103e4ed43debc2",
              "ami-0003ce8d47722ef67",
              "ami-07d4f40e94bf8b6f5",
              "ami-021f73ba029345fb1",
              "ami-035ab7432bf245836",
              "ami-051047f839955602a",
              "ami-0241cfed940e32756",
              "ami-098a088ccf0d6ff9b",
              "ami-0dff4318d85149d5d",
              "ami-0b47294a1f8c227de",
              "ami-0983472a94a3ee920",
              "ami-0af36070abef17278",
              "ami-0a05fb2adf7d67bfc",
              "ami-035aa2067f379a020",
              "ami-011b4f8b5190ddfd0",
              "ami-094dcb11c37310408",
              "ami-01df98fcf2222391e",
              "ami-051d5e6ac56754737",
              "ami-08c99c4da0c5933c1",
              "ami-0081cf282b9fdbca0",
              "ami-02a6a9c8e646dc731",
              "ami-017aff4d699a4567b",
              "ami-0ff367de8253131b9",
              "ami-0e27359f29aa9744a",
              "ami-03d300e270e42220b",
              "ami-0183d791669a51cff",
              "ami-03fb70df7a4f977d6",
              "ami-0fa985504fdd4e22e",
              "ami-00c51efdfc2f2c6c1",
              "ami-0be11f4b15900ff90",
              "ami-0f2ed1169411e9c82",
              "ami-0afffb096aafaa8a5",
              "ami-06af12c96aa341b78",
              "ami-06425ac718a23576b",
              "ami-08184220fdccfa553",
              "ami-0905d8c824c3053c1",
              "ami-08fa2426566f4e612",
              "ami-03af05ca012fd9ab5",
              "ami-0fa00d20cc2fa3c81",
              "ami-07c17dda32e45bf9c",
              "ami-0abd41906aeeddf2f",
              "ami-0db9b97dd2e1b4a8a",
              "ami-0ba90806920a313c2",
              "ami-062c685b423cbd639",
              "ami-046733b2016f58b87",
              "ami-0880acb348860e1ca",
              "ami-01b872e0a058751b1",
              "ami-069df382227c8a476",
              "ami-01d78f826da85d9ce",
              "ami-0d6d45b990a1ce291",
              "ami-056512d519f45f509",
              "ami-07bff276cf1cf4c95",
              "ami-098d493109ff982cd",
              "ami-08b89825e6180bbaf",
              "ami-07acd1d582a5111ae",
              "ami-0dda7eee639a0c74c",
              "ami-052e121a81fd2ed3b",
              "ami-09e36e313fac78cb9",
              "ami-01bf73e9b131b53a6",
              "ami-0815e9b66039bfe62",
              "ami-0f83b42f4fff1d5e7",
              "ami-0a62ed0650cea48e8",
              "ami-03d60d850176fcb5d",
              "ami-01218035083318e99",
              "ami-00d8927ad70856603",
              "ami-005ec2219cd9af94a",
              "ami-0539993c2a64412ea",
              "ami-0238b69b638db5901",
              "ami-08c3b4d698e9860d4",
              "ami-0257be438a28ccc19",
              "ami-0e5abe78b29997e26",
              "ami-0012aaa1199fc9f11",
              "ami-049045143b4b80c35",
              "ami-0cc02706f7fca0c73",
              "ami-08b9f6a6022707ea4",
              "ami-05cf35bf6f9e1deb7",
              "ami-07c1a7b5183e1350f",
              "ami-08cb4bbeec01feb2a",
              "ami-00cee0fc9ca1b254f",
              "ami-0a83a1ae8aa9e34cb",
              "ami-0ea367e6c48bcd90b",
              "ami-0255940ecb564371f",
              "ami-0d2c543c6af9e9de8",
              "ami-059bc892d5c59bd35",
              "ami-038f8b48d055e0e5a",
              "ami-004c670ea32ab77d2",
              "ami-05d4d5cf636472a56",
              "ami-0df16b324979f6bdf",
              "ami-0c9aa38606d5d0e6b",
              "ami-031a15ef90613d2fc",
              "ami-016437ea0eba8fd29",
              "ami-0df14dee736e3af2e",
              "ami-08661719f10663d0d",
              "ami-0e1e28171c1768e77",
              "ami-005e88d9b5f84a3ac",
              "ami-0d37548b761401aab",
              "ami-040780e98f5ea68cf",
              "ami-0b75d62f3f0f98657",
              "ami-0b9015ce72afaa87a",
              "ami-03488280264413d29",
              "ami-075d28fa9524c24d8",
              "ami-0e61e6e7f1b11a3d7",
              "ami-0c0ab137858624146",
              "ami-0442aa8735619f5af",
              "ami-0fe59dcab7cd09742",
              "ami-0689726e1a700ed66",
              "ami-01b9cfd2cb1d9b4bf",
              "ami-00edaf9f61b0a0ff4",
              "ami-0169f92f6147ff964",
              "ami-074e60dd1d2f0f7db",
              "ami-02e3972cc942aefa7",
              "ami-083b7dcd487de38f0",
              "ami-0273d2db73314d657",
              "ami-000d8f5458f151602",
              "ami-056370aedec761a86",
              "ami-00b2c7ca562dc8b4f",
              "ami-0fc8c48e68fc69bef",
              "ami-03c0bc018ac972e64",
              "ami-0a501b367fd06a967",
              "ami-00e46ce1fb4ca1b3f",
              "ami-056714006245e02f4",
              "ami-0fe538ccbe73cc0dc",
              "ami-05bc1f5cc8b312d75",
              "ami-00e75ecb48eeff78e",
              "ami-069ad3110a71f168a",
              "ami-0d5028aa77ff25c3a",
              "ami-0c658937d790ae0af",
              "ami-08a128c5fb66c3396",
              "ami-0424df7708a88ddfb",
              "ami-049e107b972a8a7d4",
              "ami-00e0e97336a3a7658",
              "ami-0ee513e646a4c80ad",
              "ami-0d8110b4a7dbf663d",
              "ami-049a8329fdd51862c",
              "ami-088e05a9da0f9443c",
              "ami-0d62d94f501cf38ec",
              "ami-01fc6010c76d7baba",
              "ami-0d935d47868888ec1",
              "ami-039da5be3a616f460",
              "ami-02b9c1434ff123148",
              "ami-0cbc6aae997c6538a",
              "ami-0bb345aaaa7e443e1",
              "ami-031e53fc36f7d0e24",
              "ami-09172771b47695ce2",
              "ami-0253843bfcb8e7a42",
              "ami-03b0164fa2723e275",
              "ami-044439d6120917a6e",
              "ami-0d0f5402d1cb720b9",
              "ami-05f5439f295f95d46",
              "ami-0a7789c77135a5f8a",
              "ami-0131cfff5655522af",
              "ami-07188ab5e1069ba9f",
              "ami-05b147b6523f8ef3e",
              "ami-0d75bcddca7442dc1",
              "ami-021084fbde17c4dea",
              "ami-00b25778ce5ce0229",
              "ami-0639f8354a07acf68",
              "ami-0fb3c67fc5f154a3b",
              "ami-0505616af79077597",
              "ami-087e4f38de0b72a4f",
              "ami-0a054bd7a5ff58cd2",
              "ami-09089bbfe262fcfa4",
              "ami-0e8f68c6904bfb458",
              "ami-09fee300c44cf76c4",
              "ami-0e9f41159c61524c3",
              "ami-0737d7d9fd508ba62",
              "ami-0628219ac9549add7",
              "ami-08805da128ddc2ee1",
              "ami-01b09aa02ea9e3df3",
              "ami-0410abd5f3d37fc97",
              "ami-0ce5826e60fd6f3a0",
              "ami-0ad609e585587af1e",
              "ami-09037fd065d6d7698",
              "ami-0d011775b9f848b1e",
              "ami-0e105103a02814aa3",
              "ami-0cb66b679a6bba68b",
              "ami-051f5aa3a7cbe761e",
              "ami-09627684119a24f74",
              "ami-0a6d5dc2b4eb77202",
              "ami-0113b872affb02acf",
              "ami-0b571912941b75d73",
              "ami-03361ace44b40ad92",
              "ami-0f374ebc9f3c5e546",
              "ami-0d3e1571eb211038b",
              "ami-0d650c8c8141f2536",
              "ami-0e615bfa6ebacf593",
              "ami-069a01be0e4a8b0b7",
              "ami-0b94456551e829466",
              "ami-03c5a1f71173c46ea",
              "ami-01abd44987852cc64",
              "ami-03613fc2b3dce7947",
              "ami-0913bc8f6f8480b64",
              "ami-095fb17e1844f0206",
              "ami-0a1497bd802858475",
              "ami-088ba67ff25ce2352",
              "ami-05b2cc2a9184ea1eb",
              "ami-0e23c98b28402f000",
              "ami-00b4f6d17e1c232b4",
              "ami-0055c5f55d14d3870",
              "ami-0ce589e0f53a826c3",
              "ami-0bc1534e64731b563",
              "ami-02a35072e07cb477d",
              "ami-0bbc66780d2a0d16e",
              "ami-0ab7776fd6ae46ae9",
              "ami-0f2cae58447eefeb4",
              "ami-012eb1d1ac4894441",
              "ami-076ba74366e2f8a50",
              "ami-098b87f522f4b55e2",
              "ami-053c06ea5b4f0d32d",
              "ami-0732353c446184d5f",
              "ami-048816c8128ee0cef",
              "ami-007002529d9d6182c",
              "ami-05c7f545f71453941",
              "ami-020808c46e186e128",
              "ami-0e6ff9ca8512fa50d",
              "ami-0698699d7a35e0bba",
              "ami-05bbc530fce519bb7",
              "ami-0546f58a2005018fb",
              "ami-060e6df85847725b6",
              "ami-0cd741bf170ecc41f",
              "ami-09d42726bf98f0440",
              "ami-0bf45d54eac438b64",
              "ami-0a1ebbcb7a80ed37d",
              "ami-052ab99f9508cc781",
              "ami-0e1146cf58176850e",
              "ami-0ee653b772e859e17",
              "ami-0aad61b0b8d6567d7",
              "ami-03085ee669027202d",
              "ami-06e99f9716fe73ffa",
              "ami-07d57c0aef2097f15",
              "ami-0a47eb5f85b07481e",
              "ami-041362ea173867643",
              "ami-094680e83af241c04",
              "ami-0362acdc03ba7e585",
              "ami-02291f281a0870cd9",
              "ami-0b78a0f55f624a3c7",
              "ami-04bba5ef54229f4b7",
              "ami-0bcd7df6c0b108a6c",
              "ami-025d410346bc0e30c",
              "ami-024150198c75bfe80",
              "ami-0fd20d9009a91ff7c",
              "ami-0e4985fc6e0fac426",
              "ami-0fdb2187c41632352",
              "ami-0169ca613076b5511",
              "ami-026af686dbcb27c3c",
              "ami-0ee4d7c36a9e178a0",
              "ami-0c2421ba83ce39400",
              "ami-0b5d2a314c1599741",
              "ami-02ca984c08dc4c418",
              "ami-0e4414c92c6095966",
              "ami-088936df193746ca1",
              "ami-03a03b53be48565d5",
              "ami-077f55f458b61a178",
              "ami-06f160d7701b51f1e",
              "ami-07b972722e746c0af",
              "ami-0cd47c0dd6defea9b",
              "ami-0cd5fcfa6a6bcbf0a",
              "ami-0876582c21e2c0cf6",
              "ami-09ef67c064a8edc39",
              "ami-0daee3db6eacf3b7c",
              "ami-0e1975dd52f3ff249",
              "ami-056cf7bbef637073e",
              "ami-0aff609cfb0ec00d3",
              "ami-0d899ffdac44ba296",
              "ami-0434712aa283c3e96",
              "ami-0ab27d5ce79137fd1",
              "ami-00447ef78ac19fb0d",
              "ami-04b98d17de701318d",
              "ami-0573fde2b925e7def",
              "ami-0f41a77b6691dead3",
              "ami-0846817e3812d7476",
              "ami-09b80823f5be055f9",
              "ami-0d6bbb3973f07760c",
              "ami-00e664a520f1504de",
              "ami-04c8b0471fd1330db",
              "ami-0e789a53e283d609c",
              "ami-05f88ed6655b4bfa0",
              "ami-0e46f3a6f615f904e",
              "ami-0022cd76d4b6ef455",
              "ami-0f02b24005e4aec36",
              "ami-08d4ad2541b0f0b0d",
              "ami-02423d241530aad59",
              "ami-0514c9aa580e702ed",
              "ami-04f9da530583f1930",
              "ami-07a5e0b61aefff5f6",
              "ami-0aa63db81d56beedd",
              "ami-0f98ac10c3d6d328c",
              "ami-0764e9b3c77e6223c",
              "ami-012364a0edca53b7f",
              "ami-0b31f717f83ca66e0",
              "ami-0c7ba3575f6941ed2",
              "ami-01ea17583dc2ea106",
              "ami-0d3234bec84222e15",
              "ami-0390da9cc1b2f5382",
              "ami-09cf6f53ba5e03519",
              "ami-04b589afdfa5d5ed0",
              "ami-0bc3693392b486c87",
              "ami-00d2a033db5ce9675",
              "ami-0b44922679f11380b",
              "ami-043afc2b8b6cfba5c",
              "ami-0932a5dcd05698b51",
              "ami-03fc71e1b6ac53e4c",
              "ami-0244ed1d6505ddd87",
              "ami-04f3eb384ebc387b3",
              "ami-0116e94eb01a7d6bd",
              "ami-09c48f03b7936f5ab",
              "ami-08842c6c6be7cb1ca",
              "ami-0e505c94d7fa56b4e",
              "ami-023f23d050ba48a02",
              "ami-046566736de90c978",
              "ami-05c15320d9b14fba3",
              "ami-064b81d4b2bf99cd4",
              "ami-04c5f03255d2bc32b",
              "ami-01d8a2aaa81aa5952",
              "ami-08219f4793d6dc91f",
              "ami-078b46e3f03dad484",
              "ami-034c8991a551f964b",
              "ami-0fffe1aed100f0f09",
              "ami-056fadd7e644db560",
              "ami-0f13cc4f1a601c62e",
              "ami-0fe5c1ba030456932",
              "ami-0f079e56058f96800",
              "ami-00c58d753da357e55",
              "ami-0b37192b38cbb2f21",
              "ami-00845f45cb250b80c",
              "ami-0e54dc73c791e942d",
              "ami-08a386db46e230e35",
              "ami-09078738839bcd991",
              "ami-03fb99b19500e7052",
              "ami-096b753a28f7f411b",
              "ami-0ff7220ddccd26fe1",
              "ami-034bdedd5f7b8fc49",
              "ami-05b158bd079c9302d",
              "ami-0f6c19cefa8e2535c",
              "ami-0c116a17d494c702a",
              "ami-03837c1f76eee813f",
              "ami-0c1bf92792e407ac4",
              "ami-0104d1db97bd45366",
              "ami-0fd14a59d44da46f9",
              "ami-0806fa24840976b45",
              "ami-0bd245e5f54532e05",
              "ami-0e334c1173cf7db94",
              "ami-0d209c46e71238ef5",
              "ami-02773b5fdee753c9c",
              "ami-0376bb214e56be3b5",
              "ami-0f4ee7e9d09709b74",
              "ami-08564a84a2afaba8d",
              "ami-0796cfb11613183da",
              "ami-044b5b769c1d2f7ed",
              "ami-0c1796d4d0f82d2ec",
              "ami-047089bcc93f9f16f",
              "ami-0c912b333c24b5b83",
              "ami-068d0599f3d8a36e8",
              "ami-09d8368be6fc324b9",
              "ami-0e9261f9c2a64b14c",
              "ami-0d2be713aaa76fdb7",
              "ami-0a6ab057ecefa3ec0",
              "ami-077ad7fbed1b7ac0e",
              "ami-0ab301b58c4b0decc",
              "ami-0a06d22fed4ad4808",
              "ami-0ec79ac8fefe06614",
              "ami-0a6dd2dfe55885625",
              "ami-0e9c46d5b5c4383a8",
              "ami-073a77af6a578f8f1",
              "ami-0697ae259b1c4b736",
              "ami-0d3390cfeb68f4b34",
              "ami-06ce0d387ae99c246",
              "ami-06c434882abf47edd",
              "ami-0630fedeccc34e51b",
              "ami-05f7b08847b9915c5",
              "ami-0ec7ba769e9d058d7",
              "ami-05862dd75a75bd42c",
              "ami-047933c635fd06e77",
              "ami-0a8c48c355f40f82d",
              "ami-055b56935c6750a2e",
              "ami-0dfacf29e68ba0347",
              "ami-0a3eb5a1af4a5ef33",
              "ami-098d2c33cd49881c8",
              "ami-065220d018599b45e",
              "ami-0286c386b54c49916",
              "ami-0eaa495b1244ebd85",
              "ami-0d1885af0cbc6fbd8",
              "ami-0087c5d30fbcc4be6",
              "ami-09311ec435d657804",
              "ami-01d26af5545bb5ed0",
              "ami-0d0ee42629986c65d",
              "ami-033c0e09fdaf79ddf",
              "ami-0db53c4c3922277a4",
              "ami-035682d0e8fc88e84",
              "ami-0243afd3b15a3bfa1",
              "ami-0fea1195423190640",
              "ami-0d9233e8ce73df7b2",
              "ami-03a302e6e510032b4",
              "ami-02acf39ce6b37891f",
              "ami-00e25e18f465d4f86",
              "ami-0d6fe92d68970dfc5",
              "ami-091c615c3864826ed",
              "ami-032e68393e3712d6a",
              "ami-00dfd9d8a6748af65",
              "ami-02b56ebf203934791",
              "ami-0bd8212c42dbdfe43",
              "ami-0cbf74d251d341e47",
              "ami-0cee595853b3dda00",
              "ami-01145079f6ac01a19",
              "ami-0fe9088add6c9f25e",
              "ami-08149c99309623c8b",
              "ami-05c64f7b4062b0a21",
              "ami-0d530aebe660d624d",
              "ami-0bb6a855cae2f1209",
              "ami-0267ddfb946ea55b9",
              "ami-0a715b67a350cdf88",
              "ami-0310a9b646b817d26",
              "ami-062c95132f5843ff2",
              "ami-01513190999da3648",
              "ami-0f3de823c5aa17272",
              "ami-0eafc4ec712e71000",
              "ami-04e66e5c13dafa188",
              "ami-0d0f6ba74e03d53a0",
              "ami-009ec8dd35b7e044b",
              "ami-002999b2f9103152a",
              "ami-0860dbca19ec2591a",
              "ami-0c07dba3bf60e6ccd",
              "ami-024a58dc3e6f0d78b",
              "ami-042c3d0d64b7a88da",
              "ami-024ce53b56277d5d5",
              "ami-0f6a6dd17f9738b54",
              "ami-038849851c82653ab",
              "ami-00d2326c531c761de",
              "ami-0a79d06eac522ab7d",
              "ami-0544e45ff895695bd",
              "ami-0dc893bb9bbce0c5c",
              "ami-0cafd37c874e366fd",
              "ami-07440b4c09df0d25b",
              "ami-03f678dc403d577c0",
              "ami-04fde95b5cb22e360",
              "ami-06d0256b121b98f96",
              "ami-0a87684fc0ad32504",
              "ami-025677f24f339b509",
              "ami-07f4c974f2d88df56",
              "ami-0fbb52d4b1a2cb8c1",
              "ami-0c6f3adedccdad58d",
              "ami-061145325f47a0e45",
              "ami-0b421ef316357a45a",
              "ami-0d527cb7d9677b0b0",
              "ami-0e2fed01f19f5761e",
              "ami-08545750ed75fa90e",
              "ami-0e31ac373021a18c6",
              "ami-08d3bf20ff66a8125",
              "ami-0ab0206f56fc9996c",
              "ami-0025907f3b064d407",
              "ami-0e74c3e126294aa5e",
              "ami-0d84add10b25e4592",
              "ami-00fc5664a84d3ea56",
              "ami-006124de1c99607fd",
              "ami-0b71e1f0be50a72ef",
              "ami-08f9c79187d4e4401",
              "ami-02f7d1ad180f47c44",
              "ami-02bca8c1793743056",
              "ami-0170fc29117e551af",
              "ami-00657e431465c006f",
              "ami-0e385e1f9d7d94d73",
              "ami-07b1a196227f36603",
              "ami-0c78a19992606e124",
              "ami-07f0033cddc7fcf7f",
              "ami-0a49f562e6ebddc7b",
              "ami-0adeb71db8f9a4bf0",
              "ami-055bd3ce32fc1995d",
              "ami-015c9cf163f79a9fc",
              "ami-021985f4d83af3dff",
              "ami-0324bd90520301182",
              "ami-0834e9da8c3b5b3e4",
              "ami-0e6fdf17b3b2b47ef",
              "ami-085fa6358b4f345b5",
              "ami-0a64ea5d826199742",
              "ami-07cda0bf444d6c124",
              "ami-09652fd6266da0ed1",
              "ami-024e8e4b5929376c2",
              "ami-0390f795cab4cd93b",
              "ami-086c2eaa88b0b1d51",
              "ami-03d1666a1305dbbbc",
              "ami-0d54cf8a959dc29b3",
              "ami-05e3e93ef19238edb",
              "ami-0544dc4e3b087b500",
              "ami-0f506b89962971598",
              "ami-0c912077aa0b3dd99",
              "ami-01570c95d9a72b01a",
              "ami-096af358d72f246fa",
              "ami-0df0f3f5bb3f1c47e",
              "ami-068ac2551d74c275b",
              "ami-027bebfbf07c031f0",
              "ami-0057c32d6a9cbe735",
              "ami-0e509933c8222ca51",
              "ami-056aa1071e5d8361f",
              "ami-09371259b33c74397",
              "ami-0c5d434c11072f709",
              "ami-06d62bbde4874f4d3",
              "ami-08d99151d6d254a17",
              "ami-07539a31f72d244e7",
              "ami-03d666b1bdce65599",
              "ami-0c3212deec9f46a8b",
              "ami-072a8da171a41d501",
              "ami-0c50972de70542179",
              "ami-0b3c1a3f41760c79a",
              "ami-0b4d60ad72a21b24f",
              "ami-0668c7dbe340b7d51",
              "ami-01b90c25c362ebc36",
              "ami-09b5595ca5976a991",
              "ami-0cbdd806111b0cf78",
              "ami-00284773b1ce04e80",
              "ami-0ebab3567f74a770d",
              "ami-0225fa356c6456b84",
              "ami-0e902ea25780e2bb5",
              "ami-0f34f6365fe69ffe4",
              "ami-02e62247bda4c269f",
              "ami-0c3982d02380f4057",
              "ami-0433e7647ad0a27a6",
              "ami-0ec8110beb50fece4",
              "ami-03a8ac8740d6ddcd1",
              "ami-01f8ab559d7207d21",
              "ami-0e1ef76692974f6a6",
              "ami-0baa81231c278c1ac",
              "ami-0e1980c9639dc0881",
              "ami-04bd9ff1c863a4ebf",
              "ami-0d275f57a60281ccc",
              "ami-0a91084c1447100ed",
              "ami-028208562f7b0ab2f",
              "ami-0a936512f38b4b2f4",
              "ami-0701f0c9a5e645fe6",
              "ami-0314dc517b3b580d4",
              "ami-0d47d5a0149e6b54b",
              "ami-0ad82205e09f5ed11",
              "ami-033c61e55226e5f3b",
              "ami-0c1d421b3a7648d9e",
              "ami-0ca6a38661cf4219b",
              "ami-0bdbf88d4d98b5462",
              "ami-0e444dac3c57a4718",
              "ami-0a96b74013b79da62",
              "ami-05536d8fd75c5a540",
              "ami-0efb53072c3197065",
              "ami-07ea773ee5aa16bd6",
              "ami-0023d60a8d51c5149",
              "ami-01aa420961c426466",
              "ami-0edb67617e3261b6c",
              "ami-0a5d19741c666e9c7",
              "ami-057afd62284a553cc",
              "ami-0ae61cdde97a7ed11",
              "ami-00bda64edc1be48c7",
              "ami-0a55da6efdb307688",
              "ami-076cd5f0b630df229",
              "ami-02e31290ee83470f7",
              "ami-031f13a488e258a5b",
              "ami-08691f3a30bd6227e",
              "ami-0eeb8d6d88b0e651d",
              "ami-09e92ffa316727386",
              "ami-06b527b6b6088c4a4",
              "ami-0eb2cab0e859306a6",
              "ami-01f07b3fa86406c96",
              "ami-07d16dcba5870e773",
              "ami-0a3ade35903b398d4",
              "ami-013173c155744e54c",
              "ami-0078bf2112ce68167",
              "ami-01904f86d1e6ccd6b",
              "ami-05aaf58c3b69bbfe5",
              "ami-00bc44311b2a53e3b",
              "ami-080a6a1fc7f0744b5",
              "ami-00942d7cd4f3ca5c0",
              "ami-0a23147cbe5f31b06",
              "ami-05254f74061232077",
              "ami-04617cc891a0617bc",
              "ami-091517ebdfd25ddf6",
              "ami-0df908cbf2fb4855b",
              "ami-0d01c8832e8b0915b",
              "ami-0fcea58286fd03da5",
              "ami-0cd4a7f4663d47eb1",
              "ami-029dea1cec375ddb4",
              "ami-0f13894a37a7f56e4",
              "ami-01d27b88284939f95",
              "ami-0d0cbc32747a23c92",
              "ami-02476834aedb114e2",
              "ami-05f0629a0924a69c4",
              "ami-0e949d373435309bf",
              "ami-05e2ca0e4aaaf54ce",
              "ami-08bde9b97d6988240",
              "ami-03e759fa483655762",
              "ami-08920239b82b3ba14",
              "ami-0d47169d015684d9c",
              "ami-0af40e602642c923b",
              "ami-027f80877ae985bf8",
              "ami-0893ed42e2d5a6aa1",
              "ami-0da1f080a444c1399",
              "ami-04b35a6c3e119e4b9",
              "ami-04c56675be83713fe",
              "ami-04b6bdd6d699be446",
              "ami-0d757d2066299de02",
              "ami-0d36e769c3740627e",
              "ami-03608ef0db797e52e",
              "ami-0ceb9f1a0dac9c97f",
              "ami-0880e0b0f33c7fb79",
              "ami-0e9d2f7af1e16cd09",
              "ami-098211361dc332db0",
              "ami-01dd8773100a995b7",
              "ami-0bb77b23ce5ec1ed0",
              "ami-0bd590bc825043f5b",
              "ami-0e6df5e879db30271",
              "ami-0ac91e70c9f882141",
              "ami-0e260512871be9960",
              "ami-0dfd0f227eabe017b",
              "ami-0269d092419fab926",
              "ami-0eff96b32fd0466c2",
              "ami-0758a9b359d92e825",
              "ami-061d8d6d13c7dae0a",
              "ami-0578c57adaba22c0b",
              "ami-06fa2e140489df99c",
              "ami-0b9eb492c1c507dfa",
              "ami-0211775fb265ab4e9",
              "ami-0acc11a164a74725b",
              "ami-025879a2069f1f8bb",
              "ami-0afa7464ee10f996d",
              "ami-00c7d908e78686db4",
              "ami-0c332b6906b5d54dd",
              "ami-0f15c5bdbc9291716",
              "ami-046a1f8f73a8e6bab",
              "ami-02151f269ff0e659e",
              "ami-0dc53f6199a160c4f",
              "ami-00045ba16e8e517d9",
              "ami-03f3d5fb5357453b3",
              "ami-0ee5c97984edc4325",
              "ami-05d34d9079b74bb17",
              "ami-0bc229d430d9cd6b6",
              "ami-08bb3c60a48f1e1f8",
              "ami-00cb6c52460374190",
              "ami-0c844ec128a350a93",
              "ami-0c49a23216219a626",
              "ami-0bae844d2db370b92",
              "ami-0282db6324651936c",
              "ami-084ff62d3057dec63",
              "ami-01a9d9e969ac956f9",
              "ami-07411846a050344cc",
              "ami-030dc075fc6872ad7",
              "ami-0194403233bdbda14",
              "ami-0270bde231d067d5a",
              "ami-0f6f25628adb61d58",
              "ami-0a91acb1e838203d1",
              "ami-04ca4a1de42e9de4c",
              "ami-03a2cce9abe958c6c",
              "ami-031f40f55f6e41971",
              "ami-03d81cd01a1b8597f",
              "ami-04860c47e211f9b2e",
              "ami-0cca8c385ef630f54",
              "ami-0dcb0ab1622a5a471",
              "ami-0f7795fd38e5b8a7c",
              "ami-018310ea8dbf6288e",
              "ami-02cb1dde08bf8baf2",
              "ami-0aaa6d1e08e1e271d",
              "ami-06bef02fb90a20c9f",
              "ami-0db5173875566c541",
              "ami-060c2188ad8ce8232",
              "ami-0a7cb1b5dd6a7db93",
              "ami-0afd16d0f511b35e2",
              "ami-06dc3d9853850a571",
              "ami-0eb791a7b355464b3",
              "ami-000d8eb95527e8399",
              "ami-01f49fcaf7bc4c7d0",
              "ami-0833dbfb374494bfb",
              "ami-02bb3ef1cffc4b6d4",
              "ami-0e01065079bc8399f",
              "ami-0464a1666aeeee98b",
              "ami-091857abe9830b2c5",
              "ami-0ca3c77af502cb785",
              "ami-0b2add2f8df1827e9",
              "ami-0dacedb6ee0d2a9fa",
              "ami-067fa57859c07f46d",
              "ami-0ab20274925b44097",
              "ami-09551de637af84f5b",
              "ami-0be8541ae4d62789f",
              "ami-03c446c7e5fa76418",
              "ami-05e0fd7de199a7571",
              "ami-00f1418a117e72ace",
              "ami-01830636873a7beb8",
              "ami-089e8db6cdcb5c702",
              "ami-0a29e0a4556a8bf32",
              "ami-0e1b939f9078db87e",
              "ami-090c36005ca9167d1",
              "ami-0578a47c6685d5df4",
              "ami-02dfea041a9129f28",
              "ami-0dea357cfdff5d81a",
              "ami-0321419024e0a3b7a",
              "ami-0479c590a1b4f91da",
              "ami-07e5bc491d2ec43e1",
              "ami-04aff8301e51a47e4",
              "ami-044d6be5df6aa258e",
              "ami-07696966feacc8e7b",
              "ami-07f34d09a8d7fe5a4",
              "ami-0013f4890e2ce167b",
              "ami-0503f4de442edeef2",
              "ami-0d26e45a1e5422b8e",
              "ami-0a2f0c38a5ef4b617",
              "ami-0245f1242f1e6dda4",
              "ami-041c2f996f20a4ab5",
              "ami-029ab188fceaea4eb",
              "ami-051be13df42bd1bb1",
              "ami-080f13eddf43fb48c",
              "ami-0f196e42f81d1b684",
              "ami-0b06524b2cfa9a3b1",
              "ami-0081e455172862b59",
              "ami-050e9c2df3852a009",
              "ami-0e70b015601d18f05",
              "ami-0a906203f1799c557",
              "ami-01347675719a240fe",
              "ami-02b27a073c4c1185a",
              "ami-0ae27b723ba6682b1",
              "ami-0d6b3fcb5cac3e447",
              "ami-0c7a55d512b3ddb43",
              "ami-089ea33b387ce537a",
              "ami-0ccd1d8bff7ed1606",
              "ami-0588cc83f0a817cec",
              "ami-06a770d3ab2a8d907",
              "ami-0717b18b99e58cc05",
              "ami-01fa404a0b5f509ba",
              "ami-048a01c78f7bae4aa",
              "ami-0e0633e885e5c04d4",
              "ami-08fc6005ea86ca801",
              "ami-046aba05daef38436",
              "ami-037beb2c75a1a0900",
              "ami-02db5f17aa9a2a661",
              "ami-0785f67c331ae389a",
              "ami-00d3987c04abda900",
              "ami-0f89266f97e827295",
              "ami-01841a00b5ce38361",
              "ami-0f5c0395b8be18354",
              "ami-091be3937a2eff3e7",
              "ami-010d2d402e14f7fbf",
              "ami-016aa3d2db3f99672",
              "ami-0ff2f82215e72b462",
              "ami-069874ad9f41f4dc7",
              "ami-02053ca57c2fdd67a",
              "ami-06d599a9dd4e3fd36",
              "ami-0012a981fe3b8891f",
              "ami-0af84920287f0858d",
              "ami-0e3f89d522ee02746",
              "ami-03ddd7fff62e6e372",
              "ami-0aed1953da59a1251",
              "ami-0d1613d697ee9991d",
              "ami-01eb44b590acc2d37",
              "ami-05c859630889c79c8",
              "ami-0cd02d87add5d0579",
              "ami-05ab00911168ec7af",
              "ami-044e4ffc1b38da631",
              "ami-0501b3a97bfc94792",
              "ami-03addc04ba15938fa",
              "ami-00ef3ab23f6a9d5d2",
              "ami-05607b2bb85484e39",
              "ami-0ff191d8d37d49517",
              "ami-05e5a915f5a16e6cc",
              "ami-044385ed729cbcb4e",
              "ami-0e2e26f083b91aa34",
              "ami-08d4d1bc5d79e56cf",
              "ami-05357ea4dad5e2cf4",
              "ami-003cb73efe1eb03cc",
              "ami-063e1d6b04003be35",
              "ami-007d7b076c0b1a5af",
              "ami-076b2ce0cf1631eaf",
              "ami-0847e7a60df1b1632",
              "ami-0c2d827b3e85effa7",
              "ami-0c585937f0b2a35c5",
              "ami-03547908565443a34",
              "ami-019bd719a3467e225",
              "ami-0341435cf966cb837",
              "ami-087f58c635bb8283b",
              "ami-0420c66a82472f4b2",
              "ami-06a42a7479836d402",
              "ami-0213fc532b1c2e05f",
              "ami-06206d907abb34bbc",
              "ami-08595c683d421d64a",
              "ami-0171c286f494f6eee",
              "ami-09f58b1a9c4aa3d56",
              "ami-00923597b32063906",
              "ami-0142c9e3ac1a804d1",
              "ami-0c39e8d67944ad868",
              "ami-05cac70fc27ab63f5",
              "ami-062451c593e42d515",
              "ami-082f0a27870b4c74b",
              "ami-0512f6448c02636ac",
              "ami-0053d63b0addfd294",
              "ami-080d0cdc2b149e287",
              "ami-0dafe3801762feb13",
              "ami-02d88bc16e228bead",
              "ami-04254a54a9ed588ae",
              "ami-00eb8fd3dead3b045",
              "ami-03be18d8650e894cc",
              "ami-0bf94c321e9204f19",
              "ami-095646932fae3745c",
              "ami-079a32b9f24a0b99b",
              "ami-08f369b3b39cd047f",
              "ami-097220229a614a568",
              "ami-0643b9ce23b85bc66",
              "ami-0547070ac3790b1a0",
              "ami-0935b0d3400a7d555",
              "ami-07da33c63f30adcd5",
              "ami-031a8025c784f9b2d",
              "ami-0697b5f1b6f7b0922",
              "ami-056c828247904aa56",
              "ami-0733a43b4e8d5ff76",
              "ami-00cb11e176af54796",
              "ami-0cca1ae4ed9ce21b1",
              "ami-0be78bdc6584bed15",
              "ami-09960fff652508c3b",
              "ami-008df267fcfcca4d1",
              "ami-058f054e945b76c1d",
              "ami-0fcca660cd66227f9",
              "ami-030b8d75fb0279242",
              "ami-0b60b816e74850b51",
              "ami-0c2f3e32c99bdf1cf",
              "ami-00d04230a7718d819",
              "ami-0d85b60d9a0b9e589",
              "ami-06029664fb224f580",
              "ami-0a56d7ffc6fc94a16",
              "ami-070db3b67e8fb8a56",
              "ami-0c35a0ef342e2d7c7",
              "ami-0768c2e0ebf2b048b",
              "ami-04b147081e72b8141",
              "ami-0797836c2582f62b3",
              "ami-0e51553a3f083c9d3",
              "ami-0497ef9ffb2284737",
              "ami-0fe2a6f9707c476f5",
              "ami-029ce3627b5418afd",
              "ami-0a3f75e65edaf0eb4",
              "ami-0fdd0762931c83e8c",
              "ami-0f97bb70521d4b126",
              "ami-0a0f1d1052dbf2ea9",
              "ami-0b5ce7aafeb22a162",
              "ami-0a1474b069c3a29a2",
              "ami-0359f6d598431f007",
              "ami-023c2253fabd75aac",
              "ami-05c6d22d98f97471c",
              "ami-07b25dd477ea57f82",
              "ami-01813416d767d88db",
              "ami-0501f530a5c42e9b8",
              "ami-07be5e97a529cd146",
              "ami-0361e14efd56a71c7",
              "ami-01be8fddd9b16320c",
              "ami-03737a1ac334a5767",
              "ami-0e001196bd450aa0c",
              "ami-05e92412054db3f87",
              "ami-029b65710f075da3d",
              "ami-07f8ccb046b3ce697",
              "ami-0fad1be2cec08d8a6",
              "ami-08409fc6ce32b83b9",
              "ami-09f7bd1214930447e",
              "ami-01214736a38624c69",
              "ami-08d6747682f585f33",
              "ami-089e9ec1cb6b4f401",
              "ami-02541cb79ba5e43d7",
              "ami-05ec87612c44a1f4a",
              "ami-0d0570a3a6ef7bf0d",
              "ami-0d32f67adb562f6a6",
              "ami-0e5e1dfbdc6dc2f08",
              "ami-00b414d96514ae402",
              "ami-00ef904722fb88fbb",
              "ami-01181360467afcb97",
              "ami-035b9e25423c62431",
              "ami-00f3dae926190577d",
              "ami-057b63ff270fc37e2",
              "ami-0550026a48534d040",
              "ami-03ce1f3893c224be3",
              "ami-07e755b7d0ca07df1",
              "ami-046e5ac496eed14d7",
              "ami-034bb7b3719433386",
              "ami-08964713cc902ea56",
              "ami-0b48b549b483b36df",
              "ami-0a9cb7e5c75384387",
              "ami-0274e990fd383eea8",
              "ami-0bfeabb5d5db2f8ca",
              "ami-0dd43d82fda0d5ed6",
              "ami-0a601568fa5098f47",
              "ami-006c4751418d52c86",
              "ami-0f7281e62ad311134",
              "ami-0870581b9b18abfee",
              "ami-06299b3972edaf44d",
              "ami-0899acb1c8f022628",
              "ami-015379bcc2152bcf9",
              "ami-080d5cbbe62684885",
              "ami-070356c21596ddc67",
              "ami-02da52339df9ca5db",
              "ami-0e9d1cafa95748325",
              "ami-0b4e0b882538adfbf",
              "ami-06bb5d5822356af8c",
              "ami-0e4765e83bbfe8536",
              "ami-0a293956a1c3d84f4",
              "ami-0b9a1b747930d6a0f",
              "ami-05d35300d491fd9a8",
              "ami-098d8ffe111f6a7d7",
              "ami-0990e63e5b370de17",
              "ami-039e04926c02f37bb",
              "ami-0741a4c1757d23cff",
              "ami-072469c4238f163b8",
              "ami-01f7527546b557442",
              "ami-0a049a078abd8ade3",
              "ami-0d660fb17b06078d9",
              "ami-054db05dce73fc060",
              "ami-0726645aa38e7fe38",
              "ami-0654c7681c0b39e0c",
              "ami-03aac5db3e7d8b3fe",
              "ami-03af29136c199bf25",
              "ami-0b5ec5c25c4a363b5",
              "ami-069420baa400c17c8",
              "ami-0617aebc491cad6fd",
              "ami-07d1d0f722f6dea33",
              "ami-0f57a02d1b3784aa0",
              "ami-0cd628b93aa0f7085",
              "ami-063495ebb3f98ee4c",
              "ami-038d6ca9e9a260871",
              "ami-0437b5358d83fe3bc",
              "ami-0205f5b33045371d1",
              "ami-01c732096fb4f4882",
              "ami-0866b0d669a2c576e",
              "ami-0ceecb159d00e092c",
              "ami-04a8f1a6aea1e94f9",
              "ami-05891c57656c415cb",
              "ami-0cdd6e7afa5136b6f",
              "ami-0da51610ed9b15e3f",
              "ami-0e76a59f2d2b8640d",
              "ami-0fe0e6318382cfe83",
              "ami-09d845dd4a6c7e8b1",
              "ami-0993e7d5b0c4adb39",
              "ami-0fd0de0c2f881c09e",
              "ami-0309369aa9694281c",
              "ami-08766558d648d75a6",
              "ami-0fd63ebcc8fc5d795",
              "ami-087e0fca60fb5737a",
              "ami-07d55ccb38a4b3b48",
              "ami-040bdde117f3828ab",
              "ami-0eac990c415d9d900",
              "ami-084e9f3625a1a4a09",
              "ami-0458fc52e306065d9",
              "ami-0538e8e564078659c",
              "ami-097afb35fa0bbda8f",
              "ami-0e8baaccc62ee0a9f",
              "ami-0ea01db1165a2ad74",
              "ami-0572a71c2d32167e3",
              "ami-0d02efc6263c3677d",
              "ami-002950278b91377b4",
              "ami-04a1e51d187f6c5b3",
              "ami-0ab4477b838bb8bfe",
              "ami-06a5f483287fe422a",
              "ami-05d76e33bcc99e302",
              "ami-0b84a001c1597fd43",
              "ami-01392b7618f5444d3",
              "ami-0c589a39c762868f9",
              "ami-0e7c3bd45424bb2d7",
              "ami-0f0808dc48ce899ad",
              "ami-08c1d20649b7760b5",
              "ami-088efae1b4f81f95c",
              "ami-0dd2a4c52b830a53e",
              "ami-0b5b3fa688e6ecc50",
              "ami-0c07b3e01e3b1c4f2",
              "ami-03cb4ea09e122df01",
              "ami-06a8692ec96bd5890",
              "ami-064682fda7d9df28f",
              "ami-0fcf79ab964f2a125",
              "ami-013093b20c1ec7e99",
              "ami-0ea565a189812c681",
              "ami-048f90a78782fb992",
              "ami-0b74c51b155a8ec7d",
              "ami-0fc644c6b2e83080e",
              "ami-032972d63639bf894",
              "ami-0d2462fe5a692e3ad",
              "ami-0b7af51bb79d70ef9",
              "ami-0785f8c85eb200131",
              "ami-05e09f77938d86fa1",
              "ami-0602ae7e6b9191aea",
              "ami-053a03b986f599cd5",
              "ami-01aa6d985f124ba03",
              "ami-05ee54b314d0e4085",
              "ami-0c0498531c33ca8ad",
              "ami-027f5b67ae5869dc0",
              "ami-0eeaea1a1aecd3f8e",
              "ami-0ced1067152340b73",
              "ami-0ea3fe37652a0de3a",
              "ami-0fb6b6f9e81056553",
              "ami-04768588e12928b4f",
              "ami-00993e75f0b291251",
              "ami-041ca5c2f5b748966",
              "ami-02105387481bd0ad0",
              "ami-02079735c20c1ac4e",
              "ami-01899e9a659eb2267",
              "ami-09ca9a6a8fee71ba5",
              "ami-01a52575d6cb3e30e",
              "ami-0c8ef5b3cf8888930",
              "ami-0450397bd25f3d552",
              "ami-04175e3172a136b1c",
              "ami-0cd5a41618425a9dc",
              "ami-08fc07b748fbdb160",
              "ami-0d94dae61349622ac",
              "ami-0c80417c2da2219e3",
              "ami-0975a2237f616abc8",
              "ami-00f596fcbda0cebcc",
              "ami-0e824b06f84f8707d",
              "ami-0f7047dcba73215e9",
              "ami-027a13629ca2be368",
              "ami-078ecc2518f5d2d9b",
              "ami-034d548364ca895b8",
              "ami-0cbf4ecbd2fa119bc",
              "ami-01f289427934d0b59",
              "ami-0c947e1693ae9d923",
              "ami-018fce5f29eaedaf1",
              "ami-0bb1c1689cf87fe27",
              "ami-08d36f994b50899b6",
              "ami-0dff1695bf33ed072",
              "ami-0a88762bc282ec680",
              "ami-0271926b6d9dc44b4",
              "ami-0d3881308557db029",
              "ami-04e915024a0985887",
              "ami-0bb2ba781cb1c6526",
              "ami-07fa95fb47a98c04b",
              "ami-0f5a1596fc8f98eee",
              "ami-0b38cf8bf6a89c0a4",
              "ami-046e24ad46e4bd935",
              "ami-06a3a3e6ee1c81d65",
              "ami-036d0867fdc8e0ec3",
              "ami-06a8747b1c99089d8",
              "ami-00d399f065dc02177",
              "ami-0d40b57efd5dd61b4",
              "ami-0f006250f5a018a16",
              "ami-0171bfc4f6407db1e",
              "ami-013d270b6d039c8eb",
              "ami-0751bf073c4233fef",
              "ami-08442c37c131cbe3b",
              "ami-071d2ea15bb38aab0",
              "ami-0ed7d36d2516a7c8c",
              "ami-0d5479dc311545473",
              "ami-01e4e76a981b7bae0",
              "ami-0fc2f035b851b7521",
              "ami-0f85f0a43090280b3",
              "ami-004fbdca5f1465d23",
              "ami-0d8f67aea86f8df32",
              "ami-059a25014f33167fc",
              "ami-0534d252b6f9ee53b",
              "ami-06a3466e86726f0dc",
              "ami-0941607f66de22901",
              "ami-089951c15775770aa",
              "ami-006f56e679f202b32",
              "ami-08ff60392bf785b9b",
              "ami-0d4196e150088c30d",
              "ami-0a7f7e2c1ed67a5a1",
              "ami-09c12f9a44e1b8e48",
              "ami-0d3f22a6208c7008f",
              "ami-0b5d996cccccdc6f8",
              "ami-094624284219b753e",
              "ami-0b9f9b5478db35a59",
              "ami-021b7c1bff7fc53b7",
              "ami-0dd04c6648875fa86",
              "ami-040a9135605de4ead",
              "ami-0584a2a472d487d69",
              "ami-0e7e7aba164a5f559",
              "ami-0a0bc148136f4ab62",
              "ami-03724d636daadbda6",
              "ami-0cb0a427838f76b5c",
              "ami-0574a7f54cf23f122",
              "ami-03097abf0db1cdff2",
              "ami-0d44bbc0bba0493de",
              "ami-0131c0c47922b4c1e",
              "ami-0b56e4981cb06a654",
              "ami-03893996ba1620bc0",
              "ami-0b78efd7fafc3f93a",
              "ami-0047bfdb16f1f6781",
              "ami-0d073901cb231d495",
              "ami-0afd30d9c6088b75f",
              "ami-017f021aaf4404f18",
              "ami-0d748e30dc875bdff",
              "ami-078575654f10b0085",
              "ami-08f9db9cfa59fe2ac",
              "ami-06c1eb7db5648aab6",
              "ami-0b5a47f8865280111",
              "ami-058b68a584e65459e",
              "ami-07806ed0920f2d87f",
              "ami-05dbf76873ca09e3b",
              "ami-0cbedc8991d631c78",
              "ami-061a31659cc7d38ed",
              "ami-0452812eaca47bfce",
              "ami-02d98e71775735ad3",
              "ami-047dd35d1b344aa17",
              "ami-01d0609e942559149",
              "ami-0943e88c99c681e3f",
              "ami-03c41b87cfb4a55ab",
              "ami-0ce394e6faee38518",
              "ami-08e0a6e0d5e22df29",
              "ami-0ed65c81cd076ac90",
              "ami-000ce989867413e4e",
              "ami-0f784e8d9290e0f50",
              "ami-0597821ac99a481e3",
              "ami-0fa2ec4e5f0402d8d",
              "ami-0797bab1b0c4e2e10",
              "ami-00d963bc33028a530",
              "ami-07817bef31f28c917",
              "ami-0777ba213a821689d",
              "ami-02ef15e557c6015d8",
              "ami-02ccd0845ed9d124a",
              "ami-0403e26fb7d1ed060",
              "ami-07b98f3c390d326ca",
              "ami-0841288252d4a9aca",
              "ami-003a916e8ca08cb47",
              "ami-0653a5dd78d34cd22",
              "ami-0400ff57505d25eab",
              "ami-0200cb7c97c5b31db",
              "ami-07a857289cac70b4e",
              "ami-012366f0dba6ace75",
              "ami-057588676cc985df4",
              "ami-086b9c6f9904580ee",
              "ami-064737eebdfd1743f",
              "ami-0b1acc036182a393d",
              "ami-020bddec2601744b3",
              "ami-039862b1d78e73a4c",
              "ami-0e587a0be5342619b",
              "ami-085af0b8b00d173ea",
              "ami-01dfe64747ca0ff28",
              "ami-00bfebe1e4167582f",
              "ami-065697266048d0ad4",
              "ami-0703d70391deeaac5",
              "ami-08a4d11361265841e",
              "ami-0a5427eda6b8838ce",
              "ami-05df56252ccd5dec4",
              "ami-02765874ae9822174",
              "ami-0e8c2106c14830743",
              "ami-0d12c378d8010fee6",
              "ami-0a71790b2d0a53bff",
              "ami-075e4fe0f5ab6985e",
              "ami-0b1be26473f1379f3",
              "ami-018366c2d8f02d3b3",
              "ami-05a46a4794ce8565a",
              "ami-0b3941ff05b054eee",
              "ami-019a5c1b254fc4a85",
              "ami-0a69e6f6dc071c229",
              "ami-093466a9ddf993da9",
              "ami-00f50d8520c92f485",
              "ami-03fe3308645e534b4",
              "ami-044184ee7e3c89e97",
              "ami-0cbfbb02548d45e1f",
              "ami-05355ff46a189485c",
              "ami-088c9e74dcfccdb7e",
              "ami-0c5b69a05af2f0e23",
              "ami-0962019d4f4ce50a9",
              "ami-04e47a1e7ce1d448a",
              "ami-0c39937e9ae643ecd",
              "ami-0b63a13236ce5b8d9",
              "ami-0576b4b2db8272abf",
              "ami-03df9d0a89a448c63",
              "ami-03b015a13daa9ff8d",
              "ami-0d9dc25160f371f1f",
              "ami-0e275758dab7da953",
              "ami-04fa9f8c3fea92777",
              "ami-00d2c245f04f44af9",
              "ami-04a9c4d2381e3a31b",
              "ami-0710de60fc5e1cceb",
              "ami-07b922b9b94d9a6d2",
              "ami-00c91afdb73cf7f93",
              "ami-05dac5d0ada75e22f",
              "ami-040c400865e1de92f",
              "ami-08d0778a157a42cac",
              "ami-06ba9fdf2310377dd",
              "ami-0456fe934c2622c54",
              "ami-0c823fe7ff4bf8f1b",
              "ami-0add9794409d61618",
              "ami-06cebb93fac571096",
              "ami-06e9434d0ecabfef6",
              "ami-0c0b12d83b22b2714",
              "ami-0cc9ee35725af1dd4",
              "ami-064d764bb85516f67",
              "ami-018d8edbbedef017d",
              "ami-093e01402d8974c37",
              "ami-0b320f92501448c3d",
              "ami-096fafef94b361398",
              "ami-08a61d1ed70bf3ba0",
              "ami-0655b4dbbe2d46703",
              "ami-08d5da0b12751a31f",
              "ami-09defa93988984fa1",
              "ami-0257bf20751cc9932",
              "ami-070d2e23131b2aaf7",
              "ami-01039282300e0f3d6",
              "ami-02ae30713fa4b7de2",
              "ami-002293b20720545aa",
              "ami-03cb43fe0bcbe65bc",
              "ami-0e64b2a57131991a9",
              "ami-07134a65dc81ab9d0",
              "ami-098a84cd13e1d109a",
              "ami-00978d48ef7ccc9f1",
              "ami-0f8746516fe9d13e2",
              "ami-0db072f8d73f46800",
              "ami-02548424ed59d3462",
              "ami-0dd6cdc40980aa9f4",
              "ami-0dad5e918629c4d74",
              "ami-05f39a543ca87d0c2",
              "ami-04da95bfd5ab750d7",
              "ami-083056866ead39279",
              "ami-0bcf1f44d7b451a5c",
              "ami-092f531651f34c27f",
              "ami-0b85a648bbe966424",
              "ami-05b096270d5abcca2",
              "ami-04248bc4210e00f87",
              "ami-0a76bfb3cf306304c",
              "ami-02a93988f1d106cca",
              "ami-0d3e25328f1adcce4",
              "ami-04c4a7f29cd0f50f3",
              "ami-0cac2b0201a03d81f",
              "ami-0e79a13859732faa8",
              "ami-0156896a55131c03b",
              "ami-0e1a806748fdd00f9",
              "ami-03035662b21d4e722",
              "ami-038679db791468aca",
              "ami-0b0e305d8a2db21e1",
              "ami-057b94510e366446d",
              "ami-07c78a1ab60842924",
              "ami-0dcb502f9a108c448",
              "ami-0aa81cdb80ffc02a1",
              "ami-07bae09461b7a3942",
              "ami-06ff48832aaf0ce5b",
              "ami-016c5301afb50a81b",
              "ami-0a09821510c3ed218",
              "ami-05a7bd74a593452d7",
              "ami-09270c138a5504c1f",
              "ami-01840da462964e9bf",
              "ami-084acdc57518d1e1e",
              "ami-00690960e72d02e3c",
              "ami-05e20e49e8b150b28",
              "ami-09efcd59674510b52",
              "ami-002ac4cfc2830537f",
              "ami-07384de381cbfd357",
              "ami-0aea596340d986f00",
              "ami-031f048fb243fe2b6",
              "ami-07dd66a9764fbb937",
              "ami-0b419c3a4b01d1859",
              "ami-0ba62a20f78ef85c8",
              "ami-0a6c13d83c0fdbf2b",
              "ami-0048aa797792dc515",
              "ami-0eb4239fe0f64fe58",
              "ami-01c097f7b4a4e3f6e",
              "ami-0df69e5eccd849e61",
              "ami-0627e2913cf6756ed",
              "ami-05481475326ffd9ab",
              "ami-0eb8507d0c9217f7a",
              "ami-02faec5370843346f",
              "ami-0f795ae28b6f998f9",
              "ami-056e7484078d6fac4",
              "ami-00158b185c8cc09dc",
              "ami-0cb89c94f68e5396a",
              "ami-084b71a47f7c857b7",
              "ami-0d8fee73833faed87",
              "ami-070fef5acc9fd3de2",
              "ami-0771cf73e73259040",
              "ami-019762c344b80574a",
              "ami-0b9eda9b936098dfd",
              "ami-0b57ecdd23db5bba7",
              "ami-0c962cba1dfd8b1d7",
              "ami-0116b45b55b09f5a3",
              "ami-0343b12e08422d8ae",
              "ami-0418cf81843d03a85",
              "ami-08eaaefd842eb45e9",
              "ami-0633e389c177cc2e5",
              "ami-089768b0fc6b134cb",
              "ami-0960989bf9de9caac",
              "ami-004a3d8e79a88f9fe",
              "ami-05bdc52e8913188a1",
              "ami-07b3670a977e4c174",
              "ami-089fa199786190de3",
              "ami-0150602749b67bfba",
              "ami-038d55c26bf01998f",
              "ami-0fa3f3282eb89b795",
              "ami-0b888d564499e93d6",
              "ami-0f5f5c726eabf14a2",
              "ami-025b0b82ed61ff97f",
              "ami-0bb07812f89292e62",
              "ami-0db9d5a2c2f4f595c",
              "ami-0f930d4b04131d3f6",
              "ami-02c9638c6fb9e873e",
              "ami-0fc3e478e456dfbcc",
              "ami-04e1a82ea5cbf1648",
              "ami-090fcf06ad11b6070",
              "ami-08b839ddf26862858",
              "ami-03cb8465e12ab8c9d",
              "ami-0c1260104f7977de8",
              "ami-0c9cd50cb6e7e01e3",
              "ami-0f1abe169d3188ee6",
              "ami-004c5b541f20a48d1",
              "ami-0ab7f4a6546e689c9",
              "ami-0d5c5b27e8b7d2ce7",
              "ami-0030c2d81d9495bfd",
              "ami-0123c89a9c0ba6d70",
              "ami-09b2728f827008fff",
              "ami-043059002c064cb26",
              "ami-0625879f46135f8de",
              "ami-09d492d260e561cf1",
              "ami-08c29f1753dec9474",
              "ami-07fc2557b1a47953c",
              "ami-05146e33fa9e74289",
              "ami-0a61a2447350af2c4",
              "ami-021c3aa1c86e988f1",
              "ami-043c0dd80dbf74538",
              "ami-09000fbf202a73b1e",
              "ami-0060b85deeedbaebf",
              "ami-0c6d833aa54c06333",
              "ami-016d2ce4b5af52d01",
              "ami-0259fa36209206030",
              "ami-01c5a0f3151202f36",
              "ami-02a1da80d6e5ccba4",
              "ami-0ca61d3ef28cfbaf9",
              "ami-00df391eb41e2afbd",
              "ami-045cf9cf25274f91a",
              "ami-03af9f78c752b9dae",
              "ami-04ba6b4c3b4ce9f17",
              "ami-030c789a75c8bfbca",
              "ami-0a3df91af7c8225db",
              "ami-0c1fbf54fdbd05d66",
              "ami-0832659b906418cfb",
              "ami-0ee10f77c7b266494",
              "ami-0d265234721d82758",
              "ami-0db996323dac4ccbd",
              "ami-08881adee40ba0c2d",
              "ami-060c7b75c31ac0a2a",
              "ami-00ae2723e3c86c93e",
              "ami-0c03463560215f93f",
              "ami-096e70642983085ac",
              "ami-042529a6e55665077",
              "ami-022d42ecc9e16d7a0",
              "ami-09b965b4d74a4c5e2",
              "ami-04770d89e9dedfa8b",
              "ami-0435b0f68079f2646",
              "ami-09a2005b309995fb0",
              "ami-0d0da8c445acdc0e1",
              "ami-0e1d42ce253f8d1d6",
              "ami-0868ea3484cc0cd39",
              "ami-06534f8692c419582",
              "ami-044c38d8c0100ea15",
              "ami-077b987c8b7a6462e",
              "ami-069a1c8534aead929",
              "ami-0cb0687732af17517",
              "ami-073f6646edbdb60bb",
              "ami-0717138fbd83a27cf",
              "ami-0cb42e37d10648015",
              "ami-0682d1d30b5f95fae",
              "ami-08e5da9189efe8c50",
              "ami-0bf8a7a4bb3c457c1",
              "ami-004e38efc87fb7b3a",
              "ami-0a244df8202d20163",
              "ami-07db0c83a8fabd1f4",
              "ami-070491a6c7393b919",
              "ami-066729fb2435e6200",
              "ami-0c9a3f5a030e3d968",
              "ami-0a895148a0a473165",
              "ami-0f35fed1b69aae99f",
              "ami-0bcc5113940352323",
              "ami-01b38eb99644977f9",
              "ami-02e21809369b46670",
              "ami-0cb03ac4369018640",
              "ami-099a2a84a4b218974",
              "ami-08846ef9f8d58d471",
              "ami-059ceefc95fc884b8",
              "ami-0649b7d9dbd02abb5",
              "ami-00fd1bcfe9274295c",
              "ami-04ff5b7bf25d6ed71",
              "ami-006090fa66264df1d",
              "ami-0eb36fad27e8f2d8b",
              "ami-06a5d8d3019db280c",
              "ami-0864c5cc092d2621d",
              "ami-03f314c4616858659",
              "ami-0d70330c406f70b4e",
              "ami-0df53e88b01fd44d9",
              "ami-04677bdaa3c2b6e24",
              "ami-07b2f08f038cfb95e",
              "ami-078eab85279731b3d",
              "ami-01964b4e1fbb1d71c",
              "ami-0ac3510e44b5bf8ef",
              "ami-019966ed970c18502",
              "ami-06227143764cbe5b6",
              "ami-0b62a2301e9954559",
              "ami-0dfcbb2a0dad09e8f",
              "ami-0d53ac3145db0eace",
              "ami-096fede9f1da25c57",
              "ami-00fcdc55bd29f691e",
              "ami-0d00309b80b772532",
              "ami-0e3de99412375e882",
              "ami-059ba95190db36590",
              "ami-058bcd8377aba9bef",
              "ami-00aec4f4163196c81",
              "ami-0b538ce7adf7aa1cd",
              "ami-098192a9e5d034d44",
              "ami-0be9c5cecccc3f30e",
              "ami-0b0500a85da1b2599",
              "ami-015a859a6fec1bcb9",
              "ami-00d1d0aea3b3edf7a",
              "ami-04a5dbaa4f7ef4406",
              "ami-0146855225e691123",
              "ami-0ec4ae342ffb8d934",
              "ami-01b22ea0a402f9372",
              "ami-05919d166719c3eb3",
              "ami-0988c6d3876e0b29e",
              "ami-0777d32f6e45f5e96",
              "ami-0f31084b3ee0396bf",
              "ami-0a2cdc2849be7238a",
              "ami-000bb12749d36d68d",
              "ami-0100c4aef0243b16c",
              "ami-0b6499e9a36d8757d",
              "ami-0627ef65c0468ce6f",
              "ami-060824421d499b091",
              "ami-05e93ef778e953855",
              "ami-08a6ccefd87545766",
              "ami-069361480706f302e",
              "ami-074acbf20aa22df0c",
              "ami-099312510208cc0d3",
              "ami-0563d0646a1cc2dde",
              "ami-00db94a0965a886a6",
              "ami-0c41aa45d20a39f40",
              "ami-0519dd6e5152b62af",
              "ami-015d6ae08e9b18527",
              "ami-036d6f3c165fde292",
              "ami-0a65c760fa615d291",
              "ami-0560cd735948d72a7",
              "ami-04a65cba81afe1599",
              "ami-00a9116ac85568257",
              "ami-0a4115b168fdfc66d",
              "ami-0917339d2664bc90f",
              "ami-0f908de5b452e9eea",
              "ami-096ed737d32c8865d",
              "ami-00853b50926fd6974",
              "ami-078a17c1aad985204",
              "ami-013cfcce32de42c3b",
              "ami-05be7c9ed539309d3",
              "ami-03967c26c592600d9",
              "ami-077fa3f6cb01122db",
              "ami-059c6c4cb9d353ead",
              "ami-019b93bdcb8d499ba",
              "ami-09dfb1478dc499b95",
              "ami-0abbc7f71da968649",
              "ami-0e938b7ab939af912",
              "ami-0acdefc45450700bb",
              "ami-09c7f43d50c4f3d1c",
              "ami-00f382db3ad456970",
              "ami-0f9ecfd36e41420c7",
              "ami-016099a8f28768e4e",
              "ami-00f2f2958f7a7cdc5",
              "ami-079221766542c4384",
              "ami-03cda198b57ede704",
              "ami-0bc97856f0dd86d41",
              "ami-0549ac6995b998478",
              "ami-0b4aeacc188d2f2b2",
              "ami-0d9b1a49c5af61346",
              "ami-0bd45a1a09daa9bdd",
              "ami-00e9eddc21e2a9173",
              "ami-08d780297341ea85b",
              "ami-0ef1c851298d26d89",
              "ami-0fe28aa2a30cff789",
              "ami-0772c2735b9873c15",
              "ami-0928dcb7d0ac45956",
              "ami-0d4eb941163b15610",
              "ami-0ffdd5c8e02b0fb35",
              "ami-0a1434d1b1cc0d796",
              "ami-0e610ef49bd276b35",
              "ami-06da905c5023cdb40",
              "ami-08b9bf173d5068b99",
              "ami-05b3bcf7f311194b3",
              "ami-076941e055585816e",
              "ami-08d0427c42d530622",
              "ami-09b047ceaaee2ebd7",
              "ami-0bfc59c48350b0f80",
              "ami-06fb959fc57e006b2",
              "ami-00a3e888607364133",
              "ami-0d8c110c332b58e3d",
              "ami-03d1dcc1cc4b20fe0",
              "ami-0de9ffaa4ff899aa5",
              "ami-081d5981c22875da4",
              "ami-0498192507ebad50e",
              "ami-02e29d8fd4d482e25",
              "ami-0ecdc51daece56de8",
              "ami-0be7b31d38541c0ab",
              "ami-0b369c6a05f65c313",
              "ami-0de8634ead0609f94",
              "ami-0489eed0efb87d0ff",
              "ami-0f159f1d80385ccf0",
              "ami-03ea49be079f66596",
              "ami-037ca3ba2cc91a5e5",
              "ami-02f4e3bd2c420374b",
              "ami-0a605e082277477a1",
              "ami-0772030b2f2886014",
              "ami-01514bb1776d5c018",
              "ami-0c3f885d651aa6faf",
              "ami-0c3d526aea857aeb9",
              "ami-05e42136747e1bcbe",
              "ami-0f1b8b353cc75a2de",
              "ami-03bc44a72766422d8",
              "ami-085ccc3efa26ccb68",
              "ami-07ad70c269d8a418c",
              "ami-0037434ed0fa8b28b",
              "ami-00cbdef8d2acf44a7",
              "ami-0aa88018a7a8a9c8c",
              "ami-0a9a51976070732fa",
              "ami-0e9e53e44acd2ead4",
              "ami-0a1231ab4a38646fe",
              "ami-049c52885be77a749",
              "ami-00002ff56d4daeb00",
              "ami-09a3a6d62e6083b1a",
              "ami-0b84d2c53ad5250c2",
              "ami-018d9f3a71efd1e21",
              "ami-046e40ec8a32a7f54",
              "ami-030d37fc8462f96f6",
              "ami-0e28ff4e3f1776d86",
              "ami-050865a806e0dae53",
              "ami-018de06a427eb92c4",
              "ami-08fe9c5fdd7a87908",
              "ami-04ed25928f9bf6608",
              "ami-0299dab302d24ca6f",
              "ami-05eacfc084bdd26c3",
              "ami-0a85db3d9cda2d8d2",
              "ami-012f0ce0586712f3b",
              "ami-05f63ebee1896fe32",
              "ami-090160e13ca207e65",
              "ami-0c0290b9dbf8c8bd9",
              "ami-01c7dea7383d68199",
              "ami-0e3347da2cf1031e1",
              "ami-0b214d4b3c138108e",
              "ami-0468d54cdb59464d9",
              "ami-0b33b357d8a2f1e6e",
              "ami-056f81870b3be5165",
              "ami-034bc8db858ccd776",
              "ami-0a0a2c823c1cefe38",
              "ami-03ddbbc69851e4ef3",
              "ami-059c66e7d54aa384b",
              "ami-06d61b17271fedd2a",
              "ami-09e0849bcf4811ec8",
              "ami-0bb41d4f2cfc4ca15",
              "ami-070b86fd24ef2d7c9",
              "ami-044ee41b74748b14b",
              "ami-0ef67040197e26c33",
              "ami-01122ad2b1c4db300",
              "ami-06d97985d8d4c770d",
              "ami-088d7b25746e2010e",
              "ami-0d35514d778e5a173",
              "ami-0f3e54792eee8135e",
              "ami-0af5e7ee14f7c5e81",
              "ami-081cde29f6b044a1c",
              "ami-07d3ac4ce6e609383",
              "ami-0958152cf41b75cf0",
              "ami-07bf79df1832318ed",
              "ami-0e078f53177a6e1dc",
              "ami-0a7840528212550d1",
              "ami-00b7edd0bd3aa9ed2",
              "ami-05cf68efe39b9265a",
              "ami-0e15fdc8d7218f782",
              "ami-05d57cbadb9a13d06",
              "ami-0c923a5b0f97e71d0",
              "ami-0f7827db82d7fe7a0",
              "ami-0ee368c057ee7d227",
              "ami-07d9a1ec1090c8ba1",
              "ami-043982c0249bd6140",
              "ami-0364b437aff4c1d2c",
              "ami-044f6b65ca57f16dd",
              "ami-0cb1211af7d24ee96",
              "ami-04afd31999de83e1a",
              "ami-0a87c7caf19db6e44",
              "ami-0639c9bf78c544adc",
              "ami-0708011c79a3d67ff",
              "ami-09a85d7a2acba5ba6",
              "ami-07e197b774403d939",
              "ami-09038f8bbcf7cda96",
              "ami-0e5433a63472987d4",
              "ami-0d27765d44eb43ec6",
              "ami-09a0fa3d2b5f6c16b",
              "ami-0c2e97c303d81c186",
              "ami-0178652610815ec1e",
              "ami-052c83609505cfed3",
              "ami-0ece39def0cfbd462",
              "ami-00a47efa3cd9d7df5",
              "ami-01dd6a0fd6390bd9a",
              "ami-0ad8580d8b6cf8e97",
              "ami-0b1d58cecc7eee3ce",
              "ami-01d0735d73518f6b0",
              "ami-0e176b29b1d38c661",
              "ami-05be7410da5f9f911",
              "ami-085fd1bd447be68e8",
              "ami-0332cf924587fe3fc",
              "ami-058a9303e6981d6f0",
              "ami-05f6f09152f797ae9",
              "ami-0c7651b9ba9ccb0b5",
              "ami-038d420a8db4f0b95",
              "ami-033164515d8204610",
              "ami-041abe3853451bde6",
              "ami-0b99cd6d64ef2ed6a",
              "ami-0a929c7eb913824b9",
              "ami-02cc4ec9bbf9eac1f",
              "ami-036a8fd0dcfc8f9e5",
              "ami-0021a29f2a6bcab74",
              "ami-06fd884c56cfe4f5e",
              "ami-026a714b7d08c737d",
              "ami-01bf50d46bead843f",
              "ami-0031456e2e359231b",
              "ami-02ce4e46ca873697e",
              "ami-0d339c926f9d35ba3",
              "ami-0d413135984f7bd97",
              "ami-02ab2d97bea65a826",
              "ami-08eef0c7d23753d49",
              "ami-0d4d4a42a45fb8e4a",
              "ami-02d201b995c1b6da8",
              "ami-09c45692c56745105",
              "ami-06440b0c27fd930f7",
              "ami-08156a26619b07895",
              "ami-08d4fe232c67b81b8",
              "ami-03e042cc9c0d960cd",
              "ami-0ff62c32b984512d7",
              "ami-0feaf7dec24843f6e",
              "ami-05a73d7171e3240a0",
              "ami-0fca02518e0faeb84",
              "ami-0f5a6be76d594254f",
              "ami-040c22e2be509358a",
              "ami-0a118d30b3d6261c2",
              "ami-0d3bace0654b82b81",
              "ami-01a4404166c9c3d74",
              "ami-0eeef3428d37c4225",
              "ami-06190570cf455031a",
              "ami-05336bbe2c373fb69",
              "ami-0faab0ff8b7af6452",
              "ami-001b5238bfcb32a40",
              "ami-04bc5dd743aa55448",
              "ami-0f67499750e64577a",
              "ami-0e0db365e243c2806",
              "ami-0b125a33b6a669e43",
              "ami-01ecb8feb44f063f4",
              "ami-0d7204303a6281932",
              "ami-01ce8149d2e4ae3d5",
              "ami-05220795f69b35036",
              "ami-083e2da0dbff152ba",
              "ami-0f15ea920cfd5433c",
              "ami-0084a407983c7216a",
              "ami-031149f6b7f1dee91",
              "ami-0c09da96620f37bb9",
              "ami-07319a86894f5c720",
              "ami-06dee4f53d40ab371",
              "ami-05e895e818e8e6698",
              "ami-0fb8725aeca2e2a8f",
              "ami-045ad36d08524c199",
              "ami-075d775f021e92894",
              "ami-0cdce4d637d54c656",
              "ami-04c3ddca4fea3f161",
              "ami-046f84d4273a0914f",
              "ami-03d901320ea72a386",
              "ami-0086422cb2d22cdbe",
              "ami-06610f443913f350c",
              "ami-0817cd5d3a1d28580",
              "ami-021f611c1d78b5734",
              "ami-0cad928385c5a3970",
              "ami-0ecf911d1a6d73dfa",
              "ami-0ad247d1e1afc3da6",
              "ami-03e6ce1927f14876c",
              "ami-0848625cad2f9a94b",
              "ami-0ff2fda9990b9ab32",
              "ami-0e98168f3e7330d23",
              "ami-0f9d1b9aedab9e037",
              "ami-0430c44fdc9cfa816",
              "ami-0163f3059261330dc",
              "ami-0556d84ed48f69710",
              "ami-00098301adf158558",
              "ami-0dc58e1545b4bf43b",
              "ami-0372daeac4757d14d",
              "ami-0193616a8641f5ad9",
              "ami-09ce6d0c5a7672cd3",
              "ami-0dee83d52e8360580",
              "ami-0665ca1d4bdda7584",
              "ami-0d24a33641c3cdc5e",
              "ami-0fbc9e026bfd34fbd",
              "ami-01bf17bb17f274318",
              "ami-0a3f70f0255af1d29",
              "ami-012432924574765e0",
              "ami-05dbe10811686289b",
              "ami-088b3dc34957d3a0c",
              "ami-0b663fa316eaca5d4",
              "ami-049bc2cf65187cc2a",
              "ami-02454c7370b0d9156",
              "ami-0f76bbf7bbdad2f33",
              "ami-04d38499711ee75bb",
              "ami-03ae39638891587a7",
              "ami-062d5b489f6957a60",
              "ami-0399e202af00ad48e",
              "ami-0246c3d1324293760",
              "ami-0d586ef3509fd8a3a",
              "ami-0bc19b8ded3362d7e",
              "ami-0942f3d03662f2891",
              "ami-067cd362b3450f30f",
              "ami-014a0029622855abc",
              "ami-0f154cf8b2cad65af",
              "ami-09a260dddfb32278d",
              "ami-0f43a200e872d31f9",
              "ami-0db5f22b2071d7cfb",
              "ami-00cacea84e280ab2e",
              "ami-01533824e99c98d0d",
              "ami-0fef8c3913ed215c5",
              "ami-0cb4ca60f163d6115",
              "ami-08b750feabf642580",
              "ami-0afd43a08ac65b20c",
              "ami-051a7234e1c1f12da",
              "ami-00e048254937fcfde",
              "ami-08d32dabd59085dc1",
              "ami-0637c944a57083da2",
              "ami-065c0bd2832a70f9d",
              "ami-0b2061298a36768eb",
              "ami-06a0961988acb0d75",
              "ami-0c44b33fddceb4ef8",
              "ami-0cda92636d607b812",
              "ami-002a08d777c96da6a",
              "ami-0f610508513f2012f",
              "ami-00063e5635939c9d1",
              "ami-03428422e2cb20c9f",
              "ami-01e6359021e3bac23",
              "ami-038312aa862774599",
              "ami-048cf2a5223e16cf4",
              "ami-03d77a0b771d0fba1",
              "ami-0f464d50f0f9a8942",
              "ami-0bcdb9f8c184c0dea",
              "ami-059895770fc7c71d6",
              "ami-0b7fa2558d3435dce",
              "ami-0d6240335aa9deaa6",
              "ami-08975db9f8c95f590",
              "ami-0f1f1270a77d36512",
              "ami-05e099bb5a679690d",
              "ami-00273719bc3e35e43",
              "ami-08074ad61980b0eba",
              "ami-0dda6133d43940c97",
              "ami-0ee71a43de2d79e2c",
              "ami-03ca7583e5894d035",
              "ami-0752a1941c90776e8",
              "ami-03da53fd036aedfea",
              "ami-03af1599220bad042",
              "ami-01cf0c0b5d2821933",
              "ami-010b60569c15d94e9",
              "ami-014d661bd9d397736",
              "ami-0396a33863943ea2e",
              "ami-0675da1e4cb94a487",
              "ami-09461569dde4a0224",
              "ami-0d91ebee1ba7cfd58",
              "ami-05607ea759999a4f8",
              "ami-01aff995814ab83b2",
              "ami-0c718cce2c6f884bf",
              "ami-022438042fe11bf8c",
              "ami-0af2751b4c52a4b84",
              "ami-0c297bdecf4ffc461",
              "ami-0fcb765c51147282e",
              "ami-071d2443007a7be2f",
              "ami-0a67758a7d15e2c8b",
              "ami-0232d7a448924ddde",
              "ami-0f1764185d6dec1a9",
              "ami-06b81f464343abd55",
              "ami-046f7f287710b2d96",
              "ami-0b87767bbc0969388",
              "ami-0920c364049458e86",
              "ami-01cbdb58310bccc3a",
              "ami-081051ade0498d502",
              "ami-0ae95671afac01725",
              "ami-07584123e9bcf8196",
              "ami-086a9d2d7908fbcbb",
              "ami-02ebfa62de9d6b331",
              "ami-021e49892145e1949",
              "ami-01d2b9aa96fa0c983",
              "ami-02f48ecbf146cef12",
              "ami-08c381ccae8a63b04",
              "ami-0dfe6a441cdef0375",
              "ami-01e1c3fd510c4ad17",
              "ami-05fbc138ebba72bdd",
              "ami-0dcb849bc313539e2",
              "ami-061dabca00e8b0357",
              "ami-0c89cef34abb9c7e0",
              "ami-0e53c8d9b4fb7ed8b",
              "ami-0b67449081fd60591",
              "ami-0ae3472b32ac6f5a1",
              "ami-0fae460e6454f13b3",
              "ami-0cf87050dfce62fd8",
              "ami-091bf462afdb02c60",
              "ami-07c249f394874e147",
              "ami-02d8c26087eb5879c",
              "ami-08b0ebb75eac06fa4",
              "ami-0bd4f159e1e321631",
              "ami-09b6732070eb988d8",
              "ami-0e947263d20b5554e",
              "ami-08bc21f3dd4954331",
              "ami-038ba0feadc75604b",
              "ami-050031d1ee58263a1",
              "ami-0686959382f85b5d0",
              "ami-08aa5a2f527aa9cb5",
              "ami-073c8e138e617440d",
              "ami-0052ebe208731e57d",
              "ami-0c9d656801593da1f",
              "ami-019b6ccc288b7b112",
              "ami-0f9a98e765ea81178",
              "ami-02578f486dc896974",
              "ami-09d8b953d62ea6612",
              "ami-01da99628f381e50a",
              "ami-00cc30e1735b3268b",
              "ami-0cf24653bcf894797",
              "ami-0fe23617accff1901",
              "ami-0f248bcac6ff5bc17",
              "ami-08569b978cc4dfa10",
              "ami-0c2120d5f14d0084f",
              "ami-0d5dbec83dfd4604e",
              "ami-0a318515629ae86fd",
              "ami-04763b6d5ab6fe9a1",
              "ami-0361624d72c8a68f2",
              "ami-04c58c0a1362cf322",
              "ami-051315bd54b57f941",
              "ami-0d9660e32a2879446",
              "ami-09e7c11dff307917f",
              "ami-0df491267e758cfd9",
              "ami-01c5e976a763a64f3",
              "ami-0c9d83cb30cc74ff9",
              "ami-054c8e33140c6097d",
              "ami-00471cd0294db459a",
              "ami-0b1e36f62c49ca5e0",
              "ami-0906171125e568de6",
              "ami-0bef352d77e24f2e3",
              "ami-0e1566e9c8eb85002",
              "ami-be5a1b54",
              "ami-ae1b5a44",
              "ami-dabdfb30",
              "ami-176225fd",
              "ami-cc612626",
              "ami-0d6225e7",
              "ami-0e6720e4",
              "ami-a564234f",
              "ami-3b1d59d1",
              "ami-a8054042",
              "ami-d007423a",
              "ami-29c481c3",
              "ami-bb99dc51",
              "ami-06eec4db7a3965f04",
              "ami-07df16800a8f39379",
              "ami-0d3382bea35764ad2",
              "ami-04950204e84f8bf64",
              "ami-02181eb4bbe285f28",
              "ami-042f8e553c13eedaf",
              "ami-0a4b5e6fb7db4727d",
              "ami-0a13ced46f41c47fc",
              "ami-0da0647d021bca746",
              "ami-0ebba2805a700368d",
              "ami-acd3ab46",
              "ami-b0e29b5a",
              "ami-a9e09943",
              "ami-50ed94ba",
              "ami-eaf28b00",
              "ami-2390efc9",
              "ami-3c92edd6",
              "ami-5898e7b2",
              "ami-f998e713",
              "ami-fa9ae510",
              "ami-2e5728c4",
              "ami-d1552a3b",
              "ami-ea5b2400",
              "ami-2f641bc5",
              "ami-296619c3",
              "ami-717b049b",
              "ami-670f708d",
              "ami-72790698",
              "ami-f77d021d",
              "ami-e794e90d",
              "ami-a198e54b",
              "ami-5f696623",
              "ami-f709058b",
              "ami-a48586d8",
              "ami-cd8083b1",
              "ami-05868579",
              "ami-838685ff",
              "ami-39fcff45",
              "ami-ed838091",
              "ami-d6fdfeaa",
              "ami-c8fcffb4",
              "ami-1dedee61",
              "ami-1dfdfe61",
              "ami-1ffdfe63",
              "ami-ecedee90",
              "ami-fefdfe82",
              "ami-0ecc6b5c92b1e095b",
              "ami-05442df0d36cf0626",
              "ami-01aa2d92941695274",
              "ami-0b412ab84df22606b",
              "ami-0b76a34e5564ee2b6",
              "ami-58979724",
              "ami-778b8b0b",
              "ami-bf9696c3",
              "ami-39909045",
              "ami-6a959516",
              "ami-4683833a",
              "ami-9fc7c7e3",
              "ami-4fc7c733",
              "ami-4cc7c730",
              "ami-873737fb",
              "ami-4ac7c736",
              "ami-6611111a",
              "ami-bf2525c3",
              "ami-bc2525c0",
              "ami-2f222253",
              "ami-120a0a6e",
              "ami-90a7a6ec",
              "ami-ac3534d0",
              "ami-d35455af",
              "ami-d45455a8",
              "ami-2f545553",
              "ami-2e545552",
              "ami-64b9bf18",
              "ami-2aa4a256",
              "ami-a89b9dd4",
              "ami-7d323401",
              "ami-dc3e38a0",
              "ami-040c173f770d8948f",
              "ami-09555649a6bee7b69",
              "ami-030771765a1101265",
              "ami-0ce7dce420b05943b",
              "ami-0e2b3651fe0a5734f",
              "ami-05698f82a71d681a5",
              "ami-09ea5ded27d637404",
              "ami-0ec3e28b2ac566a80",
              "ami-ac1823d0",
              "ami-b11922cd",
              "ami-424a733e",
              "ami-624d741e",
              "ami-4db48931",
              "ami-51c1fc2d",
              "ami-93caf7ef",
              "ami-36d3ee4a",
              "ami-44e4d938",
              "ami-f6d6eb8a",
              "ami-fddae781",
              "ami-86dee3fa",
              "ami-ace7dad0",
              "ami-0fe9d473",
              "ami-5defd221",
              "ami-251f2259",
              "ami-e31c219f",
              "ami-911d20ed",
              "ami-99221fe5",
              "ami-a6300dda",
              "ami-4a340936",
              "ami-6238051e",
              "ami-543d0028",
              "ami-8e4b7bf2",
              "ami-b75a6acb",
              "ami-0058b5ca304002a08",
              "ami-0866ef4e4b2d35eb4",
              "ami-f617268a",
              "ami-54122328",
              "ami-c81021b4",
              "ami-e12e1f9d",
              "ami-0c2f1e70",
              "ami-154f7969",
              "ami-aa4a7cd6",
              "ami-1b704767",
              "ami-de7245a2",
              "ami-ebe3d797",
              "ami-10e1d56c",
              "ami-e8e3d794",
              "ami-dfe2d6a3",
              "ami-38e3d744",
              "ami-c8e1d5b4",
              "ami-04fdc978",
              "ami-46fdc93a",
              "ami-a6f0c4da",
              "ami-a7f0c4db",
              "ami-70f5c10c",
              "ami-eb073397",
              "ami-0b073377",
              "ami-c01226bc",
              "ami-e9003495",
              "ami-381f2b44",
              "ami-5c566220",
              "ami-846f5bf8",
              "ami-ed625691",
              "ami-946256e8",
              "ami-9e6256e2",
              "ami-3093a64c",
              "ami-0d90a571",
              "ami-df90a5a3",
              "ami-de90a5a2",
              "ami-dc90a5a0",
              "ami-ea90a596",
              "ami-a597a2d9",
              "ami-ae97a2d2",
              "ami-ad97a2d1",
              "ami-5397a22f",
              "ami-f258708e",
              "ami-0e0e2172",
              "ami-fc0b2480",
              "ami-d50c23a9",
              "ami-650d2219",
              "ami-0b501640a6f9143d2",
              "ami-94587ae8",
              "ami-0caf8f70",
              "ami-68af8f14",
              "ami-24ae8e58",
              "ami-32af8f4e",
              "ami-44ac8c38",
              "ami-822607fe",
              "ami-8c2607f0",
              "ami-29290855",
              "ami-b02607cc",
              "ami-64260718",
              "ami-04270678",
              "ami-0124057d",
              "ami-0024057c",
              "ami-0d240571",
              "ami-5327062f",
              "ami-c05d7bbc",
              "ami-295d7b55",
              "ami-305d7b4c",
              "ami-3b5d7b47",
              "ami-9a7a5ce6",
              "ami-627a5d1e",
              "ami-0d082d71",
              "ami-79705505",
              "ami-846144f8",
              "ami-70cf970c",
              "ami-35acf449",
              "ami-88bce4f4",
              "ami-dfbbe3a3",
              "ami-7ab9e106",
              "ami-dd752da1",
              "ami-b2722ace",
              "ami-7e732b02",
              "ami-e0732b9c",
              "ami-577e262b",
              "ami-557f2729",
              "ami-ee7e2692",
              "ami-0c7d2570",
              "ami-0d7d2571",
              "ami-0a570f76",
              "ami-c74911bb",
              "ami-0b570f77",
              "ami-4cefb630",
              "ami-b9f5acc5",
              "ami-3eb0e942",
              "ami-b4b0e9c8",
              "ami-4db5ec31",
              "ami-6181df1d",
              "ami-92bee1ee",
              "ami-13fca06f",
              "ami-9f1b47e3",
              "ami-15194569",
              "ami-05184479",
              "ami-f4d08d88",
              "ami-ec005d90",
              "ami-d71b46ab",
              "ami-acbcefd0",
              "ami-29184b55",
              "ami-12c4946e",
              "ami-fdc79781",
              "ami-cbc494b7",
              "ami-81c393fd",
              "ami-28c39354",
              "ami-ff613183",
              "ami-1c411160",
              "ami-76aafe0a",
              "ami-0096082b44d750d5d",
              "ami-5cabff20",
              "ami-01c65b84b18c66247",
              "ami-06a8d82f7eab74a45",
              "ami-cdabffb1",
              "ami-e3aafe9f",
              "ami-e1aafe9d",
              "ami-01dc4868b6b398aef",
              "ami-0a37132642ac6a0cd",
              "ami-edaafe91",
              "ami-0e225b4450d213d71",
              "ami-0eabdfd53ad7714b4",
              "ami-41aafe3d",
              "ami-050d232d4953bc8b0",
              "ami-8eadf9f2",
              "ami-03854b53876021c4b",
              "ami-e2adf99e",
              "ami-091952f218aa043cd",
              "ami-8baefaf7",
              "ami-f88ade84",
              "ami-82e8bdfe",
              "ami-4b632b37",
              "ami-ded39da2",
              "ami-63d9971f",
              "ami-7cdb9500",
              "ami-7edb9502",
              "ami-40713f3c",
              "ami-0a622c76",
              "ami-552c6229",
              "ami-1eb3fc62",
              "ami-30a9e64c",
              "ami-4fa9e633",
              "ami-85a8e7f9",
              "ami-4ea9e632",
              "ami-acaae5d0",
              "ami-85a9e6f9",
              "ami-2c602f50",
              "ami-fb7e3187",
              "ami-28a8e454",
              "ami-29a8e455",
              "ami-a4a9e5d8",
              "ami-2ea8e452",
              "ami-f59fd389",
              "ami-da9fd3a6",
              "ami-669ed21a",
              "ami-a8e4a9d4",
              "ami-78a5e804",
              "ami-3fa9e443",
              "ami-6691dc1a",
              "ami-e99ad795",
              "ami-7481cc08",
              "ami-2a89c456",
              "ami-e88dc094",
              "ami-3775384b",
              "ami-25602d59",
              "ami-e6e6a49a",
              "ami-05e0a279",
              "ami-75e0a209",
              "ami-b8e3a1c4",
              "ami-c0e0a2bc",
              "ami-da5514a6",
              "ami-d65213aa",
              "ami-66c98f1a",
              "ami-61286f1d",
              "ami-9d296ee1",
              "ami-eac08596",
              "ami-d5c287a9",
              "ami-a1374cdd",
              "ami-07374c7b",
              "ami-6084fc1c",
              "ami-ee82fa92",
              "ami-28e49d54",
              "ami-05e49d79",
              "ami-63e69f1f",
              "ami-54e29b28",
              "ami-d9b5caa5",
              "ami-1e4c3362",
              "ami-910d72ed",
              "ami-cac4b8b6",
              "ami-23c5b95f",
              "ami-adcbb7d1",
              "ami-83c4b8ff",
              "ami-65ceb219",
              "ami-bbd5a9c7",
              "ami-29d0ac55",
              "ami-94d6aae8",
              "ami-3cd6aa40",
              "ami-52d7ab2e",
              "ami-ded8a4a2",
              "ami-58d9a524",
              "ami-83daa6ff",
              "ami-81daa6fd",
              "ami-80daa6fc",
              "ami-2ce09c50",
              "ami-eafa8696",
              "ami-4f89f533",
              "ami-e889f594",
              "ami-c288f4be",
              "ami-dfa7dba3",
              "ami-1e0f7362",
              "ami-2708745b",
              "ami-68097514",
              "ami-3f0f7343",
              "ami-360e724a",
              "ami-270f735b",
              "ami-660f731a",
              "ami-350c7049",
              "ami-0a0c7076",
              "ami-0b136f77",
              "ami-1065176c",
              "ami-eb681a97",
              "ami-1c6a1860",
              "ami-306b194c",
              "ami-5e681a22",
              "ami-e1eb989d",
              "ami-aeeb98d2",
              "ami-95e695e9",
              "ami-38e59644",
              "ami-3be59647",
              "ami-8ee695f2",
              "ami-f2e4978e",
              "ami-4de69531",
              "ami-55e59629",
              "ami-40e5963c",
              "ami-a6fa89da",
              "ami-988af9e4",
              "ami-d85526a4",
              "ami-6755261b",
              "ami-f657248a",
              "ami-316b184d",
              "ami-546a1928",
              "ami-fd631081",
              "ami-cc7d0eb0",
              "ami-42087b3e",
              "ami-f60f7c8a",
              "ami-e40e7d98",
              "ami-e50e7d99",
              "ami-840f7cf8",
              "ami-5c097a20",
              "ami-d5087ba9",
              "ami-950b78e9",
              "ami-5f097a23",
              "ami-ee0f7c92",
              "ami-11097a6d",
              "ami-78087b04",
              "ami-bd087bc1",
              "ami-1d097a61",
              "ami-7b087b07",
              "ami-5e097a22",
              "ami-150a7969",
              "ami-170a796b",
              "ami-b11261cd",
              "ami-9c2c5fe0",
              "ami-012d5e7d",
              "ami-4e2d5e32",
              "ami-b31261cf",
              "ami-492d5e35",
              "ami-0b116277",
              "ami-482d5e34",
              "ami-19ec9c65",
              "ami-eeee9e92",
              "ami-36ec9c4a",
              "ami-fbff8f87",
              "ami-63e0901f",
              "ami-50f9892c",
              "ami-5dfa8a21",
              "ami-5ef98922",
              "ami-9dfa8ae1",
              "ami-71f6860d",
              "ami-a6f787da",
              "ami-e782f29b",
              "ami-839cecff",
              "ami-819cecfd",
              "ami-ef9eee93",
              "ami-889cecf4",
              "ami-569cec2a",
              "ami-ea9eee96",
              "ami-029beb7e",
              "ami-709beb0c",
              "ami-b69bebca",
              "ami-749cec08",
              "ami-c0ddabbc",
              "ami-8fddabf3",
              "ami-24dcaa58",
              "ami-10dfa96c",
              "ami-1ddcaa61",
              "ami-0eddab72",
              "ami-11dfa96d",
              "ami-6eddab12",
              "ami-14d5a368",
              "ami-5ee89e22",
              "ami-3ee89e42",
              "ami-e5e99f99",
              "ami-e6e99f9a",
              "ami-a1e99fdd",
              "ami-99e89ee5",
              "ami-e7e99f9b",
              "ami-34e99f48",
              "ami-02eb9d7e",
              "ami-9ae89ee6",
              "ami-75e39509",
              "ami-bcf187c0",
              "ami-1df58361",
              "ami-1ef58362",
              "ami-f5f78189",
              "ami-0db3c571",
              "ami-3db2c441",
              "ami-07b2c47b",
              "ami-0fb3c573",
              "ami-13b4c26f",
              "ami-e9b2c495",
              "ami-2a4e3856",
              "ami-1e413762",
              "ami-5f413723",
              "ami-c24e38be",
              "ami-2644325a",
              "ami-28463054",
              "ami-c65026ba",
              "ami-cf5026b3",
              "ami-805523fc",
              "ami-6c502610",
              "ami-ce5224b2",
              "ami-55552329",
              "ami-e9502695",
              "ami-7157210d",
              "ami-ca5422b6",
              "ami-4e6b1d32",
              "ami-eb6f1997",
              "ami-3e651342",
              "ami-38641244",
              "ami-ce7006b2",
              "ami-83097fff",
              "ami-740f7908",
              "ami-2a037556",
              "ami-a81563d4",
              "ami-fec3b482",
              "ami-5d87f021",
              "ami-6586f119",
              "ami-1c99ee60",
              "ami-7787f00b",
              "ami-ca87f0b6",
              "ami-a99aedd5",
              "ami-019ceb7d",
              "ami-9c9bece0",
              "ami-369ceb4a",
              "ami-ad9cebd1",
              "ami-340a6548",
              "ami-8e254af2",
              "ami-dc2d41a0",
              "ami-89ddb0f5",
              "ami-7304660f",
              "ami-0300627f",
              "ami-22e6855e",
              "ami-47e5863b",
              "ami-31e1824d",
              "ami-19e08365",
              "ami-d794f7ab",
              "ami-7a9af906",
              "ami-2093f05c",
              "ami-2492f158",
              "ami-b192f1cd",
              "ami-d791f2ab",
              "ami-b092f1cc",
              "ami-d691f2aa",
              "ami-6a8dee16",
              "ami-d38fecaf",
              "ami-7e8eed02",
              "ami-798eed05",
              "ami-8d89eaf1",
              "ami-3488eb48",
              "ami-f58eed89",
              "ami-dd8feca1",
              "ami-788eed04",
              "ami-d28fecae",
              "ami-89bddef5",
              "ami-26bedd5a",
              "ami-91bddeed",
              "ami-9ebfdce2",
              "ami-0ebfdc72",
              "ami-66bfdc1a",
              "ami-66bedd1a",
              "ami-68bdde14",
              "ami-1fb4d763",
              "ami-37bbd84b",
              "ami-36bbd84a",
              "ami-31bbd84d",
              "ami-6e7e1d12",
              "ami-4a7d1e36",
              "ami-bb7615c7",
              "ami-d67615aa",
              "ami-0b0b6877",
              "ami-fe0a6982",
              "ami-6a0a6916",
              "ami-08056674",
              "ami-2d046751",
              "ami-c60467ba",
              "ami-6a056616",
              "ami-fd056681",
              "ami-820566fe",
              "ami-890566f5",
              "ami-65523219",
              "ami-b45030c8",
              "ami-49513135",
              "ami-fd640481",
              "ami-7061010c",
              "ami-cf0262b3",
              "ami-5339592f",
              "ami-5e305022",
              "ami-1726466b",
              "ami-d18aedad",
              "ami-0746217b",
              "ami-ed1b7c91",
              "ami-3d107741",
              "ami-45e78339",
              "ami-0798fc7b",
              "ami-b5e782c9",
              "ami-48b6eb2b",
              "ami-46b7ea25",
              "ami-4dde8d2e",
              "ami-cbde8da8",
              "ami-d8dd8ebb",
              "ami-f8df8c9b",
              "ami-7edf8c1d",
              "ami-ec32618f",
              "ami-1cedba7f",
              "ami-1bdc8b78",
              "ami-b5d186d6",
              "ami-2cacfb4f",
              "ami-803d6ae3",
              "ami-0e3e696d",
              "ami-a53e69c6",
              "ami-3f3d6a5c",
              "ami-b03e69d3",
              "ami-c63d6aa5",
              "ami-af3f68cc",
              "ami-153e6976",
              "ami-053d6a66",
              "ami-763e6915",
              "ami-f18adf92",
              "ami-b388ddd0",
              "ami-f28adf91",
              "ami-8c88ddef",
              "ami-8d88ddee",
              "ami-498bde2a",
              "ami-ac8cd9cf",
              "ami-088cd96b",
              "ami-318dd852",
              "ami-dd8fdabe",
              "ami-bb8dd8d8",
              "ami-038dd860",
              "ami-1b8fda78",
              "ami-6e8cd90d",
              "ami-668cd905",
              "ami-ae82d7cd",
              "ami-ca3762a9",
              "ami-9dfeb6fe",
              "ami-eefeb68d",
              "ami-88fdb5eb",
              "ami-deffb7bd",
              "ami-ebffb788",
              "ami-9cfeb6ff",
              "ami-97ffb7f4",
              "ami-8bfdb5e8",
              "ami-50d69e33",
              "ami-08d59d6b",
              "ami-7f521a1c",
              "ami-b45119d7",
              "ami-134e0670",
              "ami-4f20682c",
              "ami-4e20682d",
              "ami-a72e66c4",
              "ami-2b2e6648",
              "ami-232d6540",
              "ami-382d655b",
              "ami-b82e66db",
              "ami-e82f678b",
              "ami-a92e66ca",
              "ami-712d6512",
              "ami-d70941b4",
              "ami-30f7be53",
              "ami-960840f5",
              "ami-7f08401c",
              "ami-14084077",
              "ami-7e08401d",
              "ami-6bf2bb08",
              "ami-4bf4bd28",
              "ami-58f5bc3b",
              "ami-95f5bcf6",
              "ami-e7c78e84",
              "ami-55c78e36",
              "ami-f5662f96",
              "ami-56793035",
              "ami-03531a60",
              "ami-ba5019d9",
              "ami-1880ce7b",
              "ami-2f8ec04c",
              "ami-d67937b5",
              "ami-3879355b",
              "ami-62793501",
              "ami-047a3667",
              "ami-dd7935be",
              "ami-60783403",
              "ami-13793570",
              "ami-6f7a360c",
              "ami-bc7f33df",
              "ami-ac7834cf",
              "ami-07783464",
              "ami-c8c98bab",
              "ami-b66f2cd5",
              "ami-726f2c11",
              "ami-92c988f1",
              "ami-76feb815",
              "ami-8bf1b7e8",
              "ami-8af1b7e9",
              "ami-dfffb9bc",
              "ami-49feb82a",
              "ami-46feb825",
              "ami-b9f3b5da",
              "ami-dbfeb8b8",
              "ami-a9f0b6ca",
              "ami-19f0b67a",
              "ami-3d17535e",
              "ami-e0115583",
              "ami-25175346",
              "ami-d40440b7",
              "ami-d70440b4",
              "ami-4dc9b22e",
              "ami-a3cab1c0",
              "ami-74cab117",
              "ami-81d4afe2",
              "ami-c3cbb0a0",
              "ami-45d5ae26",
              "ami-4ad5ae29",
              "ami-09d5ae6a",
              "ami-f3cbb090",
              "ami-77d5ae14",
              "ami-c5e69ba6",
              "ami-0ae79a69",
              "ami-c0e69ba3",
              "ami-6de69b0e",
              "ami-99f588fa",
              "ami-0597ea66",
              "ami-0697ea65",
              "ami-ca96eba9",
              "ami-5a91ec39",
              "ami-d796ebb4",
              "ami-0797ea64",
              "ami-c00375a3",
              "ami-12027471",
              "ami-ad2b5dce",
              "ami-7c295f1f",
              "ami-3f3b4d5c",
              "ami-3c3b4d5f",
              "ami-cb3d4ba8",
              "ami-0a3d4b69",
              "ami-8b3f49e8",
              "ami-223e4841",
              "ami-f93f499a",
              "ami-843f49e7",
              "ami-d13c4ab2",
              "ami-923e48f1",
              "ami-13314770",
              "ami-5a3e4839",
              "ami-7836401b",
              "ami-11c9be72",
              "ami-12ccbb71",
              "ami-2accbb49",
              "ami-56cbbc35",
              "ami-bccbbcdf",
              "ami-f5cdba96",
              "ami-98ceb9fb",
              "ami-a6cfb8c5",
              "ami-9ecdbafd",
              "ami-99ceb9fa",
              "ami-0fcfb86c",
              "ami-4bc4b328",
              "ami-16c5b275",
              "ami-48c4b32b",
              "ami-9ac4b3f9",
              "ami-11c6b172",
              "ami-59c4b33a",
              "ami-f3c4b390",
              "ami-27c6b144",
              "ami-65c5b206",
              "ami-6ac4b309",
              "ami-779fea14",
              "ami-fc9eeb9f",
              "ami-8c9eebef",
              "ami-ba9de8d9",
              "ami-2d9eeb4e",
              "ami-f99fea9a",
              "ami-f99ce99a",
              "ami-0493e667",
              "ami-6492e707",
              "ami-6792e704",
              "ami-a86208cb",
              "ami-b5147ed6",
              "ami-77157f14",
              "ami-04177d67",
              "ami-72147e11",
              "ami-2b147e48",
              "ami-43167c20",
              "ami-94177df7",
              "ami-57177d34",
              "ami-b6167cd5",
              "ami-48076e2b",
              "ami-010c6562",
              "ami-6d9ef00e",
              "ami-1f503e7c",
              "ami-12533d71",
              "ami-5796f434",
              "ami-cc8be8af",
              "ami-f88ae99b",
              "ami-a784e7c4",
              "ami-4984e72a",
              "ami-50bad933",
              "ami-9cbad9ff",
              "ami-674c2f04",
              "ami-bd5330de",
              "ami-994b28fa",
              "ami-9e4b28fd",
              "ami-0b442768",
              "ami-954427f6",
              "ami-0d4b286e",
              "ami-8a4427e9",
              "ami-0844276b",
              "ami-54442737",
              "ami-c64023a5",
              "ami-0a412269",
              "ami-756c0f16",
              "ami-6a6c0f09",
              "ami-2e6d0e4d",
              "ami-2f6d0e4c",
              "ami-fe6c0f9d",
              "ami-be6e0ddd",
              "ami-5f6f0c3c",
              "ami-2a680b49",
              "ami-2966054a",
              "ami-74650617",
              "ami-a76506c4",
              "ami-a46506c7",
              "ami-e1640782",
              "ami-33650650",
              "ami-900764f3",
              "ami-f7056694",
              "ami-08debe6b",
              "ami-0bdebe68",
              "ami-37cbaa54",
              "ami-2fc8a94c",
              "ami-83c8a9e0",
              "ami-48cbaa2b",
              "ami-1cc9a87f",
              "ami-97c7a6f4",
              "ami-63c8a900",
              "ami-52c7a631",
              "ami-9d1f7efe",
              "ami-25325546",
              "ami-ae0b91cd",
              "ami-6773e904",
              "ami-2a71eb49",
              "ami-ea53c989",
              "ami-b353c9d0",
              "ami-caad37a9",
              "ami-e3af3580",
              "ami-f1af3592",
              "ami-dbad37b8",
              "ami-f5af3596",
              "ami-b7ac36d4",
              "ami-beac36dd",
              "ami-ddad37be",
              "ami-cbae34a8",
              "ami-69af350a",
              "ami-6daf350e",
              "ami-81a832e2",
              "ami-7da8321e",
              "ami-1eac367d",
              "ami-2dae344e",
              "ami-2cae344f",
              "ami-07b02a64",
              "ami-eeb2288d",
              "ami-59be243a",
              "ami-feb8229d",
              "ami-1ebe247d",
              "ami-41bb2122",
              "ami-40bb2123",
              "ami-32b92351",
              "ami-1cbe247f",
              "ami-47bb2124",
              "ami-b7b923d4",
              "ami-fdb8229e",
              "ami-99b822fa",
              "ami-1db9237e",
              "ami-1cb9237f",
              "ami-58bb213b",
              "ami-63b92300",
              "ami-36b82255",
              "ami-07b82264",
              "ami-b6ba20d5",
              "ami-52ba2031",
              "ami-c7841ea4",
              "ami-09ba206a",
              "ami-51ba2032",
              "ami-3a861c59",
              "ami-77811b14",
              "ami-d269f1b1",
              "ami-646bf307",
              "ami-3d6af25e",
              "ami-5a6af239",
              "ami-2377ef40",
              "ami-6369f100",
              "ami-7368f010",
              "ami-8076eee3",
              "ami-fe76ee9d",
              "ami-4d68f02e",
              "ami-62bd2201",
              "ami-1906967a",
              "ami-c50494a6",
              "ami-3c04945f",
              "ami-5c03933f",
              "ami-0804946b",
              "ami-0b049468",
              "ami-d80393bb",
              "ami-23039340",
              "ami-2b049448",
              "ami-2f04944c",
              "ami-097bed6a",
              "ami-ee7deb8d",
              "ami-bf7fe9dc",
              "ami-387aec5b",
              "ami-8471e7e7",
              "ami-7071e713",
              "ami-4f71e72c",
              "ami-a47fe9c7",
              "ami-a671e7c5",
              "ami-2e71e74d",
              "ami-543aad37",
              "ami-f73daa94",
              "ami-ec3ea98f",
              "ami-0d3cab6e",
              "ami-e93ea98a",
              "ami-2a3daa49",
              "ami-ff3ea99c",
              "ami-a43ea9c7",
              "ami-fe00979d",
              "ami-670f9804",
              "ami-780f981b",
              "ami-e7009784",
              "ami-1f0f987c",
              "ami-1c0f987f",
              "ami-c50493a6",
              "ami-a10295c2",
              "ami-a37becc0",
              "ami-8a7cebe9",
              "ami-3e7ceb5d",
              "ami-3f7ceb5c",
              "ami-a17becc2",
              "ami-7979ee1a",
              "ami-2e7aed4d",
              "ami-897cebea",
              "ami-f977e09a",
              "ami-4576e126",
              "ami-e248df81",
              "ami-5b76e138",
              "ami-1047d073",
              "ami-a459cec7",
              "ami-6887100b",
              "ami-6987100a",
              "ami-cefd6aad",
              "ami-6cff680f",
              "ami-faf16699",
              "ami-e2f06781",
              "ami-7909871a",
              "ami-c80b85ab",
              "ami-d4f779b7",
              "ami-e6f67885",
              "ami-6ff57b0c",
              "ami-5bf97738",
              "ami-aaeb65c9",
              "ami-d1ed63b2",
              "ami-d528a7b6",
              "ami-5925aa3a",
              "ami-5b29a638",
              "ami-1829a67b",
              "ami-0529a666",
              "ami-982ba4fb",
              "ami-0c29a66f",
              "ami-4d29a62e",
              "ami-562ea135",
              "ami-de2ea1bd",
              "ami-d82ea1bb",
              "ami-1f2ca37c",
              "ami-c52ea1a6",
              "ami-512ea132",
              "ami-f22fa091",
              "ami-4b2da228",
              "ami-f2129d91",
              "ami-20109f43",
              "ami-48119e2b",
              "ami-e7139c84",
              "ami-04119e67",
              "ami-3c119e5f",
              "ami-f5068996",
              "ami-65038c06",
              "ami-10088773",
              "ami-ef0b848c",
              "ami-e90b848a",
              "ami-940986f7",
              "ami-6d6de20e",
              "ami-206ce343",
              "ami-9b5bd4f8",
              "ami-985bd4fb",
              "ami-b6b33cd5",
              "ami-93b43bf0",
              "ami-36af2055",
              "ami-77af2014",
              "ami-f3911e90",
              "ami-74af2017",
              "ami-f0921d93",
              "ami-42901f21",
              "ami-ab921dc8",
              "ami-c5901fa6",
              "ami-dc911ebf",
              "ami-40901f23",
              "ami-19f7787a",
              "ami-3779f554",
              "ami-e09c1083",
              "ami-eb850988",
              "ami-9934b9fa",
              "ami-ef37ba8c",
              "ami-e03db083",
              "ami-803cb1e3",
              "ami-8220ade1",
              "ami-5021ac33",
              "ami-1926ab7a",
              "ami-462fa225",
              "ami-f1078a92",
              "ami-85d65be6",
              "ami-87d65be4",
              "ami-4cd05d2f",
              "ami-c6d65ba5",
              "ami-75d15c16",
              "ami-58d65b3b",
              "ami-16d05d75",
              "ami-41d65b22",
              "ami-9cd15cff",
              "ami-21d15c42",
              "ami-0c90126f",
              "ami-d29210b1",
              "ami-4e90122d",
              "ami-2990124a",
              "ami-e78d0f84",
              "ami-f68c0e95",
              "ami-2428ab47",
              "ami-9b1596f8",
              "ami-da1596b9",
              "ami-1f1b987c",
              "ami-be1497dd",
              "ami-951596f6",
              "ami-fc67e79f",
              "ami-70d45313",
              "ami-53d25530",
              "ami-763abe15",
              "ami-4a38bc29",
              "ami-093abe6a",
              "ami-603abe03",
              "ami-3438bc57",
              "ami-9c3cb8ff",
              "ami-283cb84b",
              "ami-033db960",
              "ami-981195fb",
              "ami-2813974b",
              "ami-811296e2",
              "ami-e5119586",
              "ami-77129614",
              "ami-621d9901",
              "ami-f00e8a93",
              "ami-e00e8a83",
              "ami-760d8915",
              "ami-a50e8ac6",
              "ami-710d8912",
              "ami-700d8913",
              "ami-430f8b20",
              "ami-c90387aa",
              "ami-650e8a06",
              "ami-560c8835",
              "ami-6c0d890f",
              "ami-a00e8ac3",
              "ami-6a028609",
              "ami-70018513",
              "ami-d07ffbb3",
              "ami-ea78fc89",
              "ami-d778fcb4",
              "ami-c67ffba5",
              "ami-955fdbf6",
              "ami-835edae0",
              "ami-9257d3f1",
              "ami-1c51d57f",
              "ami-3aaf2b59",
              "ami-80ad29e3",
              "ami-07a42064",
              "ami-c0991da3",
              "ami-a16bd1c2",
              "ami-2a6bd149",
              "ami-5377cd30",
              "ami-2e6ad04d",
              "ami-d570cab6",
              "ami-d870cabb",
              "ami-9e9a20fd",
              "ami-fe98229d",
              "ami-fd98229e",
              "ami-96a51ff5",
              "ami-6b992308",
              "ami-a19a20c2",
              "ami-40d56d23",
              "ami-b3d76fd0",
              "ami-6b5fe608",
              "ami-ab5ce5c8",
              "ami-ae5ce5cd",
              "ami-2b5fe648",
              "ami-fc5ae39f",
              "ami-145ce577",
              "ami-b65de4d5",
              "ami-335fe650",
              "ami-225ce541",
              "ami-de5be2bd",
              "ami-cd3f80ae",
              "ami-253c8346",
              "ami-5847f83b",
              "ami-0648f765",
              "ami-9149f6f2",
              "ami-ee4bf48d",
              "ami-ef4bf48c",
              "ami-6d47f80e",
              "ami-c74af5a4",
              "ami-af48f7cc",
              "ami-4f78c72c",
              "ami-8577c8e6",
              "ami-3b75ca58",
              "ami-e179c682",
              "ami-9178c7f2",
              "ami-0d77c86e",
              "ami-bd7bc4de",
              "ami-ba7bc4d9",
              "ami-d17ec1b2",
              "ami-5a7cc339",
              "ami-1f7bc47c",
              "ami-d87dc2bb",
              "ami-037ec160",
              "ami-81823de2",
              "ami-34813e57",
              "ami-35813e56",
              "ami-a9843bca",
              "ami-c18738a2",
              "ami-af9629cc",
              "ami-6e932c0d",
              "ami-6c942b0f",
              "ami-bb932cd8",
              "ami-2a942b49",
              "ami-d89728bb",
              "ami-2b942b48",
              "ami-29942b4a",
              "ami-20ba0543",
              "ami-bfba05dc",
              "ami-fabb0499",
              "ami-21ba0542",
              "ami-a2bc03c1",
              "ami-f8bb049b",
              "ami-bcba05df",
              "ami-b9bb04da",
              "ami-06bb0465",
              "ami-98bd02fb",
              "ami-96f14ef5",
              "ami-bbef50d8",
              "ami-c4f649a7",
              "ami-c5f649a6",
              "ami-9dfa45fe",
              "ami-d7f946b4",
              "ami-8c932fef",
              "ami-548d3137",
              "ami-018c3062",
              "ami-518d3132",
              "ami-3d8e325e",
              "ami-708f3313",
              "ami-6c8e320f",
              "ami-1d8e327e",
              "ami-6f8e320c",
              "ami-538d3130",
              "ami-1863de7b",
              "ami-6d60dd0e",
              "ami-2566db46",
              "ami-c265d8a1",
              "ami-6364d900",
              "ami-1565d876",
              "ami-12cd7071",
              "ami-06d36e65",
              "ami-57d36e34",
              "ami-48cd702b",
              "ami-03d36e60",
              "ami-51d36e32",
              "ami-fdd26f9e",
              "ami-53d36e30",
              "ami-f4d06d97",
              "ami-5cd36e3f",
              "ami-b4ae1dd7",
              "ami-45c17226",
              "ami-32c07351",
              "ami-f4c37097",
              "ami-72c27111",
              "ami-dac370b9",
              "ami-2ac17249",
              "ami-71c27112",
              "ami-18c2717b",
              "ami-07c37064",
              "ami-65c17206",
              "ami-8dc370ee",
              "ami-3ac17259",
              "ami-fbdb6898",
              "ami-afd467cc",
              "ami-f4d56697",
              "ami-36d46755",
              "ami-41d46722",
              "ami-f5d56696",
              "ami-03d56660",
              "ami-78d5661b",
              "ami-12e25171",
              "ami-97fc4ff4",
              "ami-47fc4f24",
              "ami-44fc4f27",
              "ami-f6e35095",
              "ami-4de3502e",
              "ami-58fc4f3b",
              "ami-14e25177",
              "ami-22e25141",
              "ami-bde350de",
              "ami-b5fc4fd6",
              "ami-1cfc4f7f",
              "ami-46fa4925",
              "ami-b875c5db",
              "ami-0b77c768",
              "ami-c758eea4",
              "ami-0e59ef6d",
              "ami-7807b31b",
              "ami-7500b416",
              "ami-1407b377",
              "ami-7307b310",
              "ami-a706b2c4",
              "ami-ef04b08c",
              "ami-f905b19a",
              "ami-2505b146",
              "ami-e704b084",
              "ami-cd1bafae",
              "ami-a88530cb",
              "ami-10af1a73",
              "ami-84ac19e7",
              "ami-9fa217fc",
              "ami-61af1a02",
              "ami-6aae1b09",
              "ami-2daf1a4e",
              "ami-faad1899",
              "ami-05ac1966",
              "ami-b8a316db",
              "ami-70ac1913",
              "ami-e2a31681",
              "ami-b6a316d5",
              "ami-efa0158c",
              "ami-45a11426",
              "ami-81a114e2",
              "ami-e8a0158b",
              "ami-b2a316d1",
              "ami-e8a1148b",
              "ami-ffa3169c",
              "ami-eaa01589",
              "ami-43a11420",
              "ami-eba11488",
              "ami-40a21723",
              "ami-68a3160b",
              "ami-3aa21759",
              "ami-59a1143a",
              "ami-e0a01583",
              "ami-9fa114fc",
              "ami-f3a01590",
              "ami-f1a31692",
              "ami-0ca3166f",
              "ami-94a114f7",
              "ami-9ac570f9",
              "ami-efc7728c",
              "ami-ab0aa0c8",
              "ami-69208a0a",
              "ami-809238e3",
              "ami-a0903ac3",
              "ami-de9339bd",
              "ami-dc9339bf",
              "ami-ff903a9c",
              "ami-2c963c4f",
              "ami-21963c42",
              "ami-20963c43",
              "ami-05913b66",
              "ami-e2903a81",
              "ami-5eb3183d",
              "ami-e3b21980",
              "ami-a3b219c0",
              "ami-0cb2196f",
              "ami-6fb2190c",
              "ami-b1bd16d2",
              "ami-95c76cf6",
              "ami-68c66d0b",
              "ami-b2c76cd1",
              "ami-c0c06ba3",
              "ami-9f75ddfc",
              "ami-84d57be7",
              "ami-82d57be1",
              "ami-4dd6782e",
              "ami-73d57b10",
              "ami-53d77930",
              "ami-b6d779d5",
              "ami-71d57b12",
              "ami-2fd57b4c",
              "ami-7ed57b1d",
              "ami-b5d779d6",
              "ami-b3d47ad0",
              "ami-b1d779d2",
              "ami-8bc16fe8",
              "ami-b6c16fd5",
              "ami-ccc06eaf",
              "ami-6ec16f0d",
              "ami-37de7054",
              "ami-c6c36da5",
              "ami-e0c16f83",
              "ami-fdc06e9e",
              "ami-efc16f8c",
              "ami-50c36d33",
              "ami-32de7051",
              "ami-eec16f8d",
              "ami-4ade7029",
              "ami-37c16f54",
              "ami-48de702b",
              "ami-5bc06e38",
              "ami-5ec36d3d",
              "ami-5cc36d3f",
              "ami-5ac06e39",
              "ami-5bc36d38",
              "ami-76de7015",
              "ami-35c16f56",
              "ami-58c06e3b",
              "ami-91c06ef2",
              "ami-3ade7059",
              "ami-3fc16f5c",
              "ami-72de7011",
              "ami-17c06e74",
              "ami-71de7012",
              "ami-90c06ef3",
              "ami-47c36d24",
              "ami-9ec06efd",
              "ami-c511bea6",
              "ami-907bd4f3",
              "ami-8078d7e3",
              "ami-b27bd4d1",
              "ami-137ad570",
              "ami-057cd366",
              "ami-f07ed193",
              "ami-d1b21db2",
              "ami-67b21d04",
              "ami-2b03af48",
              "ami-e002ae83",
              "ami-d0309cb3",
              "ami-38339f5b",
              "ami-f4832f97",
              "ami-7dfd511e",
              "ami-a6fd51c5",
              "ami-f4e24e97",
              "ami-f7e24e94",
              "ami-bbe04cd8",
              "ami-ade04cce",
              "ami-2057fa43",
              "ami-2157fa42",
              "ami-7a54f919",
              "ami-b754f9d4",
              "ami-665ff205",
              "ami-a95ff2ca",
              "ami-e35df080",
              "ami-8f42efec",
              "ami-015df062",
              "ami-235ff240",
              "ami-cd40edae",
              "ami-a842efcb",
              "ami-a900a3ca",
              "ami-abcb68c8",
              "ami-8bc566e8",
              "ami-98c665fb",
              "ami-05c46766",
              "ami-39c5665a",
              "ami-d4c162b7",
              "ami-a0e546c3",
              "ami-471fbf24",
              "ami-50963633",
              "ami-7e92321d",
              "ami-df50f1bc",
              "ami-9050f1f3",
              "ami-7755f414",
              "ami-b953f2da",
              "ami-9450f1f7",
              "ami-ba53f2d9",
              "ami-7a54f519",
              "ami-6955f40a",
              "ami-6a55f409",
              "ami-7254f511",
              "ami-9d8e2ffe",
              "ami-908e2ff3",
              "ami-40913023",
              "ami-928e2ff1",
              "ami-0990316a",
              "ami-be9031dd",
              "ami-038a2b60",
              "ami-398b2a5a",
              "ami-9d8726fe",
              "ami-4882232b",
              "ami-c1b617a2",
              "ami-c7b617a4",
              "ami-a3b819c0",
              "ami-ddb716be",
              "ami-0ab81969",
              "ami-81b617e2",
              "ami-78b8191b",
              "ami-b9b514da",
              "ami-32b41551",
              "ami-c7b312a4",
              "ami-f8b3129b",
              "ami-5eb2133d",
              "ami-aab213c9",
              "ami-26b31245",
              "ami-b0ae0fd3",
              "ami-99a706fa",
              "ami-4ca7062f",
              "ami-34a20357",
              "ami-dfa100bc",
              "ami-a6a302c5",
              "ami-10a00173",
              "ami-62df7e01",
              "ami-47dd7c24",
              "ami-6d22840e",
              "ami-cee442ad",
              "ami-fbe54398",
              "ami-62e34501",
              "ami-61e34502",
              "ami-c6e640a5",
              "ami-08e5436b",
              "ami-438b2f20",
              "aki-17a40074",
              "aki-73a50110",
              "ami-601fba03",
              "ami-9c40e5ff",
              "ami-4841e42b",
              "ami-df46e3bc",
              "ami-7243e611",
              "ami-a743e6c4",
              "ami-d846e3bb",
              "ami-4941e42a",
              "ami-a143e6c2",
              "ami-ae40e5cd",
              "ami-ad41e4ce",
              "ami-117fda72",
              "ami-dd7dd8be",
              "ami-c773d6a4",
              "ami-6d7cd90e",
              "ami-8370d5e0",
              "ami-6a72d709",
              "ami-fb4e9498",
              "ami-7f4f951c",
              "ami-7934ee1a",
              "ami-3409d257",
              "ami-600bd003",
              "ami-4209d221",
              "ami-d40ad1b7",
              "ami-b215ced1",
              "ami-da0ad1b9",
              "ami-dc0ad1bf",
              "ami-dd0ad1be",
              "ami-d5f52eb6",
              "ami-23f22940",
              "ami-95f229f6",
              "ami-9af229f9",
              "ami-23f32840",
              "ami-95ef37f6",
              "ami-5ce33b3f",
              "ami-03e23a60",
              "ami-8de038ee",
              "ami-cde139ae",
              "ami-35bb6356",
              "ami-e3ba6280",
              "ami-fb8a5298",
              "ami-20974f43",
              "ami-948b53f7",
              "ami-218a5242",
              "ami-248a5247",
              "ami-c48a52a7",
              "ami-2b8a5248",
              "ami-e5895186",
              "ami-0e944c6d",
              "ami-2b924a48",
              "ami-ce934bad",
              "ami-24914947",
              "ami-a19048c2",
              "ami-d3934bb0",
              "ami-5991493a",
              "ami-5b914938",
              "ami-1164bd72",
              "ami-4b65bc28",
              "ami-df65bcbc",
              "ami-6860b90b",
              "ami-9874adfb",
              "ami-5669b035",
              "ami-3777ae54",
              "ami-d377aeb0",
              "ami-9a72abf9",
              "ami-5276af31",
              "ami-8f7ea7ec",
              "ami-7671a815",
              "ami-55598036",
              "ami-0310c960",
              "ami-9113caf2",
              "ami-7613ca15",
              "ami-4f14cd2c",
              "ami-a11fc6c2",
              "ami-a31fc6c0",
              "ami-0d9f466e",
              "ami-032af460",
              "ami-0709d764",
              "ami-270ad444",
              "ami-8d0bd5ee",
              "ami-8a0bd5e9",
              "ami-fb08d698",
              "ami-fa08d699",
              "ami-c608d6a5",
              "ami-c408d6a7",
              "ami-708f5313",
              "ami-298e524a",
              "ami-728f5311",
              "ami-9b8f53f8",
              "ami-d08854b3",
              "ami-268f5345",
              "ami-6b61bc08",
              "ami-3fef3d5c",
              "ami-dfed3fbc",
              "ami-81fe2ce2",
              "ami-68fd2f0b",
              "ami-c4ff2da7",
              "ami-15ff2d76",
              "ami-80fe2ce3",
              "ami-86fe2ce5",
              "ami-acf92bcf",
              "ami-44fc2e27",
              "ami-5bfc2e38",
              "ami-1afe2c79",
              "ami-5afc2e39",
              "ami-5dfd2f3e",
              "ami-73fd2f10",
              "ami-d6ff2db5",
              "ami-72fd2f11",
              "ami-d8fe2cbb",
              "ami-5cfd2f3f",
              "ami-16fc2e75",
              "ami-a1f92bc2",
              "ami-dffe2cbc",
              "ami-59fc2e3a",
              "ami-52fd2f31",
              "ami-71fd2f12",
              "ami-51fd2f32",
              "ami-70fd2f13",
              "ami-d4ff2db7",
              "ami-a9f82aca",
              "ami-69fe2c0a",
              "ami-0afb2969",
              "ami-24c71547",
              "ami-a79b49c4",
              "ami-df9e4cbc",
              "ami-a69b49c5",
              "ami-a59b49c6",
              "ami-de9e4cbd",
              "ami-64994b07",
              "ami-96984af5",
              "ami-dd9e4cbe",
              "ami-fd984a9e",
              "ami-fc984a9f",
              "ami-7c01d21f",
              "ami-0100d362",
              "ami-5200d331",
              "ami-0202d161",
              "ami-1801d27b",
              "ami-a51ccfc6",
              "ami-a2c111c1",
              "ami-b8c212db",
              "ami-b6c111d5",
              "ami-b5c010d6",
              "ami-b7c010d4",
              "ami-68c2120b",
              "ami-6bc21208",
              "ami-52c41431",
              "ami-6ac21209",
              "ami-11c31372",
              "ami-cf03d2ac",
              "ami-61ad7c02",
              "ami-f2ab7a91",
              "ami-d9ab7aba",
              "ami-f9aa7b9a",
              "ami-97a978f4",
              "ami-9da879fe",
              "ami-2ac41249",
              "ami-78c3151b",
              "ami-65d90f06",
              "ami-dad90fb9",
              "ami-b7db0dd4",
              "ami-64d90f07",
              "ami-52c61031",
              "ami-63d90f00",
              "ami-a820f7cb",
              "ami-a920f7ca",
              "ami-742cfb17",
              "ami-752cfb16",
              "ami-572cfb34",
              "ami-542cfb37",
              "ami-7b20f718",
              "ami-ca21f6a9",
              "ami-9622f5f5",
              "ami-b424f3d7",
              "ami-2423f447",
              "ami-cb21f6a8",
              "ami-9722f5f4",
              "ami-c821f6ab",
              "ami-f422f597",
              "ami-2523f446",
              "ami-5521f636",
              "ami-fd24f39e",
              "ami-e326f180",
              "ami-2c24f34f",
              "ami-4b3ee928",
              "ami-1ddc0b7e",
              "ami-f9dc0b9a",
              "ami-f3dd0a90",
              "ami-4ddb0c2e",
              "ami-16dc0b75",
              "ami-b4de09d7",
              "ami-37dd0a54",
              "ami-34dd0a57",
              "ami-48db0c2b",
              "ami-90dd0af3",
              "ami-12cd1971",
              "ami-22c31741",
              "ami-89c115ea",
              "ami-59cc183a",
              "ami-46c31725",
              "ami-c5c115a6",
              "ami-be63a9dd",
              "ami-3d2ce65e",
              "ami-fc2fe59f",
              "ami-982fe5fb",
              "ami-a42ee4c7",
              "ami-3d2ee45e",
              "ami-782fe51b",
              "ami-7d2fe51e",
              "ami-a92ee4ca",
              "ami-7d2ce61e",
              "ami-e42ce687",
              "ami-692ee40a",
              "ami-5317dd30",
              "ami-e82be18b",
              "ami-5115df32",
              "ami-1b29e378",
              "ami-3514de56",
              "ami-102be173",
              "ami-0c2ae06f",
              "ami-0114de62",
              "ami-0014de63",
              "ami-a614dec5",
              "ami-a514dec6",
              "ami-6029e303",
              "ami-6729e304",
              "ami-601ed403",
              "ami-7d18d21e",
              "ami-4619d325",
              "ami-0b19d368",
              "ami-ea1bd189",
              "ami-9204cef1",
              "ami-ea05cf89",
              "ami-111ad072",
              "ami-bd24efde",
              "ami-fd38f39e",
              "ami-363bf055",
              "ami-cf38f3ac",
              "ami-3b26ed58",
              "ami-463af125",
              "ami-920cc7f1",
              "ami-e90dc68a",
              "ami-ff0cc79c",
              "ami-330ec550",
              "ami-300ec553",
              "ami-830dc6e0",
              "ami-8a0ec5e9",
              "ami-1103c872",
              "ami-800dc6e3",
              "ami-810dc6e2",
              "ami-0cb0786f",
              "ami-1d39f07e",
              "ami-4138f122",
              "ami-cb38f1a8",
              "ami-4638f125",
              "ami-b627eed5",
              "ami-0b38f168",
              "ami-1b25ec78",
              "ami-c224eda1",
              "ami-aa23eac9",
              "ami-e222eb81",
              "ami-ae22ebcd",
              "ami-e322eb80",
              "ami-0325ec60",
              "ami-0425ec67",
              "ami-c324eda0",
              "ami-8527eee6",
              "ami-af22ebcc",
              "ami-7224ed11",
              "ami-e722eb84",
              "ami-af23eacc",
              "ami-3822eb5b",
              "ami-c525eca6",
              "ami-d727eeb4",
              "ami-0924ed6a",
              "ami-da23eab9",
              "ami-5f24ed3c",
              "ami-4525ec26",
              "ami-c527eea6",
              "ami-1c25ec7f",
              "ami-6a25ec09",
              "ami-c723eaa4",
              "ami-b120e9d2",
              "ami-0503ca66",
              "ami-7000c913",
              "ami-7305cc10",
              "ami-b10fc6d2",
              "ami-300cc553",
              "ami-6500c906",
              "ami-9f60aefc",
              "ami-0103cd62",
              "ami-8504cae6",
              "ami-6702cc04",
              "ami-8404cae7",
              "ami-ae05cbcd",
              "ami-af05cbcc",
              "ami-6402cc07",
              "ami-f105cb92",
              "ami-f005cb93",
              "ami-5903cd3a",
              "ami-2df9374e",
              "ami-97f23cf4",
              "ami-c3f43aa0",
              "ami-bcf638df",
              "ami-0cf23c6f",
              "ami-27f03e44",
              "ami-baf638d9",
              "ami-b9f638da",
              "ami-11f53b72",
              "ami-75f03e16",
              "ami-94f23cf7",
              "ami-26f03e45",
              "ami-74f03e17",
              "ami-1ef53b7d",
              "ami-71f03e12",
              "ami-a7f638c4",
              "ami-1cf53b7f",
              "ami-1bf53b78",
              "ami-62f23c01",
              "ami-03f03e60",
              "ami-57f03e34",
              "ami-6ff23c0c",
              "ami-6ef23c0d",
              "ami-00f03e63",
              "ami-5ef53b3d",
              "ami-5ff43a3c",
              "ami-82f638e1",
              "ami-44f03e27",
              "ami-53f23c30",
              "ami-52f23c31",
              "ami-33b67950",
              "ami-67b37c04",
              "ami-f4b67997",
              "ami-60b47b03",
              "ami-3ebe715d",
              "ami-58b57a3b",
              "ami-5f31fd3c",
              "ami-c78f43a4",
              "ami-4b834e28",
              "ami-45834e26",
              "ami-c4804da7",
              "ami-13814c70",
              "ami-2165a742",
              "ami-d86aa8bb",
              "ami-5566a436",
              "ami-5766a434",
              "ami-2761a344",
              "ami-8a61a3e9",
              "ami-1e61a37d",
              "ami-4d61a32e",
              "ami-e160a282",
              "ami-0261a361",
              "ami-5360a230",
              "ami-c060a2a3",
              "ami-3463a157",
              "ami-3163a152",
              "ami-2563a146",
              "ami-7c63a11f",
              "ami-7563a116",
              "ami-5d63a13e",
              "ami-db63a1b8",
              "ami-cf63a1ac",
              "ami-c463a1a7",
              "ami-6363a100",
              "ami-7463a117",
              "ami-e863a18b",
              "ami-fe63a19d",
              "ami-9162a0f2",
              "ami-7163a112",
              "ami-ff63a19c",
              "ami-0f35f76c",
              "ami-ea34f689",
              "ami-7539fa16",
              "ami-7c33f01f",
              "ami-e2fc3f81",
              "ami-91f734f2",
              "ami-36f73455",
              "ami-acf033cf",
              "ami-15f63576",
              "ami-57f53634",
              "ami-3af03359",
              "ami-a6ba79c5",
              "ami-7b18d918",
              "ami-2ef83f4d",
              "ami-2ff83f4c",
              "ami-90d611f3",
              "ami-5cd3143f",
              "ami-10d41373",
              "ami-8ad512e9",
              "ami-0fd5126c",
              "ami-28d6114b",
              "ami-5ad51239",
              "ami-5bd51238",
              "ami-88d710eb",
              "ami-c5d413a6",
              "ami-86d710e5",
              "ami-71d41312",
              "ami-adcc0bce",
              "ami-23ca0d40",
              "ami-2fcd0a4c",
              "ami-2fcc0b4c",
              "ami-29cd0a4a",
              "ami-b9ce09da",
              "ami-b0ce09d3",
              "ami-75cc0b16",
              "ami-66cc0b05",
              "ami-efcd0a8c",
              "ami-f0ce0993",
              "ami-cccc0baf",
              "ami-f1ce0992",
              "ami-9ace09f9",
              "ami-62cc0b01",
              "ami-cdcc0bae",
              "ami-34bd7a57",
              "ami-c9b572aa",
              "ami-e0b17683",
              "ami-66bf7805",
              "ami-deb176bd",
              "ami-33bd7a50",
              "ami-dfb176bc",
              "ami-dcb176bf",
              "ami-5cbd7a3f",
              "ami-7adfcf28",
              "ami-40dfcf12",
              "ami-b2decee0",
              "ami-64f2e536",
              "ami-66f2e534",
              "ami-58f2e50a",
              "ami-5af2e508",
              "ami-5ad6c108",
              "ami-54d6c106",
              "ami-047e6a56",
              "ami-1e7e6a4c",
              "ami-d870648a",
              "ami-da706488",
              "ami-00706452",
              "ami-1c70644e",
              "ami-7870642a",
              "ami-76706424",
              "ami-00766252",
              "ami-02766250",
              "ami-d05e4a82",
              "ami-d25e4a80",
              "ami-685e4a3a",
              "ami-665e4a34",
              "ami-8a5d49d8",
              "ami-845d49d6",
              "ami-168f9a44",
              "ami-128f9a40",
              "ami-24829776",
              "ami-3c82976e",
              "ami-1882974a",
              "ami-1a829748",
              "ami-bc8396ee",
              "ami-b08396e2",
              "ami-4c97821e",
              "ami-56978204",
              "ami-50978202",
              "ami-52978200",
              "ami-ac9481fe",
              "ami-a69481f4",
              "ami-a09481f2",
              "ami-a29481f0",
              "ami-bc9481ee",
              "ami-3cfbee6e",
              "ami-34fbee66",
              "ami-0cfbee5e",
              "ami-0efbee5c",
              "ami-0afbee58",
              "ami-00fbee52",
              "ami-d2c9c380",
              "ami-a2cbc1f0",
              "ami-4c313b1e",
              "ami-e05f56b2",
              "ami-d65f5684",
              "ami-52595000",
              "ami-d84b428a",
              "ami-d44b4286",
              "ami-d24b4280",
              "ami-2e4b427c",
              "ami-284b427a",
              "ami-204b4272",
              "ami-224b4270",
              "ami-364b4264",
              "ami-304b4262",
              "ami-74080726",
              "ami-4c08071e",
              "ami-54080706",
              "ami-56080704",
              "ami-ba0906e8",
              "ami-b40906e6",
              "ami-8c0906de",
              "ami-8e0906dc",
              "ami-c6090694",
              "ami-c0090692",
              "ami-0e09065c",
              "ami-04090656",
              "ami-12090640",
              "ami-6e09063c",
              "ami-e40a05b6",
              "ami-e60a05b4",
              "ami-740a0526",
              "ami-760a0524",
              "ami-bc0c03ee",
              "ami-b80c03ea",
              "ami-340d0266",
              "ami-360d0264",
              "ami-660d0234",
              "ami-780d022a",
              "ami-fc0e01ae",
              "ami-fa0e01a8",
              "ami-808e83d2",
              "ami-828e83d0",
              "ami-c48e8396",
              "ami-c28e8390",
              "ami-348e8366",
              "ami-368e8364",
              "ami-72dbd620",
              "ami-4cdbd61e",
              "ami-02c3ce50",
              "ami-1cc3ce4e",
              "ami-a0c0cdf2",
              "ami-bac0cde8",
              "ami-bcc1ccee",
              "ami-bec1ccec",
              "ami-80c8c5d2",
              "ami-9cc8c5ce",
              "ami-2eccc17c",
              "ami-2accc178",
              "ami-34020f66",
              "ami-36020f64",
              "ami-00cecc52",
              "ami-76777524",
              "ami-4c77751e",
              "ami-44777516",
              "ami-62373430",
              "ami-7c37342e",
              "ami-d20d0e80",
              "ami-126d6d40",
              "ami-6e6d6d3c",
              "ami-c2a5a090",
              "ami-dca5a08e",
              "ami-d89a9f8a",
              "ami-da9a9f88",
              "ami-f89b9eaa",
              "ami-fa9b9ea8",
              "ami-fe4144ac",
              "ami-f84144aa",
              "ami-2495af76",
              "ami-2695af74",
              "ami-b894aeea",
              "ami-9694aec4",
              "ami-c096ac92",
              "ami-c296ac90",
              "ami-a291abf0",
              "ami-bc91abee",
              "ami-da91ab88",
              "ami-d491ab86",
              "ami-0691ab54",
              "ami-0291ab50",
              "ami-ba90aae8",
              "ami-b290aae0",
              "ami-1c90aa4e",
              "ami-8293a9d0",
              "ami-d693a984",
              "ami-d293a980",
              "ami-fed7edac",
              "ami-9ed0eacc",
              "ami-6ae5df38",
              "ami-882119da",
              "ami-d6350c84",
              "ami-d0350c82",
              "ami-ac320bfe",
              "ami-ae320bfc",
              "ami-ac330afe",
              "ami-ae330afc",
              "ami-82330ad0",
              "ami-9c330ace",
              "ami-0e330a5c",
              "ami-08330a5a",
              "ami-6e30093c",
              "ami-6830093a",
              "ami-8c3108de",
              "ami-823108d0",
              "ami-963108c4",
              "ami-e43108b6",
              "ami-42310810",
              "ami-5c31080e",
              "ami-943e07c6",
              "ami-ee3e07bc",
              "ami-c63e0794",
              "ami-c03e0792",
              "ami-0e3e075c",
              "ami-1c3e074e",
              "ami-ac3f06fe",
              "ami-aa3f06f8",
              "ami-c839079a",
              "ami-a83b05fa",
              "ami-cc3a049e",
              "ami-c2f3cc90",
              "ami-2af3cc78",
              "ami-46f4cb14",
              "ami-5cf4cb0e",
              "ami-761a2624",
              "ami-701a2622",
              "ami-9c1925ce",
              "ami-9e1925cc",
              "ami-f61925a4",
              "ami-ce19259c",
              "ami-5e8dbf0c",
              "ami-588dbf0a",
              "ami-549daf06",
              "ami-d4ad9f86",
              "ami-06ad9f54",
              "ami-0ca2905e",
              "ami-0ea2905c",
              "ami-38caf86a",
              "ami-3acaf868",
              "ami-18caf84a",
              "ami-14caf846",
              "ami-10caf842",
              "ami-12caf840",
              "ami-b4c5f7e6",
              "ami-b6c5f7e4",
              "ami-8cc5f7de",
              "ami-8ac5f7d8",
              "ami-94c5f7c6",
              "ami-96c5f7c4",
              "ami-eec5f7bc",
              "ami-e8c5f7ba",
              "ami-e0c5f7b2",
              "ami-fac5f7a8",
              "ami-d8c5f78a",
              "ami-d4c5f786",
              "ami-dcfbc88e",
              "ami-d8fbc88a",
              "ami-48fbc81a",
              "ami-4afbc818",
              "ami-46fbc814",
              "ami-40fbc812",
              "ami-50fbc802",
              "ami-52fbc800",
              "ami-b8f4c7ea",
              "ami-b4f4c7e6",
              "ami-b6f4c7e4",
              "ami-b0f4c7e2",
              "ami-e8f4c7ba",
              "ami-eaf4c7b8",
              "ami-d6f4c784",
              "ami-d0f4c782",
              "ami-64f4c736",
              "ami-60f4c732",
              "ami-b6f5c6e4",
              "ami-b0f5c6e2",
              "ami-da9eaf88",
              "ami-409eaf12",
              "ami-429eaf10",
              "ami-b49dace6",
              "ami-1a9dac48",
              "ami-b098a9e2",
              "ami-32d8e960",
              "ami-1cd8e94e",
              "ami-68d8e93a",
              "ami-64d8e936",
              "ami-48d8e91a",
              "ami-acd9e8fe",
              "ami-aad9e8f8",
              "ami-a4d9e8f6",
              "ami-a0d9e8f2",
              "ami-56e7d604",
              "ami-f6e4d5a4",
              "ami-f0e4d5a2",
              "ami-36073664",
              "ami-30073662",
              "ami-7eb2992c",
              "ami-78b2992a",
              "ami-0abe9558",
              "ami-72bf9420",
              "ami-4cbf941e",
              "ami-56bf9404",
              "ami-aeb893fc",
              "ami-8cb893de",
              "ami-88b893da",
              "ami-58ba910a",
              "ami-56ba9104",
              "ami-b8bb90ea",
              "ami-b4bb90e6",
              "ami-88bb90da",
              "ami-8abb90d8",
              "ami-94bb90c6",
              "ami-96bb90c4",
              "ami-e0bb90b2",
              "ami-2abb9078",
              "ami-24bb9076",
              "ami-12bb9040",
              "ami-6cbb903e",
              "ami-4ebb901c",
              "ami-46bb9014",
              "ami-80a48fd2",
              "ami-9ca48fce",
              "ami-3ca48f6e",
              "ami-3ea48f6c",
              "ami-38a48f6a",
              "ami-3aa48f68",
              "ami-14a48f46",
              "ami-16a48f44",
              "ami-70a48f22",
              "ami-72a48f20",
              "ami-54a48f06",
              "ami-50a48f02",
              "ami-bea58eec",
              "ami-b8a58eea",
              "ami-06597254",
              "ami-1859724a",
              "ami-42597210",
              "ami-e480a8b6",
              "ami-14012946",
              "ami-4801291a",
              "ami-003c1452",
              "ami-503c1402",
              "ami-b1b498e3",
              "ami-8db498df",
              "ami-915974c3",
              "ami-935974c1",
              "ami-941b39c6",
              "ami-e61b39b4",
              "ami-f41b39a6",
              "ami-927251c0",
              "ami-ec7251be",
              "ami-ec99b9be",
              "ami-f699b9a4",
              "ami-1cfada4e",
              "ami-18fada4a",
              "ami-4e46661c",
              "ami-fe4565ac",
              "ami-f04565a2",
              "ami-ac6545fe",
              "ami-3295b460",
              "ami-988baaca",
              "ami-84b392d6",
              "ami-46b09114",
              "ami-40b09112",
              "ami-acb190fe",
              "ami-aeb190fc",
              "ami-6aa38238",
              "ami-70a38222",
              "aki-ca755498",
              "ami-04654456",
              "ami-1c65444e",
              "ami-5862430a",
              "ami-5a624308",
              "ami-fe6140ac",
              "ami-f86140aa",
              "ami-2e61407c",
              "ami-2861407a",
              "ami-2a614078",
              "ami-20614072",
              "ami-4c61401e",
              "ami-4861401a",
              "ami-5861400a",
              "ami-54614006",
              "ami-50614002",
              "ami-52614000",
              "ami-702d0b22",
              "ami-4c2d0b1e",
              "ami-402d0b12",
              "ami-1e5d7b4c",
              "ami-525d7b00",
              "ami-ac5c7afe",
              "ami-b85c7aea",
              "ami-ba5c7ae8",
              "ami-b25c7ae0",
              "ami-865c7ad4",
              "ami-ee5c7abc",
              "ami-fa5c7aa8",
              "ami-f65c7aa4",
              "ami-001e3952",
              "ami-021e3950",
              "ami-1a1e3948",
              "ami-141e3946",
              "ami-7a1e3928",
              "ami-741e3926",
              "ami-761e3924",
              "ami-701e3922",
              "ami-4c1e391e",
              "ami-481e391a",
              "ami-441e3916",
              "ami-461e3914",
              "ami-0865425a",
              "ami-0a654258",
              "ami-d6e1c584",
              "ami-d2e1c580",
              "ami-26e1c574",
              "ami-20e1c572",
              "ami-3ce1c56e",
              "ami-3ee1c56c",
              "ami-36e1c564",
              "ami-30e1c562",
              "ami-0ae1c558",
              "ami-00e1c552",
              "ami-02e1c550",
              "ami-1ce1c54e",
              "ami-16e1c544",
              "ami-d8cc978a",
              "ami-2ecc977c",
              "ami-5282d900",
              "ami-828cd7d0",
              "ami-b082dae2",
              "ami-d482da86",
              "ami-d282da80",
              "ami-e24a12b0",
              "ami-624a1230",
              "ami-464a1214",
              "ami-14cd9146",
              "ami-16cd9144",
              "ami-82d78bd0",
              "ami-0ea1fd5c",
              "ami-04b7eb56",
              "ami-56b7eb04",
              "ami-50b7eb02",
              "ami-a8b6eafa",
              "ami-a4b6eaf6",
              "ami-a6b6eaf4",
              "ami-a0b6eaf2",
              "ami-a2b6eaf0",
              "ami-beb6eaec",
              "ami-b8b6eaea",
              "ami-bab6eae8",
              "ami-b0b6eae2",
              "ami-3e5a066c",
              "ami-385a066a",
              "ami-168cd144",
              "ami-48d0831a",
              "ami-5e6d3e0c",
              "ami-ac6e3dfe",
              "ami-4e0c5f1c",
              "ami-540c5f06",
              "ami-b40d5ee6",
              "ami-b60d5ee4",
              "ami-840d5ed6",
              "ami-860d5ed4",
              "ami-980d5eca",
              "ami-9a0d5ec8",
              "ami-f80d5eaa",
              "ami-fa0d5ea8",
              "ami-107c2c42",
              "ami-127c2c40",
              "ami-627c2c30",
              "ami-787c2c2a",
              "ami-7a7c2c28",
              "ami-747c2c26",
              "ami-727c2c20",
              "ami-487c2c1a",
              "ami-427c2c10",
              "ami-567c2c04",
              "ami-2802537a",
              "ami-c0356292",
              "ami-b8baeeea",
              "ami-b4baeee6",
              "ami-b6baeee4",
              "ami-b0baeee2",
              "ami-8ebaeedc",
              "ami-80baeed2",
              "ami-9cbaeece",
              "ami-90baeec2",
              "ami-92baeec0",
              "ami-eebaeebc",
              "ami-b82470ea",
              "ami-e48edbb6",
              "ami-e68edbb4",
              "ami-6296c330",
              "ami-4896c31a",
              "ami-4296c310",
              "ami-5896c30a",
              "ami-b697c2e4",
              "ami-b297c2e0",
              "ami-8097c2d2",
              "ami-9c97c2ce",
              "ami-f22772a0",
              "ami-66703a34",
              "ami-806c26d2",
              "aki-5e3e740c",
              "aki-563e7404",
              "aki-503e7402",
              "aki-ae3973fc",
              "ami-20f2b972",
              "ami-38f2b96a",
              "ami-14f2b946",
              "ami-16f2b944",
              "ami-12f2b940",
              "ami-68f2b93a",
              "ami-6af2b938",
              "ami-64f2b936",
              "ami-62f2b930",
              "ami-08b1f85a",
              "ami-428dc410",
              "ami-780a432a",
              "ami-a8fbb5fa",
              "ami-34256b66",
              "ami-eade91b8",
              "ami-f8de91aa",
              "ami-fade91a8",
              "ami-ccde919e",
              "ami-cade9198",
              "ami-d4de9186",
              "ami-28de917a",
              "ami-2ade9178",
              "ami-18de914a",
              "ami-0edd915c",
              "ami-ac9ed2fe",
              "ami-aa9ed2f8",
              "ami-a69ed2f4",
              "ami-a29ed2f0",
              "ami-be9ed2ec",
              "ami-b49ed2e6",
              "ami-b29ed2e0",
              "ami-8c9ed2de",
              "ami-ec9ed2be",
              "ami-febef3ac",
              "ami-7a8dc028",
              "ami-be7538ec",
              "ami-ba7538e8",
              "ami-b07538e2",
              "ami-8e7538dc",
              "ami-907538c2",
              "ami-927538c0",
              "ami-ee7538bc",
              "ami-e07538b2",
              "ami-e27538b0",
              "ami-cae6a598",
              "ami-862c6fd4",
              "ami-a8a7e7fa",
              "ami-aaa7e7f8",
              "ami-a6a7e7f4",
              "ami-a2a7e7f0",
              "ami-bea7e7ec",
              "ami-b4a7e7e6",
              "ami-b6a7e7e4",
              "ami-b2a7e7e0",
              "ami-8ca7e7de",
              "ami-4a034318",
              "ami-44034316",
              "ami-30dc9d62",
              "ami-32dc9d60",
              "ami-0cdc9d5e",
              "ami-0edc9d5c",
              "ami-d40b4a86",
              "ami-2a0b4a78",
              "ami-220b4a70",
              "ami-3c0b4a6e",
              "ami-82f9bfd0",
              "ami-9cf9bfce",
              "ami-9af9bfc8",
              "ami-96f9bfc4",
              "ami-be3374ec",
              "ami-b83374ea",
              "ami-b43374e6",
              "ami-b23374e0",
              "aki-fe1354ac",
              "aki-f81354aa",
              "aki-fa1354a8",
              "aki-f41354a6",
              "ami-c44e0b96",
              "ami-d291eb80",
              "ami-beb0caec",
              "ami-b4b0cae6",
              "ami-80b0cad2",
              "ami-82b0cad0",
              "ami-425a2010",
              "ami-5e5a200c",
              "ami-7edda62c",
              "ami-74dda626",
              "ami-76dda624",
              "ami-4cdda61e",
              "ami-8cc9b1de",
              "ami-d4c9b186",
              "ami-d6c9b184",
              "ami-96c8b0c4",
              "ami-f0c8b0a2",
              "ami-bcd3abee",
              "ami-acd1a9fe",
              "ami-00d1a952",
              "ami-1ed1a94c",
              "ami-aad9a1f8",
              "ami-a4d9a1f6",
              "ami-22ee9670",
              "ami-40ee9612",
              "ami-42ee9610",
              "ami-c4ed9596",
              "ami-c6ed9594",
              "ami-36ed9564",
              "ami-0ced955e",
              "ami-68ed953a",
              "ami-6aed9538",
              "ami-00eb9352",
              "ami-02eb9350",
              "aki-aa225af8",
              "aki-a4225af6",
              "aki-a6225af4",
              "aki-a0225af2",
              "ami-d2ec9280",
              "ami-d0ec9282",
              "ami-6ef08e3c",
              "ami-6af08e38",
              "ami-a2f38df0",
              "ami-a0f38df2",
              "ami-a2f28cf0",
              "ami-bef28cec",
              "ami-2cf28c7e",
              "ami-2ef28c7c",
              "ami-3cf28c6e",
              "ami-3ef28c6c",
              "ami-3af28c68",
              "ami-34f28c66",
              "ami-00f28c52",
              "ami-1cf28c4e",
              "ami-1ef28c4c",
              "ami-1af28c48",
              "ami-66f28c34",
              "ami-60f28c32",
              "ami-70f28c22",
              "ami-72f28c20",
              "ami-4cf28c1e",
              "ami-4ef28c1c",
              "ami-44f28c16",
              "ami-46f28c14",
              "ami-76621c24",
              "ami-72621c20",
              "ami-b86719ea",
              "ami-ba6719e8",
              "ami-1c07794e",
              "ami-1a077948",
              "ami-14077946",
              "ami-16077944",
              "ari-da0d7388",
              "aki-061a6454",
              "aki-1c1a644e",
              "aki-1e1a644c",
              "aki-181a644a",
              "ari-1a1a6448",
              "ari-141a6446",
              "ari-161a6444",
              "ari-6e235d3c",
              "ami-d8225c8a",
              "ami-da225c88",
              "ami-d0225c82",
              "ami-d2225c80",
              "aki-08225c5a",
              "ami-de26588c",
              "ami-d826588a",
              "ami-d6265884",
              "ami-d2265880",
              "ari-ac2b55fe",
              "aki-ae2b55fc",
              "ari-1e38464c",
              "aki-1838464a",
              "aki-11d5aa43",
              "aki-13d5aa41",
              "aki-6dd5aa3f",
              "aki-6fd5aa3d",
              "ami-0dec935f",
              "ami-0df28d5f",
              "ari-35f38c67",
              "aki-37f38c65",
              "ami-33f38c61",
              "ami-0df38c5f",
              "ami-09f38c5b",
              "ari-05f38c57",
              "aki-07f38c55",
              "ami-83f58ad1",
              "ami-9ff58acd",
              "ami-99f58acb",
              "ami-f3f58aa1",
              "ami-c3f58a91",
              "ami-ddf58a8f",
              "ari-21f58a73",
              "ari-2bf58a79",
              "ari-27f58a75",
              "ari-29f58a7b",
              "ari-25f58a77",
              "ari-3ff58a6d",
              "ari-3df58a6f",
              "ari-23f58a71",
              "ari-3bf58a69",
              "ari-0df58a5f",
              "ari-35f58a67",
              "ari-39f58a6b",
              "ari-31f58a63",
              "ari-0ff58a5d",
              "ari-37f58a65",
              "ari-33f58a61",
              "aki-09f58a5b",
              "aki-0bf58a59",
              "aki-05f58a57",
              "aki-03f58a51",
              "aki-01f58a53",
              "aki-07f58a55",
              "aki-1df58a4f",
              "aki-1ff58a4d",
              "aki-19f58a4b",
              "aki-1bf58a49",
              "aki-17f58a45",
              "aki-15f58a47",
              "aki-11f58a43",
              "aki-13f58a41"
            ],
            "name_regex": null,
            "owners": [
              "amazon"
            ],
            "sort_ascending": false
          }
        }
      ]
    },
    {
      "mode": "data",
      "type": "aws_subnet_ids",
      "name": "default_subnets",
      "provider": "provider.aws",
      "instances": [
        {
          "schema_version": 0,
          "attributes": {
            "filter": null,
            "id": "vpc-acf5dccb",
            "ids": [
              "subnet-50d6d419",
              "subnet-6b425f0c",
              "subnet-a25b92fb"
            ],
            "tags": null,
            "vpc_id": "vpc-acf5dccb"
          }
        }
      ]
    },
    {
      "mode": "managed",
      "type": "aws_default_vpc",
      "name": "default",
      "provider": "provider.aws",
      "instances": [
        {
          "schema_version": 1,
          "attributes": {
            "arn": "arn:aws:ec2:ap-southeast-1:325862842049:vpc/vpc-acf5dccb",
            "assign_generated_ipv6_cidr_block": false,
            "cidr_block": "172.31.0.0/16",
            "default_network_acl_id": "acl-9434e7f2",
            "default_route_table_id": "rtb-da40fdbc",
            "default_security_group_id": "sg-16d9e56d",
            "dhcp_options_id": "dopt-eba2828c",
            "enable_classiclink": false,
            "enable_classiclink_dns_support": false,
            "enable_dns_hostnames": true,
            "enable_dns_support": true,
            "id": "vpc-acf5dccb",
            "instance_tenancy": "default",
            "ipv6_association_id": "",
            "ipv6_cidr_block": "",
            "main_route_table_id": "rtb-da40fdbc",
            "owner_id": "325862842049",
            "tags": null
          },
          "private": "eyJzY2hlbWFfdmVyc2lvbiI6IjEifQ=="
        }
      ]
    },
    {
      "mode": "managed",
      "type": "aws_instance",
      "name": "http_server",
      "each": "list",
      "provider": "provider.aws",
      "instances": []
    }
  ]
}
